// !$*UTF8*$!
{
	archiveVersion = 1;
	classes = {
	};
	objectVersion = 46;
	objects = {

/* Begin PBXBuildFile section */
		96F040B11C51609900C7E304 /* AppDelegate.swift in Sources */ = {isa = PBXBuildFile; fileRef = 96F040B01C51609900C7E304 /* AppDelegate.swift */; };
		96F040B31C51609900C7E304 /* ViewController.swift in Sources */ = {isa = PBXBuildFile; fileRef = 96F040B21C51609900C7E304 /* ViewController.swift */; };
		96F040B81C51609900C7E304 /* Assets.xcassets in Resources */ = {isa = PBXBuildFile; fileRef = 96F040B71C51609900C7E304 /* Assets.xcassets */; };
		96F040BB1C51609900C7E304 /* LaunchScreen.storyboard in Resources */ = {isa = PBXBuildFile; fileRef = 96F040B91C51609900C7E304 /* LaunchScreen.storyboard */; };
		96F040CA1C517AB400C7E304 /* Apple.png in Resources */ = {isa = PBXBuildFile; fileRef = 96F040C61C517AB400C7E304 /* Apple.png */; };
		96F040CB1C517AB400C7E304 /* Beats.png in Resources */ = {isa = PBXBuildFile; fileRef = 96F040C71C517AB400C7E304 /* Beats.png */; };
		96F040CC1C517AB400C7E304 /* Facebook.png in Resources */ = {isa = PBXBuildFile; fileRef = 96F040C81C517AB400C7E304 /* Facebook.png */; };
		96F040CD1C517AB400C7E304 /* WhatsApp.png in Resources */ = {isa = PBXBuildFile; fileRef = 96F040C91C517AB400C7E304 /* WhatsApp.png */; };
/* End PBXBuildFile section */

/* Begin PBXCopyFilesBuildPhase section */
		96F040C51C5160DE00C7E304 /* Embed Frameworks */ = {
			isa = PBXCopyFilesBuildPhase;
			buildActionMask = 2147483647;
			dstPath = "";
			dstSubfolderSpec = 10;
			files = (
			);
			name = "Embed Frameworks";
			runOnlyForDeploymentPostprocessing = 0;
		};
/* End PBXCopyFilesBuildPhase section */

/* Begin PBXFileReference section */
		96F040AD1C51609900C7E304 /* Action.app */ = {isa = PBXFileReference; explicitFileType = wrapper.application; includeInIndex = 0; path = Action.app; sourceTree = BUILT_PRODUCTS_DIR; };
		96F040B01C51609900C7E304 /* AppDelegate.swift */ = {isa = PBXFileReference; lastKnownFileType = sourcecode.swift; path = AppDelegate.swift; sourceTree = "<group>"; };
		96F040B21C51609900C7E304 /* ViewController.swift */ = {isa = PBXFileReference; lastKnownFileType = sourcecode.swift; path = ViewController.swift; sourceTree = "<group>"; };
		96F040B71C51609900C7E304 /* Assets.xcassets */ = {isa = PBXFileReference; lastKnownFileType = folder.assetcatalog; path = Assets.xcassets; sourceTree = "<group>"; };
		96F040BA1C51609900C7E304 /* Base */ = {isa = PBXFileReference; lastKnownFileType = file.storyboard; name = Base; path = Base.lproj/LaunchScreen.storyboard; sourceTree = "<group>"; };
		96F040BC1C51609900C7E304 /* Info.plist */ = {isa = PBXFileReference; lastKnownFileType = text.plist.xml; path = Info.plist; sourceTree = "<group>"; };
		96F040C61C517AB400C7E304 /* Apple.png */ = {isa = PBXFileReference; lastKnownFileType = image.png; path = Apple.png; sourceTree = "<group>"; };
		96F040C71C517AB400C7E304 /* Beats.png */ = {isa = PBXFileReference; lastKnownFileType = image.png; path = Beats.png; sourceTree = "<group>"; };
		96F040C81C517AB400C7E304 /* Facebook.png */ = {isa = PBXFileReference; lastKnownFileType = image.png; path = Facebook.png; sourceTree = "<group>"; };
		96F040C91C517AB400C7E304 /* WhatsApp.png */ = {isa = PBXFileReference; lastKnownFileType = image.png; path = WhatsApp.png; sourceTree = "<group>"; };
/* End PBXFileReference section */

/* Begin PBXFrameworksBuildPhase section */
		96F040AA1C51609900C7E304 /* Frameworks */ = {
			isa = PBXFrameworksBuildPhase;
			buildActionMask = 2147483647;
			files = (
			);
			runOnlyForDeploymentPostprocessing = 0;
		};
/* End PBXFrameworksBuildPhase section */

/* Begin PBXGroup section */
		96F040A41C51609900C7E304 = {
			isa = PBXGroup;
			children = (
				96F040AF1C51609900C7E304 /* Action */,
				96F040AE1C51609900C7E304 /* Products */,
			);
			sourceTree = "<group>";
		};
		96F040AE1C51609900C7E304 /* Products */ = {
			isa = PBXGroup;
			children = (
				96F040AD1C51609900C7E304 /* Action.app */,
			);
			name = Products;
			sourceTree = "<group>";
		};
		96F040AF1C51609900C7E304 /* Action */ = {
			isa = PBXGroup;
			children = (
				96F040C61C517AB400C7E304 /* Apple.png */,
				96F040C71C517AB400C7E304 /* Beats.png */,
				96F040C81C517AB400C7E304 /* Facebook.png */,
				96F040C91C517AB400C7E304 /* WhatsApp.png */,
				96F040B01C51609900C7E304 /* AppDelegate.swift */,
				96F040B21C51609900C7E304 /* ViewController.swift */,
				96F040B71C51609900C7E304 /* Assets.xcassets */,
				96F040B91C51609900C7E304 /* LaunchScreen.storyboard */,
				96F040BC1C51609900C7E304 /* Info.plist */,
			);
			path = Action;
			sourceTree = "<group>";
		};
/* End PBXGroup section */

/* Begin PBXNativeTarget section */
		96F040AC1C51609900C7E304 /* Action */ = {
			isa = PBXNativeTarget;
			buildConfigurationList = 96F040BF1C51609900C7E304 /* Build configuration list for PBXNativeTarget "Action" */;
			buildPhases = (
				96F040A91C51609900C7E304 /* Sources */,
				96F040AA1C51609900C7E304 /* Frameworks */,
				96F040AB1C51609900C7E304 /* Resources */,
				96F040C51C5160DE00C7E304 /* Embed Frameworks */,
			);
			buildRules = (
			);
			dependencies = (
			);
			name = Action;
			productName = Action;
			productReference = 96F040AD1C51609900C7E304 /* Action.app */;
			productType = "com.apple.product-type.application";
		};
/* End PBXNativeTarget section */

/* Begin PBXProject section */
		96F040A51C51609900C7E304 /* Project object */ = {
			isa = PBXProject;
			attributes = {
				LastSwiftUpdateCheck = 0720;
				LastUpgradeCheck = 0720;
				ORGANIZATIONNAME = "CosmicMind, Inc.";
				TargetAttributes = {
					96F040AC1C51609900C7E304 = {
						CreatedOnToolsVersion = 7.2;
					};
				};
			};
			buildConfigurationList = 96F040A81C51609900C7E304 /* Build configuration list for PBXProject "Action" */;
			compatibilityVersion = "Xcode 3.2";
			developmentRegion = English;
			hasScannedForEncodings = 0;
			knownRegions = (
				en,
				Base,
			);
			mainGroup = 96F040A41C51609900C7E304;
			productRefGroup = 96F040AE1C51609900C7E304 /* Products */;
			projectDirPath = "";
			projectRoot = "";
			targets = (
				96F040AC1C51609900C7E304 /* Action */,
			);
		};
/* End PBXProject section */

/* Begin PBXResourcesBuildPhase section */
		96F040AB1C51609900C7E304 /* Resources */ = {
			isa = PBXResourcesBuildPhase;
			buildActionMask = 2147483647;
			files = (
				96F040CA1C517AB400C7E304 /* Apple.png in Resources */,
				96F040CC1C517AB400C7E304 /* Facebook.png in Resources */,
				96F040BB1C51609900C7E304 /* LaunchScreen.storyboard in Resources */,
				96F040B81C51609900C7E304 /* Assets.xcassets in Resources */,
				96F040CB1C517AB400C7E304 /* Beats.png in Resources */,
				96F040CD1C517AB400C7E304 /* WhatsApp.png in Resources */,
			);
			runOnlyForDeploymentPostprocessing = 0;
		};
/* End PBXResourcesBuildPhase section */

/* Begin PBXSourcesBuildPhase section */
		96F040A91C51609900C7E304 /* Sources */ = {
			isa = PBXSourcesBuildPhase;
			buildActionMask = 2147483647;
			files = (
				96F040B31C51609900C7E304 /* ViewController.swift in Sources */,
				96F040B11C51609900C7E304 /* AppDelegate.swift in Sources */,
			);
			runOnlyForDeploymentPostprocessing = 0;
		};
/* End PBXSourcesBuildPhase section */

/* Begin PBXVariantGroup section */
		96F040B91C51609900C7E304 /* LaunchScreen.storyboard */ = {
			isa = PBXVariantGroup;
			children = (
				96F040BA1C51609900C7E304 /* Base */,
			);
			name = LaunchScreen.storyboard;
			sourceTree = "<group>";
		};
/* End PBXVariantGroup section */

/* Begin XCBuildConfiguration section */
		96F040BD1C51609900C7E304 /* Debug */ = {
			isa = XCBuildConfiguration;
			buildSettings = {
				ALWAYS_SEARCH_USER_PATHS = NO;
				CLANG_CXX_LANGUAGE_STANDARD = "gnu++0x";
				CLANG_CXX_LIBRARY = "libc++";
				CLANG_ENABLE_MODULES = YES;
				CLANG_ENABLE_OBJC_ARC = YES;
				CLANG_WARN_BOOL_CONVERSION = YES;
				CLANG_WARN_CONSTANT_CONVERSION = YES;
				CLANG_WARN_DIRECT_OBJC_ISA_USAGE = YES_ERROR;
				CLANG_WARN_EMPTY_BODY = YES;
				CLANG_WARN_ENUM_CONVERSION = YES;
				CLANG_WARN_INT_CONVERSION = YES;
				CLANG_WARN_OBJC_ROOT_CLASS = YES_ERROR;
				CLANG_WARN_UNREACHABLE_CODE = YES;
				CLANG_WARN__DUPLICATE_METHOD_MATCH = YES;
				"CODE_SIGN_IDENTITY[sdk=iphoneos*]" = "iPhone Developer";
				COPY_PHASE_STRIP = NO;
				DEBUG_INFORMATION_FORMAT = dwarf;
				ENABLE_STRICT_OBJC_MSGSEND = YES;
				ENABLE_TESTABILITY = YES;
				GCC_C_LANGUAGE_STANDARD = gnu99;
				GCC_DYNAMIC_NO_PIC = NO;
				GCC_NO_COMMON_BLOCKS = YES;
				GCC_OPTIMIZATION_LEVEL = 0;
				GCC_PREPROCESSOR_DEFINITIONS = (
					"DEBUG=1",
					"$(inherited)",
				);
				GCC_WARN_64_TO_32_BIT_CONVERSION = YES;
				GCC_WARN_ABOUT_RETURN_TYPE = YES_ERROR;
				GCC_WARN_UNDECLARED_SELECTOR = YES;
				GCC_WARN_UNINITIALIZED_AUTOS = YES_AGGRESSIVE;
				GCC_WARN_UNUSED_FUNCTION = YES;
				GCC_WARN_UNUSED_VARIABLE = YES;
				IPHONEOS_DEPLOYMENT_TARGET = 8.0;
				MTL_ENABLE_DEBUG_INFO = YES;
				ONLY_ACTIVE_ARCH = YES;
				SDKROOT = iphoneos;
				SWIFT_OPTIMIZATION_LEVEL = "-Onone";
				TARGETED_DEVICE_FAMILY = "1,2";
			};
			name = Debug;
		};
		96F040BE1C51609900C7E304 /* Release */ = {
			isa = XCBuildConfiguration;
			buildSettings = {
				ALWAYS_SEARCH_USER_PATHS = NO;
				CLANG_CXX_LANGUAGE_STANDARD = "gnu++0x";
				CLANG_CXX_LIBRARY = "libc++";
				CLANG_ENABLE_MODULES = YES;
				CLANG_ENABLE_OBJC_ARC = YES;
				CLANG_WARN_BOOL_CONVERSION = YES;
				CLANG_WARN_CONSTANT_CONVERSION = YES;
				CLANG_WARN_DIRECT_OBJC_ISA_USAGE = YES_ERROR;
				CLANG_WARN_EMPTY_BODY = YES;
				CLANG_WARN_ENUM_CONVERSION = YES;
				CLANG_WARN_INT_CONVERSION = YES;
				CLANG_WARN_OBJC_ROOT_CLASS = YES_ERROR;
				CLANG_WARN_UNREACHABLE_CODE = YES;
				CLANG_WARN__DUPLICATE_METHOD_MATCH = YES;
				"CODE_SIGN_IDENTITY[sdk=iphoneos*]" = "iPhone Developer";
				COPY_PHASE_STRIP = NO;
				DEBUG_INFORMATION_FORMAT = "dwarf-with-dsym";
				ENABLE_NS_ASSERTIONS = NO;
				ENABLE_STRICT_OBJC_MSGSEND = YES;
				GCC_C_LANGUAGE_STANDARD = gnu99;
				GCC_NO_COMMON_BLOCKS = YES;
				GCC_WARN_64_TO_32_BIT_CONVERSION = YES;
				GCC_WARN_ABOUT_RETURN_TYPE = YES_ERROR;
				GCC_WARN_UNDECLARED_SELECTOR = YES;
				GCC_WARN_UNINITIALIZED_AUTOS = YES_AGGRESSIVE;
				GCC_WARN_UNUSED_FUNCTION = YES;
				GCC_WARN_UNUSED_VARIABLE = YES;
				IPHONEOS_DEPLOYMENT_TARGET = 8.0;
				MTL_ENABLE_DEBUG_INFO = NO;
				SDKROOT = iphoneos;
				TARGETED_DEVICE_FAMILY = "1,2";
				VALIDATE_PRODUCT = YES;
			};
			name = Release;
		};
		96F040C01C51609900C7E304 /* Debug */ = {
			isa = XCBuildConfiguration;
			buildSettings = {
				ASSETCATALOG_COMPILER_APPICON_NAME = AppIcon;
				INFOPLIST_FILE = Action/Info.plist;
				LD_RUNPATH_SEARCH_PATHS = "$(inherited) @executable_path/Frameworks";
				PRODUCT_BUNDLE_IDENTIFIER = io.cosmicmind.Action;
				PRODUCT_NAME = "$(TARGET_NAME)";
			};
			name = Debug;
		};
		96F040C11C51609900C7E304 /* Release */ = {
			isa = XCBuildConfiguration;
			buildSettings = {
				ASSETCATALOG_COMPILER_APPICON_NAME = AppIcon;
				INFOPLIST_FILE = Action/Info.plist;
				LD_RUNPATH_SEARCH_PATHS = "$(inherited) @executable_path/Frameworks";
				PRODUCT_BUNDLE_IDENTIFIER = io.cosmicmind.Action;
				PRODUCT_NAME = "$(TARGET_NAME)";
			};
			name = Release;
		};
/* End XCBuildConfiguration section */

/* Begin XCConfigurationList section */
		96F040A81C51609900C7E304 /* Build configuration list for PBXProject "Action" */ = {
			isa = XCConfigurationList;
			buildConfigurations = (
				96F040BD1C51609900C7E304 /* Debug */,
				96F040BE1C51609900C7E304 /* Release */,
			);
			defaultConfigurationIsVisible = 0;
			defaultConfigurationName = Release;
		};
		96F040BF1C51609900C7E304 /* Build configuration list for PBXNativeTarget "Action" */ = {
			isa = XCConfigurationList;
			buildConfigurations = (
				96F040C01C51609900C7E304 /* Debug */,
				96F040C11C51609900C7E304 /* Release */,
			);
			defaultConfigurationIsVisible = 0;
			defaultConfigurationName = Release;
		};
/* End XCConfigurationList section */
	};
	rootObject = 96F040A51C51609900C7E304 /* Project object */;
}
