// !$*UTF8*$!
{
	archiveVersion = 1;
	classes = {
	};
	objectVersion = 46;
	objects = {

/* Begin PBXBuildFile section */
		6557F6B41BADC14F00CBA9AC /* GraphSearch.swift in Sources */ = {isa = PBXBuildFile; fileRef = 6557F6B31BADC14F00CBA9AC /* GraphSearch.swift */; };
		6557F6B51BADC14F00CBA9AC /* GraphSearch.swift in Sources */ = {isa = PBXBuildFile; fileRef = 6557F6B31BADC14F00CBA9AC /* GraphSearch.swift */; };
		6557F6B61BADC2FA00CBA9AC /* GraphObject.swift in Headers */ = {isa = PBXBuildFile; fileRef = 96E22D531BA8DE590050BB5F /* GraphObject.swift */; settings = {ATTRIBUTES = (Private, ); }; };
		6557F6B71BADC2FA00CBA9AC /* GraphSearch.swift in Headers */ = {isa = PBXBuildFile; fileRef = 6557F6B31BADC14F00CBA9AC /* GraphSearch.swift */; settings = {ATTRIBUTES = (Public, ); }; };
		6557F6B81BADC2FA00CBA9AC /* Node.swift in Headers */ = {isa = PBXBuildFile; fileRef = 657FEDA91BA8F844004D7504 /* Node.swift */; settings = {ATTRIBUTES = (Private, ); }; };
		6557F6B91BADC2FA00CBA9AC /* ManagedNode.swift in Headers */ = {isa = PBXBuildFile; fileRef = 96E22D4A1BA8CC7E0050BB5F /* ManagedNode.swift */; settings = {ATTRIBUTES = (Private, ); }; };
		6557F6BA1BADC2FA00CBA9AC /* ManagedNodeGroup.swift in Headers */ = {isa = PBXBuildFile; fileRef = 96E22D501BA8D2A30050BB5F /* ManagedNodeGroup.swift */; settings = {ATTRIBUTES = (Private, ); }; };
		6557F6BB1BADC2FA00CBA9AC /* ManagedNodeProperty.swift in Headers */ = {isa = PBXBuildFile; fileRef = 96E22D4D1BA8D0650050BB5F /* ManagedNodeProperty.swift */; settings = {ATTRIBUTES = (Private, ); }; };
		6557F6BC1BADC31900CBA9AC /* GraphObject.swift in Headers */ = {isa = PBXBuildFile; fileRef = 96E22D531BA8DE590050BB5F /* GraphObject.swift */; settings = {ATTRIBUTES = (Private, ); }; };
		6557F6BD1BADC31900CBA9AC /* GraphSearch.swift in Headers */ = {isa = PBXBuildFile; fileRef = 6557F6B31BADC14F00CBA9AC /* GraphSearch.swift */; settings = {ATTRIBUTES = (Public, ); }; };
		6557F6BE1BADC31900CBA9AC /* Node.swift in Headers */ = {isa = PBXBuildFile; fileRef = 657FEDA91BA8F844004D7504 /* Node.swift */; settings = {ATTRIBUTES = (Private, ); }; };
		6557F6BF1BADC31900CBA9AC /* ManagedNode.swift in Headers */ = {isa = PBXBuildFile; fileRef = 96E22D4A1BA8CC7E0050BB5F /* ManagedNode.swift */; settings = {ATTRIBUTES = (Private, ); }; };
		6557F6C01BADC31900CBA9AC /* ManagedNodeGroup.swift in Headers */ = {isa = PBXBuildFile; fileRef = 96E22D501BA8D2A30050BB5F /* ManagedNodeGroup.swift */; settings = {ATTRIBUTES = (Private, ); }; };
		6557F6C11BADC31900CBA9AC /* ManagedNodeProperty.swift in Headers */ = {isa = PBXBuildFile; fileRef = 96E22D4D1BA8D0650050BB5F /* ManagedNodeProperty.swift */; settings = {ATTRIBUTES = (Private, ); }; };
		6557F6C31BADD2A700CBA9AC /* GraphWatch.swift in Sources */ = {isa = PBXBuildFile; fileRef = 6557F6C21BADD2A700CBA9AC /* GraphWatch.swift */; };
		6557F6C41BADD2A700CBA9AC /* GraphWatch.swift in Sources */ = {isa = PBXBuildFile; fileRef = 6557F6C21BADD2A700CBA9AC /* GraphWatch.swift */; };
		6557F6C51BADD3C100CBA9AC /* GraphWatch.swift in Headers */ = {isa = PBXBuildFile; fileRef = 6557F6C21BADD2A700CBA9AC /* GraphWatch.swift */; settings = {ATTRIBUTES = (Private, ); }; };
		6557F6C61BADD3CD00CBA9AC /* GraphWatch.swift in Headers */ = {isa = PBXBuildFile; fileRef = 6557F6C21BADD2A700CBA9AC /* GraphWatch.swift */; settings = {ATTRIBUTES = (Private, ); }; };
		657FEDAA1BA8F844004D7504 /* Node.swift in Sources */ = {isa = PBXBuildFile; fileRef = 657FEDA91BA8F844004D7504 /* Node.swift */; };
		657FEDAB1BA8F844004D7504 /* Node.swift in Sources */ = {isa = PBXBuildFile; fileRef = 657FEDA91BA8F844004D7504 /* Node.swift */; };
		9606E1C61BDEA0460013EA82 /* GraphKit.h in Headers */ = {isa = PBXBuildFile; fileRef = 9606E1C51BDEA0460013EA82 /* GraphKit.h */; settings = {ATTRIBUTES = (Public, ); }; };
		9606E1C71BDEA0460013EA82 /* GraphKit.h in Headers */ = {isa = PBXBuildFile; fileRef = 9606E1C51BDEA0460013EA82 /* GraphKit.h */; settings = {ATTRIBUTES = (Public, ); }; };
		9677B4431BA78A9200C82BBB /* GraphKit.framework in Frameworks */ = {isa = PBXBuildFile; fileRef = 9677B4391BA78A9200C82BBB /* GraphKit.framework */; };
		9677B45F1BA78AA600C82BBB /* GraphKit.framework in Frameworks */ = {isa = PBXBuildFile; fileRef = 9677B4551BA78AA600C82BBB /* GraphKit.framework */; };
		9677B46C1BA78B6200C82BBB /* Probability.swift in Headers */ = {isa = PBXBuildFile; fileRef = 96D4E5081BA76FC400672E38 /* Probability.swift */; settings = {ATTRIBUTES = (Public, ); }; };
		9677B46D1BA78B6200C82BBB /* Reachability.swift in Headers */ = {isa = PBXBuildFile; fileRef = 96D4E50A1BA76FC400672E38 /* Reachability.swift */; settings = {ATTRIBUTES = (Public, ); }; };
		9677B46E1BA78B6200C82BBB /* Session.swift in Headers */ = {isa = PBXBuildFile; fileRef = 96D4E50D1BA76FC400672E38 /* Session.swift */; settings = {ATTRIBUTES = (Public, ); }; };
		9677B46F1BA78B6200C82BBB /* JSON.swift in Headers */ = {isa = PBXBuildFile; fileRef = 96D4E4FD1BA76FC400672E38 /* JSON.swift */; settings = {ATTRIBUTES = (Public, ); }; };
		9677B4701BA78B6200C82BBB /* RedBlackTree.swift in Headers */ = {isa = PBXBuildFile; fileRef = 96D4E50C1BA76FC400672E38 /* RedBlackTree.swift */; settings = {ATTRIBUTES = (Public, ); }; };
		9677B4711BA78B6200C82BBB /* RedBlackNode.swift in Headers */ = {isa = PBXBuildFile; fileRef = 96D4E50B1BA76FC400672E38 /* RedBlackNode.swift */; settings = {ATTRIBUTES = (Public, ); }; };
		9677B4721BA78B6200C82BBB /* SortedSet.swift in Headers */ = {isa = PBXBuildFile; fileRef = 96D4E5071BA76FC400672E38 /* SortedSet.swift */; settings = {ATTRIBUTES = (Public, ); }; };
		9677B4731BA78B6200C82BBB /* SortedMultiSet.swift in Headers */ = {isa = PBXBuildFile; fileRef = 96D4E5061BA76FC400672E38 /* SortedMultiSet.swift */; settings = {ATTRIBUTES = (Public, ); }; };
		9677B4741BA78B6200C82BBB /* SortedDictionary.swift in Headers */ = {isa = PBXBuildFile; fileRef = 96D4E5041BA76FC400672E38 /* SortedDictionary.swift */; settings = {ATTRIBUTES = (Public, ); }; };
		9677B4751BA78B6200C82BBB /* SortedMultiDictionary.swift in Headers */ = {isa = PBXBuildFile; fileRef = 96D4E5051BA76FC400672E38 /* SortedMultiDictionary.swift */; settings = {ATTRIBUTES = (Public, ); }; };
		9677B4761BA78B6200C82BBB /* Sort.swift in Headers */ = {isa = PBXBuildFile; fileRef = 96D4E50E1BA76FC400672E38 /* Sort.swift */; settings = {ATTRIBUTES = (Public, ); }; };
		9677B4771BA78B6200C82BBB /* InsertionSort.swift in Headers */ = {isa = PBXBuildFile; fileRef = 96D4E4FC1BA76FC400672E38 /* InsertionSort.swift */; settings = {ATTRIBUTES = (Public, ); }; };
		9677B4781BA78B6200C82BBB /* List.swift in Headers */ = {isa = PBXBuildFile; fileRef = 96D4E4FF1BA76FC400672E38 /* List.swift */; settings = {ATTRIBUTES = (Public, ); }; };
		9677B4791BA78B6200C82BBB /* ListNode.swift in Headers */ = {isa = PBXBuildFile; fileRef = 96D4E5001BA76FC400672E38 /* ListNode.swift */; settings = {ATTRIBUTES = (Public, ); }; };
		9677B47A1BA78B6200C82BBB /* Stack.swift in Headers */ = {isa = PBXBuildFile; fileRef = 96D4E50F1BA76FC400672E38 /* Stack.swift */; settings = {ATTRIBUTES = (Public, ); }; };
		9677B47B1BA78B6200C82BBB /* Queue.swift in Headers */ = {isa = PBXBuildFile; fileRef = 96D4E5091BA76FC400672E38 /* Queue.swift */; settings = {ATTRIBUTES = (Public, ); }; };
		9677B47C1BA78B6200C82BBB /* Deque.swift in Headers */ = {isa = PBXBuildFile; fileRef = 96D4E4F71BA76FC400672E38 /* Deque.swift */; settings = {ATTRIBUTES = (Public, ); }; };
		9677B47D1BA78B6200C82BBB /* Graph.swift in Headers */ = {isa = PBXBuildFile; fileRef = 96D4E4FB1BA76FC400672E38 /* Graph.swift */; settings = {ATTRIBUTES = (Public, ); }; };
		9677B47E1BA78B6200C82BBB /* Entity.swift in Headers */ = {isa = PBXBuildFile; fileRef = 96D4E4F81BA76FC400672E38 /* Entity.swift */; settings = {ATTRIBUTES = (Public, ); }; };
		9677B47F1BA78B6200C82BBB /* Action.swift in Headers */ = {isa = PBXBuildFile; fileRef = 96D4E4F11BA76FC400672E38 /* Action.swift */; settings = {ATTRIBUTES = (Public, ); }; };
		9677B4801BA78B6200C82BBB /* Bond.swift in Headers */ = {isa = PBXBuildFile; fileRef = 96D4E4F41BA76FC400672E38 /* Bond.swift */; settings = {ATTRIBUTES = (Public, ); }; };
		9677B4811BA78B6200C82BBB /* ManagedEntity.swift in Headers */ = {isa = PBXBuildFile; fileRef = 96D4E5031BA76FC400672E38 /* ManagedEntity.swift */; settings = {ATTRIBUTES = (Private, ); }; };
		9677B4821BA78B6200C82BBB /* ManagedEntityGroup.swift in Headers */ = {isa = PBXBuildFile; fileRef = 96D4E4F91BA76FC400672E38 /* ManagedEntityGroup.swift */; settings = {ATTRIBUTES = (Private, ); }; };
		9677B4831BA78B6200C82BBB /* ManagedEntityProperty.swift in Headers */ = {isa = PBXBuildFile; fileRef = 96D4E4FA1BA76FC400672E38 /* ManagedEntityProperty.swift */; settings = {ATTRIBUTES = (Private, ); }; };
		9677B4841BA78B6200C82BBB /* ManagedAction.swift in Headers */ = {isa = PBXBuildFile; fileRef = 96D4E5011BA76FC400672E38 /* ManagedAction.swift */; settings = {ATTRIBUTES = (Private, ); }; };
		9677B4851BA78B6200C82BBB /* ManagedActionGroup.swift in Headers */ = {isa = PBXBuildFile; fileRef = 96D4E4F21BA76FC400672E38 /* ManagedActionGroup.swift */; settings = {ATTRIBUTES = (Private, ); }; };
		9677B4861BA78B6200C82BBB /* ManagedActionProperty.swift in Headers */ = {isa = PBXBuildFile; fileRef = 96D4E4F31BA76FC400672E38 /* ManagedActionProperty.swift */; settings = {ATTRIBUTES = (Private, ); }; };
		9677B4871BA78B6200C82BBB /* ManagedBond.swift in Headers */ = {isa = PBXBuildFile; fileRef = 96D4E5021BA76FC400672E38 /* ManagedBond.swift */; settings = {ATTRIBUTES = (Private, ); }; };
		9677B4881BA78B6200C82BBB /* ManagedBondGroup.swift in Headers */ = {isa = PBXBuildFile; fileRef = 96D4E4F51BA76FC400672E38 /* ManagedBondGroup.swift */; settings = {ATTRIBUTES = (Private, ); }; };
		9677B4891BA78B6200C82BBB /* ManagedBondProperty.swift in Headers */ = {isa = PBXBuildFile; fileRef = 96D4E4F61BA76FC400672E38 /* ManagedBondProperty.swift */; settings = {ATTRIBUTES = (Private, ); }; };
		9677B48B1BA78BB000C82BBB /* Probability.swift in Headers */ = {isa = PBXBuildFile; fileRef = 96D4E5081BA76FC400672E38 /* Probability.swift */; settings = {ATTRIBUTES = (Public, ); }; };
		9677B48C1BA78BB000C82BBB /* Reachability.swift in Headers */ = {isa = PBXBuildFile; fileRef = 96D4E50A1BA76FC400672E38 /* Reachability.swift */; settings = {ATTRIBUTES = (Public, ); }; };
		9677B48D1BA78BB000C82BBB /* Session.swift in Headers */ = {isa = PBXBuildFile; fileRef = 96D4E50D1BA76FC400672E38 /* Session.swift */; settings = {ATTRIBUTES = (Public, ); }; };
		9677B48E1BA78BB000C82BBB /* JSON.swift in Headers */ = {isa = PBXBuildFile; fileRef = 96D4E4FD1BA76FC400672E38 /* JSON.swift */; settings = {ATTRIBUTES = (Public, ); }; };
		9677B48F1BA78BB000C82BBB /* RedBlackTree.swift in Headers */ = {isa = PBXBuildFile; fileRef = 96D4E50C1BA76FC400672E38 /* RedBlackTree.swift */; settings = {ATTRIBUTES = (Public, ); }; };
		9677B4901BA78BB000C82BBB /* RedBlackNode.swift in Headers */ = {isa = PBXBuildFile; fileRef = 96D4E50B1BA76FC400672E38 /* RedBlackNode.swift */; settings = {ATTRIBUTES = (Public, ); }; };
		9677B4911BA78BB000C82BBB /* SortedSet.swift in Headers */ = {isa = PBXBuildFile; fileRef = 96D4E5071BA76FC400672E38 /* SortedSet.swift */; settings = {ATTRIBUTES = (Public, ); }; };
		9677B4921BA78BB000C82BBB /* SortedMultiSet.swift in Headers */ = {isa = PBXBuildFile; fileRef = 96D4E5061BA76FC400672E38 /* SortedMultiSet.swift */; settings = {ATTRIBUTES = (Public, ); }; };
		9677B4931BA78BB000C82BBB /* SortedDictionary.swift in Headers */ = {isa = PBXBuildFile; fileRef = 96D4E5041BA76FC400672E38 /* SortedDictionary.swift */; settings = {ATTRIBUTES = (Public, ); }; };
		9677B4941BA78BB000C82BBB /* SortedMultiDictionary.swift in Headers */ = {isa = PBXBuildFile; fileRef = 96D4E5051BA76FC400672E38 /* SortedMultiDictionary.swift */; settings = {ATTRIBUTES = (Public, ); }; };
		9677B4951BA78BB000C82BBB /* Sort.swift in Headers */ = {isa = PBXBuildFile; fileRef = 96D4E50E1BA76FC400672E38 /* Sort.swift */; settings = {ATTRIBUTES = (Public, ); }; };
		9677B4961BA78BB000C82BBB /* InsertionSort.swift in Headers */ = {isa = PBXBuildFile; fileRef = 96D4E4FC1BA76FC400672E38 /* InsertionSort.swift */; settings = {ATTRIBUTES = (Public, ); }; };
		9677B4971BA78BB000C82BBB /* List.swift in Headers */ = {isa = PBXBuildFile; fileRef = 96D4E4FF1BA76FC400672E38 /* List.swift */; settings = {ATTRIBUTES = (Public, ); }; };
		9677B4981BA78BB000C82BBB /* ListNode.swift in Headers */ = {isa = PBXBuildFile; fileRef = 96D4E5001BA76FC400672E38 /* ListNode.swift */; settings = {ATTRIBUTES = (Public, ); }; };
		9677B4991BA78BB000C82BBB /* Stack.swift in Headers */ = {isa = PBXBuildFile; fileRef = 96D4E50F1BA76FC400672E38 /* Stack.swift */; settings = {ATTRIBUTES = (Public, ); }; };
		9677B49A1BA78BB000C82BBB /* Queue.swift in Headers */ = {isa = PBXBuildFile; fileRef = 96D4E5091BA76FC400672E38 /* Queue.swift */; settings = {ATTRIBUTES = (Public, ); }; };
		9677B49B1BA78BB000C82BBB /* Deque.swift in Headers */ = {isa = PBXBuildFile; fileRef = 96D4E4F71BA76FC400672E38 /* Deque.swift */; settings = {ATTRIBUTES = (Public, ); }; };
		9677B49C1BA78BB000C82BBB /* Graph.swift in Headers */ = {isa = PBXBuildFile; fileRef = 96D4E4FB1BA76FC400672E38 /* Graph.swift */; settings = {ATTRIBUTES = (Public, ); }; };
		9677B49D1BA78BB000C82BBB /* Entity.swift in Headers */ = {isa = PBXBuildFile; fileRef = 96D4E4F81BA76FC400672E38 /* Entity.swift */; settings = {ATTRIBUTES = (Public, ); }; };
		9677B49E1BA78BB000C82BBB /* Action.swift in Headers */ = {isa = PBXBuildFile; fileRef = 96D4E4F11BA76FC400672E38 /* Action.swift */; settings = {ATTRIBUTES = (Public, ); }; };
		9677B49F1BA78BB000C82BBB /* Bond.swift in Headers */ = {isa = PBXBuildFile; fileRef = 96D4E4F41BA76FC400672E38 /* Bond.swift */; settings = {ATTRIBUTES = (Public, ); }; };
		9677B4A01BA78BB000C82BBB /* ManagedEntity.swift in Headers */ = {isa = PBXBuildFile; fileRef = 96D4E5031BA76FC400672E38 /* ManagedEntity.swift */; settings = {ATTRIBUTES = (Private, ); }; };
		9677B4A11BA78BB000C82BBB /* ManagedEntityGroup.swift in Headers */ = {isa = PBXBuildFile; fileRef = 96D4E4F91BA76FC400672E38 /* ManagedEntityGroup.swift */; settings = {ATTRIBUTES = (Private, ); }; };
		9677B4A21BA78BB000C82BBB /* ManagedEntityProperty.swift in Headers */ = {isa = PBXBuildFile; fileRef = 96D4E4FA1BA76FC400672E38 /* ManagedEntityProperty.swift */; settings = {ATTRIBUTES = (Private, ); }; };
		9677B4A31BA78BB000C82BBB /* ManagedAction.swift in Headers */ = {isa = PBXBuildFile; fileRef = 96D4E5011BA76FC400672E38 /* ManagedAction.swift */; settings = {ATTRIBUTES = (Private, ); }; };
		9677B4A41BA78BB000C82BBB /* ManagedActionGroup.swift in Headers */ = {isa = PBXBuildFile; fileRef = 96D4E4F21BA76FC400672E38 /* ManagedActionGroup.swift */; settings = {ATTRIBUTES = (Private, ); }; };
		9677B4A51BA78BB000C82BBB /* ManagedActionProperty.swift in Headers */ = {isa = PBXBuildFile; fileRef = 96D4E4F31BA76FC400672E38 /* ManagedActionProperty.swift */; settings = {ATTRIBUTES = (Private, ); }; };
		9677B4A61BA78BB000C82BBB /* ManagedBond.swift in Headers */ = {isa = PBXBuildFile; fileRef = 96D4E5021BA76FC400672E38 /* ManagedBond.swift */; settings = {ATTRIBUTES = (Private, ); }; };
		9677B4A71BA78BB000C82BBB /* ManagedBondGroup.swift in Headers */ = {isa = PBXBuildFile; fileRef = 96D4E4F51BA76FC400672E38 /* ManagedBondGroup.swift */; settings = {ATTRIBUTES = (Private, ); }; };
		9677B4A81BA78BB000C82BBB /* ManagedBondProperty.swift in Headers */ = {isa = PBXBuildFile; fileRef = 96D4E4F61BA76FC400672E38 /* ManagedBondProperty.swift */; settings = {ATTRIBUTES = (Private, ); }; };
		9677B4AA1BA78C3C00C82BBB /* ActionSearchTests.swift in Sources */ = {isa = PBXBuildFile; fileRef = 96D4E52F1BA76FD900672E38 /* ActionSearchTests.swift */; };
		9677B4AB1BA78C3C00C82BBB /* ActionStressTests.swift in Sources */ = {isa = PBXBuildFile; fileRef = 96D4E5301BA76FD900672E38 /* ActionStressTests.swift */; };
		9677B4AC1BA78C3C00C82BBB /* ActionTests.swift in Sources */ = {isa = PBXBuildFile; fileRef = 96D4E5311BA76FD900672E38 /* ActionTests.swift */; };
		9677B4AD1BA78C3C00C82BBB /* BondSearchTests.swift in Sources */ = {isa = PBXBuildFile; fileRef = 96D4E5321BA76FD900672E38 /* BondSearchTests.swift */; };
		9677B4AE1BA78C3C00C82BBB /* BondStressTests.swift in Sources */ = {isa = PBXBuildFile; fileRef = 96D4E5331BA76FD900672E38 /* BondStressTests.swift */; };
		9677B4AF1BA78C3C00C82BBB /* BondTests.swift in Sources */ = {isa = PBXBuildFile; fileRef = 96D4E5341BA76FD900672E38 /* BondTests.swift */; };
		9677B4B01BA78C3C00C82BBB /* DequeTests.swift in Sources */ = {isa = PBXBuildFile; fileRef = 96D4E5351BA76FD900672E38 /* DequeTests.swift */; };
		9677B4B11BA78C3C00C82BBB /* EntitySearchTests.swift in Sources */ = {isa = PBXBuildFile; fileRef = 96D4E5361BA76FD900672E38 /* EntitySearchTests.swift */; };
		9677B4B21BA78C3C00C82BBB /* EntityStressTests.swift in Sources */ = {isa = PBXBuildFile; fileRef = 96D4E5371BA76FD900672E38 /* EntityStressTests.swift */; };
		9677B4B31BA78C3C00C82BBB /* EntityTests.swift in Sources */ = {isa = PBXBuildFile; fileRef = 96D4E5381BA76FD900672E38 /* EntityTests.swift */; };
		9677B4B41BA78C3C00C82BBB /* GroupTests.swift in Sources */ = {isa = PBXBuildFile; fileRef = 96D4E5391BA76FD900672E38 /* GroupTests.swift */; };
		9677B4B51BA78C3C00C82BBB /* InsertionSortTests.swift in Sources */ = {isa = PBXBuildFile; fileRef = 96D4E53A1BA76FD900672E38 /* InsertionSortTests.swift */; };
		9677B4B61BA78C3C00C82BBB /* JSONTests.swift in Sources */ = {isa = PBXBuildFile; fileRef = 96D4E53B1BA76FD900672E38 /* JSONTests.swift */; };
		9677B4B71BA78C3C00C82BBB /* ListTests.swift in Sources */ = {isa = PBXBuildFile; fileRef = 96D4E53C1BA76FD900672E38 /* ListTests.swift */; };
		9677B4B81BA78C3C00C82BBB /* SortedDictionaryTests.swift in Sources */ = {isa = PBXBuildFile; fileRef = 96D4E53D1BA76FD900672E38 /* SortedDictionaryTests.swift */; };
		9677B4B91BA78C3C00C82BBB /* SortedMultiDictionaryTests.swift in Sources */ = {isa = PBXBuildFile; fileRef = 96D4E53E1BA76FD900672E38 /* SortedMultiDictionaryTests.swift */; };
		9677B4BA1BA78C3C00C82BBB /* SortedMultiSetTests.swift in Sources */ = {isa = PBXBuildFile; fileRef = 96D4E53F1BA76FD900672E38 /* SortedMultiSetTests.swift */; };
		9677B4BB1BA78C3C00C82BBB /* SortedSetTest.swift in Sources */ = {isa = PBXBuildFile; fileRef = 96D4E5401BA76FD900672E38 /* SortedSetTest.swift */; };
		9677B4BC1BA78C3C00C82BBB /* ProbabilityTests.swift in Sources */ = {isa = PBXBuildFile; fileRef = 96D4E5411BA76FD900672E38 /* ProbabilityTests.swift */; };
		9677B4BD1BA78C3C00C82BBB /* QueueTests.swift in Sources */ = {isa = PBXBuildFile; fileRef = 96D4E5421BA76FD900672E38 /* QueueTests.swift */; };
		9677B4BE1BA78C3C00C82BBB /* ReachabilityTests.swift in Sources */ = {isa = PBXBuildFile; fileRef = 96D4E5431BA76FD900672E38 /* ReachabilityTests.swift */; };
		9677B4BF1BA78C3C00C82BBB /* RedBlackTreeTests.swift in Sources */ = {isa = PBXBuildFile; fileRef = 96D4E5441BA76FD900672E38 /* RedBlackTreeTests.swift */; };
		9677B4C01BA78C3C00C82BBB /* SessionTests.swift in Sources */ = {isa = PBXBuildFile; fileRef = 96D4E5451BA76FD900672E38 /* SessionTests.swift */; };
		9677B4C11BA78C3C00C82BBB /* StackTests.swift in Sources */ = {isa = PBXBuildFile; fileRef = 96D4E5461BA76FD900672E38 /* StackTests.swift */; };
		9677B4C21BA78C3C00C82BBB /* GraphKitTests.swift in Sources */ = {isa = PBXBuildFile; fileRef = 96D4E5471BA76FD900672E38 /* GraphKitTests.swift */; };
		9677B4C41BA78C3D00C82BBB /* ActionSearchTests.swift in Sources */ = {isa = PBXBuildFile; fileRef = 96D4E52F1BA76FD900672E38 /* ActionSearchTests.swift */; };
		9677B4C51BA78C3D00C82BBB /* ActionStressTests.swift in Sources */ = {isa = PBXBuildFile; fileRef = 96D4E5301BA76FD900672E38 /* ActionStressTests.swift */; };
		9677B4C61BA78C3D00C82BBB /* ActionTests.swift in Sources */ = {isa = PBXBuildFile; fileRef = 96D4E5311BA76FD900672E38 /* ActionTests.swift */; };
		9677B4C71BA78C3D00C82BBB /* BondSearchTests.swift in Sources */ = {isa = PBXBuildFile; fileRef = 96D4E5321BA76FD900672E38 /* BondSearchTests.swift */; };
		9677B4C81BA78C3D00C82BBB /* BondStressTests.swift in Sources */ = {isa = PBXBuildFile; fileRef = 96D4E5331BA76FD900672E38 /* BondStressTests.swift */; };
		9677B4C91BA78C3D00C82BBB /* BondTests.swift in Sources */ = {isa = PBXBuildFile; fileRef = 96D4E5341BA76FD900672E38 /* BondTests.swift */; };
		9677B4CA1BA78C3D00C82BBB /* DequeTests.swift in Sources */ = {isa = PBXBuildFile; fileRef = 96D4E5351BA76FD900672E38 /* DequeTests.swift */; };
		9677B4CB1BA78C3D00C82BBB /* EntitySearchTests.swift in Sources */ = {isa = PBXBuildFile; fileRef = 96D4E5361BA76FD900672E38 /* EntitySearchTests.swift */; };
		9677B4CC1BA78C3D00C82BBB /* EntityStressTests.swift in Sources */ = {isa = PBXBuildFile; fileRef = 96D4E5371BA76FD900672E38 /* EntityStressTests.swift */; };
		9677B4CD1BA78C3D00C82BBB /* EntityTests.swift in Sources */ = {isa = PBXBuildFile; fileRef = 96D4E5381BA76FD900672E38 /* EntityTests.swift */; };
		9677B4CE1BA78C3D00C82BBB /* GroupTests.swift in Sources */ = {isa = PBXBuildFile; fileRef = 96D4E5391BA76FD900672E38 /* GroupTests.swift */; };
		9677B4CF1BA78C3D00C82BBB /* InsertionSortTests.swift in Sources */ = {isa = PBXBuildFile; fileRef = 96D4E53A1BA76FD900672E38 /* InsertionSortTests.swift */; };
		9677B4D01BA78C3D00C82BBB /* JSONTests.swift in Sources */ = {isa = PBXBuildFile; fileRef = 96D4E53B1BA76FD900672E38 /* JSONTests.swift */; };
		9677B4D11BA78C3D00C82BBB /* ListTests.swift in Sources */ = {isa = PBXBuildFile; fileRef = 96D4E53C1BA76FD900672E38 /* ListTests.swift */; };
		9677B4D21BA78C3D00C82BBB /* SortedDictionaryTests.swift in Sources */ = {isa = PBXBuildFile; fileRef = 96D4E53D1BA76FD900672E38 /* SortedDictionaryTests.swift */; };
		9677B4D31BA78C3D00C82BBB /* SortedMultiDictionaryTests.swift in Sources */ = {isa = PBXBuildFile; fileRef = 96D4E53E1BA76FD900672E38 /* SortedMultiDictionaryTests.swift */; };
		9677B4D41BA78C3D00C82BBB /* SortedMultiSetTests.swift in Sources */ = {isa = PBXBuildFile; fileRef = 96D4E53F1BA76FD900672E38 /* SortedMultiSetTests.swift */; };
		9677B4D51BA78C3D00C82BBB /* SortedSetTest.swift in Sources */ = {isa = PBXBuildFile; fileRef = 96D4E5401BA76FD900672E38 /* SortedSetTest.swift */; };
		9677B4D61BA78C3D00C82BBB /* ProbabilityTests.swift in Sources */ = {isa = PBXBuildFile; fileRef = 96D4E5411BA76FD900672E38 /* ProbabilityTests.swift */; };
		9677B4D71BA78C3D00C82BBB /* QueueTests.swift in Sources */ = {isa = PBXBuildFile; fileRef = 96D4E5421BA76FD900672E38 /* QueueTests.swift */; };
		9677B4D81BA78C3D00C82BBB /* ReachabilityTests.swift in Sources */ = {isa = PBXBuildFile; fileRef = 96D4E5431BA76FD900672E38 /* ReachabilityTests.swift */; };
		9677B4D91BA78C3D00C82BBB /* RedBlackTreeTests.swift in Sources */ = {isa = PBXBuildFile; fileRef = 96D4E5441BA76FD900672E38 /* RedBlackTreeTests.swift */; };
		9677B4DA1BA78C3D00C82BBB /* SessionTests.swift in Sources */ = {isa = PBXBuildFile; fileRef = 96D4E5451BA76FD900672E38 /* SessionTests.swift */; };
		9677B4DB1BA78C3D00C82BBB /* StackTests.swift in Sources */ = {isa = PBXBuildFile; fileRef = 96D4E5461BA76FD900672E38 /* StackTests.swift */; };
		9677B4DC1BA78C3D00C82BBB /* GraphKitTests.swift in Sources */ = {isa = PBXBuildFile; fileRef = 96D4E5471BA76FD900672E38 /* GraphKitTests.swift */; };
		9677B4E11BA78DEF00C82BBB /* Probability.swift in Sources */ = {isa = PBXBuildFile; fileRef = 96D4E5081BA76FC400672E38 /* Probability.swift */; };
		9677B4E21BA78DEF00C82BBB /* Reachability.swift in Sources */ = {isa = PBXBuildFile; fileRef = 96D4E50A1BA76FC400672E38 /* Reachability.swift */; };
		9677B4E31BA78DEF00C82BBB /* Session.swift in Sources */ = {isa = PBXBuildFile; fileRef = 96D4E50D1BA76FC400672E38 /* Session.swift */; };
		9677B4E41BA78DEF00C82BBB /* JSON.swift in Sources */ = {isa = PBXBuildFile; fileRef = 96D4E4FD1BA76FC400672E38 /* JSON.swift */; };
		9677B4E51BA78DEF00C82BBB /* RedBlackTree.swift in Sources */ = {isa = PBXBuildFile; fileRef = 96D4E50C1BA76FC400672E38 /* RedBlackTree.swift */; };
		9677B4E61BA78DEF00C82BBB /* RedBlackNode.swift in Sources */ = {isa = PBXBuildFile; fileRef = 96D4E50B1BA76FC400672E38 /* RedBlackNode.swift */; };
		9677B4E71BA78DEF00C82BBB /* SortedSet.swift in Sources */ = {isa = PBXBuildFile; fileRef = 96D4E5071BA76FC400672E38 /* SortedSet.swift */; };
		9677B4E81BA78DEF00C82BBB /* SortedMultiSet.swift in Sources */ = {isa = PBXBuildFile; fileRef = 96D4E5061BA76FC400672E38 /* SortedMultiSet.swift */; };
		9677B4E91BA78DEF00C82BBB /* SortedDictionary.swift in Sources */ = {isa = PBXBuildFile; fileRef = 96D4E5041BA76FC400672E38 /* SortedDictionary.swift */; };
		9677B4EA1BA78DEF00C82BBB /* SortedMultiDictionary.swift in Sources */ = {isa = PBXBuildFile; fileRef = 96D4E5051BA76FC400672E38 /* SortedMultiDictionary.swift */; };
		9677B4EB1BA78DEF00C82BBB /* Sort.swift in Sources */ = {isa = PBXBuildFile; fileRef = 96D4E50E1BA76FC400672E38 /* Sort.swift */; };
		9677B4EC1BA78DEF00C82BBB /* InsertionSort.swift in Sources */ = {isa = PBXBuildFile; fileRef = 96D4E4FC1BA76FC400672E38 /* InsertionSort.swift */; };
		9677B4ED1BA78DEF00C82BBB /* List.swift in Sources */ = {isa = PBXBuildFile; fileRef = 96D4E4FF1BA76FC400672E38 /* List.swift */; };
		9677B4EE1BA78DEF00C82BBB /* ListNode.swift in Sources */ = {isa = PBXBuildFile; fileRef = 96D4E5001BA76FC400672E38 /* ListNode.swift */; };
		9677B4EF1BA78DEF00C82BBB /* Stack.swift in Sources */ = {isa = PBXBuildFile; fileRef = 96D4E50F1BA76FC400672E38 /* Stack.swift */; };
		9677B4F01BA78DEF00C82BBB /* Queue.swift in Sources */ = {isa = PBXBuildFile; fileRef = 96D4E5091BA76FC400672E38 /* Queue.swift */; };
		9677B4F11BA78DEF00C82BBB /* Deque.swift in Sources */ = {isa = PBXBuildFile; fileRef = 96D4E4F71BA76FC400672E38 /* Deque.swift */; };
		9677B4F21BA78DEF00C82BBB /* Graph.swift in Sources */ = {isa = PBXBuildFile; fileRef = 96D4E4FB1BA76FC400672E38 /* Graph.swift */; };
		9677B4F31BA78DEF00C82BBB /* Entity.swift in Sources */ = {isa = PBXBuildFile; fileRef = 96D4E4F81BA76FC400672E38 /* Entity.swift */; };
		9677B4F41BA78DEF00C82BBB /* Action.swift in Sources */ = {isa = PBXBuildFile; fileRef = 96D4E4F11BA76FC400672E38 /* Action.swift */; };
		9677B4F51BA78DEF00C82BBB /* Bond.swift in Sources */ = {isa = PBXBuildFile; fileRef = 96D4E4F41BA76FC400672E38 /* Bond.swift */; };
		9677B4F61BA78DEF00C82BBB /* ManagedEntity.swift in Sources */ = {isa = PBXBuildFile; fileRef = 96D4E5031BA76FC400672E38 /* ManagedEntity.swift */; };
		9677B4F71BA78DEF00C82BBB /* ManagedEntityGroup.swift in Sources */ = {isa = PBXBuildFile; fileRef = 96D4E4F91BA76FC400672E38 /* ManagedEntityGroup.swift */; };
		9677B4F81BA78DEF00C82BBB /* ManagedEntityProperty.swift in Sources */ = {isa = PBXBuildFile; fileRef = 96D4E4FA1BA76FC400672E38 /* ManagedEntityProperty.swift */; };
		9677B4F91BA78DEF00C82BBB /* ManagedAction.swift in Sources */ = {isa = PBXBuildFile; fileRef = 96D4E5011BA76FC400672E38 /* ManagedAction.swift */; };
		9677B4FA1BA78DEF00C82BBB /* ManagedActionGroup.swift in Sources */ = {isa = PBXBuildFile; fileRef = 96D4E4F21BA76FC400672E38 /* ManagedActionGroup.swift */; };
		9677B4FB1BA78DEF00C82BBB /* ManagedActionProperty.swift in Sources */ = {isa = PBXBuildFile; fileRef = 96D4E4F31BA76FC400672E38 /* ManagedActionProperty.swift */; };
		9677B4FC1BA78DEF00C82BBB /* ManagedBond.swift in Sources */ = {isa = PBXBuildFile; fileRef = 96D4E5021BA76FC400672E38 /* ManagedBond.swift */; };
		9677B4FD1BA78DEF00C82BBB /* ManagedBondGroup.swift in Sources */ = {isa = PBXBuildFile; fileRef = 96D4E4F51BA76FC400672E38 /* ManagedBondGroup.swift */; };
		9677B4FE1BA78DEF00C82BBB /* ManagedBondProperty.swift in Sources */ = {isa = PBXBuildFile; fileRef = 96D4E4F61BA76FC400672E38 /* ManagedBondProperty.swift */; };
		9677B4FF1BA78E1500C82BBB /* Probability.swift in Sources */ = {isa = PBXBuildFile; fileRef = 96D4E5081BA76FC400672E38 /* Probability.swift */; };
		9677B5001BA78E1500C82BBB /* Reachability.swift in Sources */ = {isa = PBXBuildFile; fileRef = 96D4E50A1BA76FC400672E38 /* Reachability.swift */; };
		9677B5011BA78E1500C82BBB /* Session.swift in Sources */ = {isa = PBXBuildFile; fileRef = 96D4E50D1BA76FC400672E38 /* Session.swift */; };
		9677B5021BA78E1500C82BBB /* JSON.swift in Sources */ = {isa = PBXBuildFile; fileRef = 96D4E4FD1BA76FC400672E38 /* JSON.swift */; };
		9677B5031BA78E1500C82BBB /* RedBlackTree.swift in Sources */ = {isa = PBXBuildFile; fileRef = 96D4E50C1BA76FC400672E38 /* RedBlackTree.swift */; };
		9677B5041BA78E1500C82BBB /* RedBlackNode.swift in Sources */ = {isa = PBXBuildFile; fileRef = 96D4E50B1BA76FC400672E38 /* RedBlackNode.swift */; };
		9677B5051BA78E1500C82BBB /* SortedSet.swift in Sources */ = {isa = PBXBuildFile; fileRef = 96D4E5071BA76FC400672E38 /* SortedSet.swift */; };
		9677B5061BA78E1500C82BBB /* SortedMultiSet.swift in Sources */ = {isa = PBXBuildFile; fileRef = 96D4E5061BA76FC400672E38 /* SortedMultiSet.swift */; };
		9677B5071BA78E1500C82BBB /* SortedDictionary.swift in Sources */ = {isa = PBXBuildFile; fileRef = 96D4E5041BA76FC400672E38 /* SortedDictionary.swift */; };
		9677B5081BA78E1500C82BBB /* SortedMultiDictionary.swift in Sources */ = {isa = PBXBuildFile; fileRef = 96D4E5051BA76FC400672E38 /* SortedMultiDictionary.swift */; };
		9677B5091BA78E1500C82BBB /* Sort.swift in Sources */ = {isa = PBXBuildFile; fileRef = 96D4E50E1BA76FC400672E38 /* Sort.swift */; };
		9677B50A1BA78E1500C82BBB /* InsertionSort.swift in Sources */ = {isa = PBXBuildFile; fileRef = 96D4E4FC1BA76FC400672E38 /* InsertionSort.swift */; };
		9677B50B1BA78E1500C82BBB /* List.swift in Sources */ = {isa = PBXBuildFile; fileRef = 96D4E4FF1BA76FC400672E38 /* List.swift */; };
		9677B50C1BA78E1500C82BBB /* ListNode.swift in Sources */ = {isa = PBXBuildFile; fileRef = 96D4E5001BA76FC400672E38 /* ListNode.swift */; };
		9677B50D1BA78E1500C82BBB /* Stack.swift in Sources */ = {isa = PBXBuildFile; fileRef = 96D4E50F1BA76FC400672E38 /* Stack.swift */; };
		9677B50E1BA78E1500C82BBB /* Queue.swift in Sources */ = {isa = PBXBuildFile; fileRef = 96D4E5091BA76FC400672E38 /* Queue.swift */; };
		9677B50F1BA78E1500C82BBB /* Deque.swift in Sources */ = {isa = PBXBuildFile; fileRef = 96D4E4F71BA76FC400672E38 /* Deque.swift */; };
		9677B5101BA78E1500C82BBB /* Graph.swift in Sources */ = {isa = PBXBuildFile; fileRef = 96D4E4FB1BA76FC400672E38 /* Graph.swift */; };
		9677B5111BA78E1500C82BBB /* Entity.swift in Sources */ = {isa = PBXBuildFile; fileRef = 96D4E4F81BA76FC400672E38 /* Entity.swift */; };
		9677B5121BA78E1500C82BBB /* Action.swift in Sources */ = {isa = PBXBuildFile; fileRef = 96D4E4F11BA76FC400672E38 /* Action.swift */; };
		9677B5131BA78E1500C82BBB /* Bond.swift in Sources */ = {isa = PBXBuildFile; fileRef = 96D4E4F41BA76FC400672E38 /* Bond.swift */; };
		9677B5141BA78E1500C82BBB /* ManagedEntity.swift in Sources */ = {isa = PBXBuildFile; fileRef = 96D4E5031BA76FC400672E38 /* ManagedEntity.swift */; };
		9677B5151BA78E1500C82BBB /* ManagedEntityGroup.swift in Sources */ = {isa = PBXBuildFile; fileRef = 96D4E4F91BA76FC400672E38 /* ManagedEntityGroup.swift */; };
		9677B5161BA78E1500C82BBB /* ManagedEntityProperty.swift in Sources */ = {isa = PBXBuildFile; fileRef = 96D4E4FA1BA76FC400672E38 /* ManagedEntityProperty.swift */; };
		9677B5171BA78E1500C82BBB /* ManagedAction.swift in Sources */ = {isa = PBXBuildFile; fileRef = 96D4E5011BA76FC400672E38 /* ManagedAction.swift */; };
		9677B5181BA78E1500C82BBB /* ManagedActionGroup.swift in Sources */ = {isa = PBXBuildFile; fileRef = 96D4E4F21BA76FC400672E38 /* ManagedActionGroup.swift */; };
		9677B5191BA78E1500C82BBB /* ManagedActionProperty.swift in Sources */ = {isa = PBXBuildFile; fileRef = 96D4E4F31BA76FC400672E38 /* ManagedActionProperty.swift */; };
		9677B51A1BA78E1500C82BBB /* ManagedBond.swift in Sources */ = {isa = PBXBuildFile; fileRef = 96D4E5021BA76FC400672E38 /* ManagedBond.swift */; };
		9677B51B1BA78E1500C82BBB /* ManagedBondGroup.swift in Sources */ = {isa = PBXBuildFile; fileRef = 96D4E4F51BA76FC400672E38 /* ManagedBondGroup.swift */; };
		9677B51C1BA78E1500C82BBB /* ManagedBondProperty.swift in Sources */ = {isa = PBXBuildFile; fileRef = 96D4E4F61BA76FC400672E38 /* ManagedBondProperty.swift */; };
		96E22D4B1BA8CC7E0050BB5F /* ManagedNode.swift in Sources */ = {isa = PBXBuildFile; fileRef = 96E22D4A1BA8CC7E0050BB5F /* ManagedNode.swift */; };
		96E22D4C1BA8CC7E0050BB5F /* ManagedNode.swift in Sources */ = {isa = PBXBuildFile; fileRef = 96E22D4A1BA8CC7E0050BB5F /* ManagedNode.swift */; };
		96E22D4E1BA8D0650050BB5F /* ManagedNodeProperty.swift in Sources */ = {isa = PBXBuildFile; fileRef = 96E22D4D1BA8D0650050BB5F /* ManagedNodeProperty.swift */; };
		96E22D4F1BA8D0650050BB5F /* ManagedNodeProperty.swift in Sources */ = {isa = PBXBuildFile; fileRef = 96E22D4D1BA8D0650050BB5F /* ManagedNodeProperty.swift */; };
		96E22D511BA8D2A30050BB5F /* ManagedNodeGroup.swift in Sources */ = {isa = PBXBuildFile; fileRef = 96E22D501BA8D2A30050BB5F /* ManagedNodeGroup.swift */; };
		96E22D521BA8D2A30050BB5F /* ManagedNodeGroup.swift in Sources */ = {isa = PBXBuildFile; fileRef = 96E22D501BA8D2A30050BB5F /* ManagedNodeGroup.swift */; };
		96E22D541BA8DE590050BB5F /* GraphObject.swift in Sources */ = {isa = PBXBuildFile; fileRef = 96E22D531BA8DE590050BB5F /* GraphObject.swift */; };
		96E22D551BA8DE590050BB5F /* GraphObject.swift in Sources */ = {isa = PBXBuildFile; fileRef = 96E22D531BA8DE590050BB5F /* GraphObject.swift */; };
/* End PBXBuildFile section */

/* Begin PBXContainerItemProxy section */
		9677B4441BA78A9200C82BBB /* PBXContainerItemProxy */ = {
			isa = PBXContainerItemProxy;
			containerPortal = 96D4E4C41BA76EFC00672E38 /* Project object */;
			proxyType = 1;
			remoteGlobalIDString = 9677B4381BA78A9200C82BBB;
			remoteInfo = "GraphKit OSX";
		};
		9677B4601BA78AA600C82BBB /* PBXContainerItemProxy */ = {
			isa = PBXContainerItemProxy;
			containerPortal = 96D4E4C41BA76EFC00672E38 /* Project object */;
			proxyType = 1;
			remoteGlobalIDString = 9677B4541BA78AA600C82BBB;
			remoteInfo = "GraphKit iOS";
		};
/* End PBXContainerItemProxy section */

/* Begin PBXFileReference section */
		6557F6B31BADC14F00CBA9AC /* GraphSearch.swift */ = {isa = PBXFileReference; fileEncoding = 4; lastKnownFileType = sourcecode.swift; path = GraphSearch.swift; sourceTree = "<group>"; };
		6557F6C21BADD2A700CBA9AC /* GraphWatch.swift */ = {isa = PBXFileReference; fileEncoding = 4; lastKnownFileType = sourcecode.swift; path = GraphWatch.swift; sourceTree = "<group>"; };
		657FEDA91BA8F844004D7504 /* Node.swift */ = {isa = PBXFileReference; fileEncoding = 4; lastKnownFileType = sourcecode.swift; path = Node.swift; sourceTree = "<group>"; };
		9606E1C51BDEA0460013EA82 /* GraphKit.h */ = {isa = PBXFileReference; fileEncoding = 4; lastKnownFileType = sourcecode.c.h; path = GraphKit.h; sourceTree = "<group>"; };
		9677B4391BA78A9200C82BBB /* GraphKit.framework */ = {isa = PBXFileReference; explicitFileType = wrapper.framework; includeInIndex = 0; path = GraphKit.framework; sourceTree = BUILT_PRODUCTS_DIR; };
		9677B4421BA78A9200C82BBB /* GraphKit OSX Tests.xctest */ = {isa = PBXFileReference; explicitFileType = wrapper.cfbundle; includeInIndex = 0; path = "GraphKit OSX Tests.xctest"; sourceTree = BUILT_PRODUCTS_DIR; };
		9677B4551BA78AA600C82BBB /* GraphKit.framework */ = {isa = PBXFileReference; explicitFileType = wrapper.framework; includeInIndex = 0; path = GraphKit.framework; sourceTree = BUILT_PRODUCTS_DIR; };
		9677B45E1BA78AA600C82BBB /* GraphKit iOS Tests.xctest */ = {isa = PBXFileReference; explicitFileType = wrapper.cfbundle; includeInIndex = 0; path = "GraphKit iOS Tests.xctest"; sourceTree = BUILT_PRODUCTS_DIR; };
		96D4E4E91BA76FA400672E38 /* Info.plist */ = {isa = PBXFileReference; fileEncoding = 4; lastKnownFileType = text.plist.xml; path = Info.plist; sourceTree = "<group>"; };
		96D4E4EE1BA76FAF00672E38 /* Info.plist */ = {isa = PBXFileReference; fileEncoding = 4; lastKnownFileType = text.plist.xml; path = Info.plist; sourceTree = "<group>"; };
		96D4E4F11BA76FC400672E38 /* Action.swift */ = {isa = PBXFileReference; fileEncoding = 4; lastKnownFileType = sourcecode.swift; path = Action.swift; sourceTree = "<group>"; };
		96D4E4F21BA76FC400672E38 /* ManagedActionGroup.swift */ = {isa = PBXFileReference; fileEncoding = 4; lastKnownFileType = sourcecode.swift; path = ManagedActionGroup.swift; sourceTree = "<group>"; };
		96D4E4F31BA76FC400672E38 /* ManagedActionProperty.swift */ = {isa = PBXFileReference; fileEncoding = 4; lastKnownFileType = sourcecode.swift; path = ManagedActionProperty.swift; sourceTree = "<group>"; };
		96D4E4F41BA76FC400672E38 /* Bond.swift */ = {isa = PBXFileReference; fileEncoding = 4; lastKnownFileType = sourcecode.swift; path = Bond.swift; sourceTree = "<group>"; };
		96D4E4F51BA76FC400672E38 /* ManagedBondGroup.swift */ = {isa = PBXFileReference; fileEncoding = 4; lastKnownFileType = sourcecode.swift; path = ManagedBondGroup.swift; sourceTree = "<group>"; };
		96D4E4F61BA76FC400672E38 /* ManagedBondProperty.swift */ = {isa = PBXFileReference; fileEncoding = 4; lastKnownFileType = sourcecode.swift; path = ManagedBondProperty.swift; sourceTree = "<group>"; };
		96D4E4F71BA76FC400672E38 /* Deque.swift */ = {isa = PBXFileReference; fileEncoding = 4; lastKnownFileType = sourcecode.swift; path = Deque.swift; sourceTree = "<group>"; };
		96D4E4F81BA76FC400672E38 /* Entity.swift */ = {isa = PBXFileReference; fileEncoding = 4; lastKnownFileType = sourcecode.swift; path = Entity.swift; sourceTree = "<group>"; };
		96D4E4F91BA76FC400672E38 /* ManagedEntityGroup.swift */ = {isa = PBXFileReference; fileEncoding = 4; lastKnownFileType = sourcecode.swift; path = ManagedEntityGroup.swift; sourceTree = "<group>"; };
		96D4E4FA1BA76FC400672E38 /* ManagedEntityProperty.swift */ = {isa = PBXFileReference; fileEncoding = 4; lastKnownFileType = sourcecode.swift; path = ManagedEntityProperty.swift; sourceTree = "<group>"; };
		96D4E4FB1BA76FC400672E38 /* Graph.swift */ = {isa = PBXFileReference; fileEncoding = 4; lastKnownFileType = sourcecode.swift; path = Graph.swift; sourceTree = "<group>"; };
		96D4E4FC1BA76FC400672E38 /* InsertionSort.swift */ = {isa = PBXFileReference; fileEncoding = 4; lastKnownFileType = sourcecode.swift; path = InsertionSort.swift; sourceTree = "<group>"; };
		96D4E4FD1BA76FC400672E38 /* JSON.swift */ = {isa = PBXFileReference; fileEncoding = 4; lastKnownFileType = sourcecode.swift; path = JSON.swift; sourceTree = "<group>"; };
		96D4E4FE1BA76FC400672E38 /* LICENSE */ = {isa = PBXFileReference; fileEncoding = 4; lastKnownFileType = text; path = LICENSE; sourceTree = "<group>"; };
		96D4E4FF1BA76FC400672E38 /* List.swift */ = {isa = PBXFileReference; fileEncoding = 4; lastKnownFileType = sourcecode.swift; path = List.swift; sourceTree = "<group>"; };
		96D4E5001BA76FC400672E38 /* ListNode.swift */ = {isa = PBXFileReference; fileEncoding = 4; lastKnownFileType = sourcecode.swift; path = ListNode.swift; sourceTree = "<group>"; };
		96D4E5011BA76FC400672E38 /* ManagedAction.swift */ = {isa = PBXFileReference; fileEncoding = 4; lastKnownFileType = sourcecode.swift; path = ManagedAction.swift; sourceTree = "<group>"; };
		96D4E5021BA76FC400672E38 /* ManagedBond.swift */ = {isa = PBXFileReference; fileEncoding = 4; lastKnownFileType = sourcecode.swift; path = ManagedBond.swift; sourceTree = "<group>"; };
		96D4E5031BA76FC400672E38 /* ManagedEntity.swift */ = {isa = PBXFileReference; fileEncoding = 4; lastKnownFileType = sourcecode.swift; path = ManagedEntity.swift; sourceTree = "<group>"; };
		96D4E5041BA76FC400672E38 /* SortedDictionary.swift */ = {isa = PBXFileReference; fileEncoding = 4; lastKnownFileType = sourcecode.swift; path = SortedDictionary.swift; sourceTree = "<group>"; };
		96D4E5051BA76FC400672E38 /* SortedMultiDictionary.swift */ = {isa = PBXFileReference; fileEncoding = 4; lastKnownFileType = sourcecode.swift; path = SortedMultiDictionary.swift; sourceTree = "<group>"; };
		96D4E5061BA76FC400672E38 /* SortedMultiSet.swift */ = {isa = PBXFileReference; fileEncoding = 4; lastKnownFileType = sourcecode.swift; path = SortedMultiSet.swift; sourceTree = "<group>"; };
		96D4E5071BA76FC400672E38 /* SortedSet.swift */ = {isa = PBXFileReference; fileEncoding = 4; lastKnownFileType = sourcecode.swift; path = SortedSet.swift; sourceTree = "<group>"; };
		96D4E5081BA76FC400672E38 /* Probability.swift */ = {isa = PBXFileReference; fileEncoding = 4; lastKnownFileType = sourcecode.swift; path = Probability.swift; sourceTree = "<group>"; };
		96D4E5091BA76FC400672E38 /* Queue.swift */ = {isa = PBXFileReference; fileEncoding = 4; lastKnownFileType = sourcecode.swift; path = Queue.swift; sourceTree = "<group>"; };
		96D4E50A1BA76FC400672E38 /* Reachability.swift */ = {isa = PBXFileReference; fileEncoding = 4; lastKnownFileType = sourcecode.swift; path = Reachability.swift; sourceTree = "<group>"; };
		96D4E50B1BA76FC400672E38 /* RedBlackNode.swift */ = {isa = PBXFileReference; fileEncoding = 4; lastKnownFileType = sourcecode.swift; path = RedBlackNode.swift; sourceTree = "<group>"; };
		96D4E50C1BA76FC400672E38 /* RedBlackTree.swift */ = {isa = PBXFileReference; fileEncoding = 4; lastKnownFileType = sourcecode.swift; path = RedBlackTree.swift; sourceTree = "<group>"; };
		96D4E50D1BA76FC400672E38 /* Session.swift */ = {isa = PBXFileReference; fileEncoding = 4; lastKnownFileType = sourcecode.swift; path = Session.swift; sourceTree = "<group>"; };
		96D4E50E1BA76FC400672E38 /* Sort.swift */ = {isa = PBXFileReference; fileEncoding = 4; lastKnownFileType = sourcecode.swift; path = Sort.swift; sourceTree = "<group>"; };
		96D4E50F1BA76FC400672E38 /* Stack.swift */ = {isa = PBXFileReference; fileEncoding = 4; lastKnownFileType = sourcecode.swift; path = Stack.swift; sourceTree = "<group>"; };
		96D4E52F1BA76FD900672E38 /* ActionSearchTests.swift */ = {isa = PBXFileReference; fileEncoding = 4; lastKnownFileType = sourcecode.swift; path = ActionSearchTests.swift; sourceTree = "<group>"; };
		96D4E5301BA76FD900672E38 /* ActionStressTests.swift */ = {isa = PBXFileReference; fileEncoding = 4; lastKnownFileType = sourcecode.swift; path = ActionStressTests.swift; sourceTree = "<group>"; };
		96D4E5311BA76FD900672E38 /* ActionTests.swift */ = {isa = PBXFileReference; fileEncoding = 4; lastKnownFileType = sourcecode.swift; path = ActionTests.swift; sourceTree = "<group>"; };
		96D4E5321BA76FD900672E38 /* BondSearchTests.swift */ = {isa = PBXFileReference; fileEncoding = 4; lastKnownFileType = sourcecode.swift; path = BondSearchTests.swift; sourceTree = "<group>"; };
		96D4E5331BA76FD900672E38 /* BondStressTests.swift */ = {isa = PBXFileReference; fileEncoding = 4; lastKnownFileType = sourcecode.swift; path = BondStressTests.swift; sourceTree = "<group>"; };
		96D4E5341BA76FD900672E38 /* BondTests.swift */ = {isa = PBXFileReference; fileEncoding = 4; lastKnownFileType = sourcecode.swift; path = BondTests.swift; sourceTree = "<group>"; };
		96D4E5351BA76FD900672E38 /* DequeTests.swift */ = {isa = PBXFileReference; fileEncoding = 4; lastKnownFileType = sourcecode.swift; path = DequeTests.swift; sourceTree = "<group>"; };
		96D4E5361BA76FD900672E38 /* EntitySearchTests.swift */ = {isa = PBXFileReference; fileEncoding = 4; lastKnownFileType = sourcecode.swift; path = EntitySearchTests.swift; sourceTree = "<group>"; };
		96D4E5371BA76FD900672E38 /* EntityStressTests.swift */ = {isa = PBXFileReference; fileEncoding = 4; lastKnownFileType = sourcecode.swift; path = EntityStressTests.swift; sourceTree = "<group>"; };
		96D4E5381BA76FD900672E38 /* EntityTests.swift */ = {isa = PBXFileReference; fileEncoding = 4; lastKnownFileType = sourcecode.swift; path = EntityTests.swift; sourceTree = "<group>"; };
		96D4E5391BA76FD900672E38 /* GroupTests.swift */ = {isa = PBXFileReference; fileEncoding = 4; lastKnownFileType = sourcecode.swift; path = GroupTests.swift; sourceTree = "<group>"; };
		96D4E53A1BA76FD900672E38 /* InsertionSortTests.swift */ = {isa = PBXFileReference; fileEncoding = 4; lastKnownFileType = sourcecode.swift; path = InsertionSortTests.swift; sourceTree = "<group>"; };
		96D4E53B1BA76FD900672E38 /* JSONTests.swift */ = {isa = PBXFileReference; fileEncoding = 4; lastKnownFileType = sourcecode.swift; path = JSONTests.swift; sourceTree = "<group>"; };
		96D4E53C1BA76FD900672E38 /* ListTests.swift */ = {isa = PBXFileReference; fileEncoding = 4; lastKnownFileType = sourcecode.swift; path = ListTests.swift; sourceTree = "<group>"; };
		96D4E53D1BA76FD900672E38 /* SortedDictionaryTests.swift */ = {isa = PBXFileReference; fileEncoding = 4; lastKnownFileType = sourcecode.swift; path = SortedDictionaryTests.swift; sourceTree = "<group>"; };
		96D4E53E1BA76FD900672E38 /* SortedMultiDictionaryTests.swift */ = {isa = PBXFileReference; fileEncoding = 4; lastKnownFileType = sourcecode.swift; path = SortedMultiDictionaryTests.swift; sourceTree = "<group>"; };
		96D4E53F1BA76FD900672E38 /* SortedMultiSetTests.swift */ = {isa = PBXFileReference; fileEncoding = 4; lastKnownFileType = sourcecode.swift; path = SortedMultiSetTests.swift; sourceTree = "<group>"; };
		96D4E5401BA76FD900672E38 /* SortedSetTest.swift */ = {isa = PBXFileReference; fileEncoding = 4; lastKnownFileType = sourcecode.swift; path = SortedSetTest.swift; sourceTree = "<group>"; };
		96D4E5411BA76FD900672E38 /* ProbabilityTests.swift */ = {isa = PBXFileReference; fileEncoding = 4; lastKnownFileType = sourcecode.swift; path = ProbabilityTests.swift; sourceTree = "<group>"; };
		96D4E5421BA76FD900672E38 /* QueueTests.swift */ = {isa = PBXFileReference; fileEncoding = 4; lastKnownFileType = sourcecode.swift; path = QueueTests.swift; sourceTree = "<group>"; };
		96D4E5431BA76FD900672E38 /* ReachabilityTests.swift */ = {isa = PBXFileReference; fileEncoding = 4; lastKnownFileType = sourcecode.swift; path = ReachabilityTests.swift; sourceTree = "<group>"; };
		96D4E5441BA76FD900672E38 /* RedBlackTreeTests.swift */ = {isa = PBXFileReference; fileEncoding = 4; lastKnownFileType = sourcecode.swift; path = RedBlackTreeTests.swift; sourceTree = "<group>"; };
		96D4E5451BA76FD900672E38 /* SessionTests.swift */ = {isa = PBXFileReference; fileEncoding = 4; lastKnownFileType = sourcecode.swift; path = SessionTests.swift; sourceTree = "<group>"; };
		96D4E5461BA76FD900672E38 /* StackTests.swift */ = {isa = PBXFileReference; fileEncoding = 4; lastKnownFileType = sourcecode.swift; path = StackTests.swift; sourceTree = "<group>"; };
		96D4E5471BA76FD900672E38 /* GraphKitTests.swift */ = {isa = PBXFileReference; fileEncoding = 4; lastKnownFileType = sourcecode.swift; path = GraphKitTests.swift; sourceTree = "<group>"; };
		96E22D4A1BA8CC7E0050BB5F /* ManagedNode.swift */ = {isa = PBXFileReference; fileEncoding = 4; lastKnownFileType = sourcecode.swift; path = ManagedNode.swift; sourceTree = "<group>"; };
		96E22D4D1BA8D0650050BB5F /* ManagedNodeProperty.swift */ = {isa = PBXFileReference; fileEncoding = 4; lastKnownFileType = sourcecode.swift; path = ManagedNodeProperty.swift; sourceTree = "<group>"; };
		96E22D501BA8D2A30050BB5F /* ManagedNodeGroup.swift */ = {isa = PBXFileReference; fileEncoding = 4; lastKnownFileType = sourcecode.swift; path = ManagedNodeGroup.swift; sourceTree = "<group>"; };
		96E22D531BA8DE590050BB5F /* GraphObject.swift */ = {isa = PBXFileReference; fileEncoding = 4; lastKnownFileType = sourcecode.swift; path = GraphObject.swift; sourceTree = "<group>"; };
/* End PBXFileReference section */

/* Begin PBXFrameworksBuildPhase section */
		9677B4351BA78A9200C82BBB /* Frameworks */ = {
			isa = PBXFrameworksBuildPhase;
			buildActionMask = 2147483647;
			files = (
			);
			runOnlyForDeploymentPostprocessing = 0;
		};
		9677B43F1BA78A9200C82BBB /* Frameworks */ = {
			isa = PBXFrameworksBuildPhase;
			buildActionMask = 2147483647;
			files = (
				9677B4431BA78A9200C82BBB /* GraphKit.framework in Frameworks */,
			);
			runOnlyForDeploymentPostprocessing = 0;
		};
		9677B4511BA78AA600C82BBB /* Frameworks */ = {
			isa = PBXFrameworksBuildPhase;
			buildActionMask = 2147483647;
			files = (
			);
			runOnlyForDeploymentPostprocessing = 0;
		};
		9677B45B1BA78AA600C82BBB /* Frameworks */ = {
			isa = PBXFrameworksBuildPhase;
			buildActionMask = 2147483647;
			files = (
				9677B45F1BA78AA600C82BBB /* GraphKit.framework in Frameworks */,
			);
			runOnlyForDeploymentPostprocessing = 0;
		};
/* End PBXFrameworksBuildPhase section */

/* Begin PBXGroup section */
		65B33C371BAE0C85009D5CFF /* Supporting Files */ = {
			isa = PBXGroup;
			children = (
				96D4E4EE1BA76FAF00672E38 /* Info.plist */,
			);
			name = "Supporting Files";
			sourceTree = "<group>";
		};
		9677B42D1BA7896100C82BBB /* Graph */ = {
			isa = PBXGroup;
			children = (
				96D4E4FB1BA76FC400672E38 /* Graph.swift */,
				96E22D531BA8DE590050BB5F /* GraphObject.swift */,
				6557F6B31BADC14F00CBA9AC /* GraphSearch.swift */,
				6557F6C21BADD2A700CBA9AC /* GraphWatch.swift */,
				657FEDA91BA8F844004D7504 /* Node.swift */,
				96E22D4A1BA8CC7E0050BB5F /* ManagedNode.swift */,
				96E22D501BA8D2A30050BB5F /* ManagedNodeGroup.swift */,
				96E22D4D1BA8D0650050BB5F /* ManagedNodeProperty.swift */,
				96D4E4F81BA76FC400672E38 /* Entity.swift */,
				96D4E5031BA76FC400672E38 /* ManagedEntity.swift */,
				96D4E4F91BA76FC400672E38 /* ManagedEntityGroup.swift */,
				96D4E4FA1BA76FC400672E38 /* ManagedEntityProperty.swift */,
				96D4E4F11BA76FC400672E38 /* Action.swift */,
				96D4E5011BA76FC400672E38 /* ManagedAction.swift */,
				96D4E4F21BA76FC400672E38 /* ManagedActionGroup.swift */,
				96D4E4F31BA76FC400672E38 /* ManagedActionProperty.swift */,
				96D4E4F41BA76FC400672E38 /* Bond.swift */,
				96D4E5021BA76FC400672E38 /* ManagedBond.swift */,
				96D4E4F51BA76FC400672E38 /* ManagedBondGroup.swift */,
				96D4E4F61BA76FC400672E38 /* ManagedBondProperty.swift */,
			);
			name = Graph;
			sourceTree = "<group>";
		};
		9677B42E1BA789B100C82BBB /* List */ = {
			isa = PBXGroup;
			children = (
				96D4E4FF1BA76FC400672E38 /* List.swift */,
				96D4E5001BA76FC400672E38 /* ListNode.swift */,
				96D4E50F1BA76FC400672E38 /* Stack.swift */,
				96D4E5091BA76FC400672E38 /* Queue.swift */,
				96D4E4F71BA76FC400672E38 /* Deque.swift */,
			);
			name = List;
			sourceTree = "<group>";
		};
		9677B42F1BA789E600C82BBB /* Sort */ = {
			isa = PBXGroup;
			children = (
				96D4E50E1BA76FC400672E38 /* Sort.swift */,
				96D4E4FC1BA76FC400672E38 /* InsertionSort.swift */,
			);
			name = Sort;
			sourceTree = "<group>";
		};
		9677B4301BA789F200C82BBB /* Tree */ = {
			isa = PBXGroup;
			children = (
				96D4E50C1BA76FC400672E38 /* RedBlackTree.swift */,
				96D4E50B1BA76FC400672E38 /* RedBlackNode.swift */,
				96D4E5071BA76FC400672E38 /* SortedSet.swift */,
				96D4E5061BA76FC400672E38 /* SortedMultiSet.swift */,
				96D4E5041BA76FC400672E38 /* SortedDictionary.swift */,
				96D4E5051BA76FC400672E38 /* SortedMultiDictionary.swift */,
			);
			name = Tree;
			sourceTree = "<group>";
		};
		9677B4311BA78A2700C82BBB /* Network */ = {
			isa = PBXGroup;
			children = (
				96D4E50A1BA76FC400672E38 /* Reachability.swift */,
				96D4E50D1BA76FC400672E38 /* Session.swift */,
				96D4E4FD1BA76FC400672E38 /* JSON.swift */,
			);
			name = Network;
			sourceTree = "<group>";
		};
		9677B4321BA78A4000C82BBB /* Probability */ = {
			isa = PBXGroup;
			children = (
				96D4E5081BA76FC400672E38 /* Probability.swift */,
			);
			name = Probability;
			sourceTree = "<group>";
		};
		9677B4331BA78A5600C82BBB /* Supporting Files */ = {
			isa = PBXGroup;
			children = (
				96D4E4E91BA76FA400672E38 /* Info.plist */,
			);
			name = "Supporting Files";
			sourceTree = "<group>";
		};
		96D4E4C31BA76EFC00672E38 = {
			isa = PBXGroup;
			children = (
				96D4E4E71BA76FA400672E38 /* Source */,
				96D4E4EC1BA76FAF00672E38 /* Tests */,
				96D4E4CE1BA76EFC00672E38 /* Products */,
			);
			sourceTree = "<group>";
		};
		96D4E4CE1BA76EFC00672E38 /* Products */ = {
			isa = PBXGroup;
			children = (
				9677B4391BA78A9200C82BBB /* GraphKit.framework */,
				9677B4421BA78A9200C82BBB /* GraphKit OSX Tests.xctest */,
				9677B4551BA78AA600C82BBB /* GraphKit.framework */,
				9677B45E1BA78AA600C82BBB /* GraphKit iOS Tests.xctest */,
			);
			name = Products;
			sourceTree = "<group>";
		};
		96D4E4E71BA76FA400672E38 /* Source */ = {
			isa = PBXGroup;
			children = (
				96D4E4FE1BA76FC400672E38 /* LICENSE */,
				9677B4331BA78A5600C82BBB /* Supporting Files */,
				9606E1C51BDEA0460013EA82 /* GraphKit.h */,
				9677B4321BA78A4000C82BBB /* Probability */,
				9677B4311BA78A2700C82BBB /* Network */,
				9677B4301BA789F200C82BBB /* Tree */,
				9677B42F1BA789E600C82BBB /* Sort */,
				9677B42E1BA789B100C82BBB /* List */,
				9677B42D1BA7896100C82BBB /* Graph */,
			);
			path = Source;
			sourceTree = "<group>";
		};
		96D4E4EC1BA76FAF00672E38 /* Tests */ = {
			isa = PBXGroup;
			children = (
				65B33C371BAE0C85009D5CFF /* Supporting Files */,
				96D4E5471BA76FD900672E38 /* GraphKitTests.swift */,
				96D4E52F1BA76FD900672E38 /* ActionSearchTests.swift */,
				96D4E5301BA76FD900672E38 /* ActionStressTests.swift */,
				96D4E5311BA76FD900672E38 /* ActionTests.swift */,
				96D4E5321BA76FD900672E38 /* BondSearchTests.swift */,
				96D4E5331BA76FD900672E38 /* BondStressTests.swift */,
				96D4E5341BA76FD900672E38 /* BondTests.swift */,
				96D4E5351BA76FD900672E38 /* DequeTests.swift */,
				96D4E5361BA76FD900672E38 /* EntitySearchTests.swift */,
				96D4E5371BA76FD900672E38 /* EntityStressTests.swift */,
				96D4E5381BA76FD900672E38 /* EntityTests.swift */,
				96D4E5391BA76FD900672E38 /* GroupTests.swift */,
				96D4E53A1BA76FD900672E38 /* InsertionSortTests.swift */,
				96D4E53B1BA76FD900672E38 /* JSONTests.swift */,
				96D4E53C1BA76FD900672E38 /* ListTests.swift */,
				96D4E53D1BA76FD900672E38 /* SortedDictionaryTests.swift */,
				96D4E53E1BA76FD900672E38 /* SortedMultiDictionaryTests.swift */,
				96D4E53F1BA76FD900672E38 /* SortedMultiSetTests.swift */,
				96D4E5401BA76FD900672E38 /* SortedSetTest.swift */,
				96D4E5411BA76FD900672E38 /* ProbabilityTests.swift */,
				96D4E5421BA76FD900672E38 /* QueueTests.swift */,
				96D4E5431BA76FD900672E38 /* ReachabilityTests.swift */,
				96D4E5441BA76FD900672E38 /* RedBlackTreeTests.swift */,
				96D4E5451BA76FD900672E38 /* SessionTests.swift */,
				96D4E5461BA76FD900672E38 /* StackTests.swift */,
			);
			path = Tests;
			sourceTree = "<group>";
		};
/* End PBXGroup section */

/* Begin PBXHeadersBuildPhase section */
		9677B4361BA78A9200C82BBB /* Headers */ = {
			isa = PBXHeadersBuildPhase;
			buildActionMask = 2147483647;
			files = (
				9677B48B1BA78BB000C82BBB /* Probability.swift in Headers */,
				9677B48C1BA78BB000C82BBB /* Reachability.swift in Headers */,
				9677B48D1BA78BB000C82BBB /* Session.swift in Headers */,
				9677B48E1BA78BB000C82BBB /* JSON.swift in Headers */,
				9677B48F1BA78BB000C82BBB /* RedBlackTree.swift in Headers */,
				9677B4901BA78BB000C82BBB /* RedBlackNode.swift in Headers */,
				9677B4911BA78BB000C82BBB /* SortedSet.swift in Headers */,
				9677B4921BA78BB000C82BBB /* SortedMultiSet.swift in Headers */,
				9606E1C71BDEA0460013EA82 /* GraphKit.h in Headers */,
				9677B4931BA78BB000C82BBB /* SortedDictionary.swift in Headers */,
				9677B4941BA78BB000C82BBB /* SortedMultiDictionary.swift in Headers */,
				9677B4951BA78BB000C82BBB /* Sort.swift in Headers */,
				9677B4961BA78BB000C82BBB /* InsertionSort.swift in Headers */,
				9677B4971BA78BB000C82BBB /* List.swift in Headers */,
				9677B4981BA78BB000C82BBB /* ListNode.swift in Headers */,
				9677B4991BA78BB000C82BBB /* Stack.swift in Headers */,
				9677B49A1BA78BB000C82BBB /* Queue.swift in Headers */,
				9677B49B1BA78BB000C82BBB /* Deque.swift in Headers */,
				9677B49C1BA78BB000C82BBB /* Graph.swift in Headers */,
				9677B49D1BA78BB000C82BBB /* Entity.swift in Headers */,
				9677B49E1BA78BB000C82BBB /* Action.swift in Headers */,
				9677B49F1BA78BB000C82BBB /* Bond.swift in Headers */,
				6557F6BD1BADC31900CBA9AC /* GraphSearch.swift in Headers */,
				9677B4A01BA78BB000C82BBB /* ManagedEntity.swift in Headers */,
				9677B4A11BA78BB000C82BBB /* ManagedEntityGroup.swift in Headers */,
				9677B4A21BA78BB000C82BBB /* ManagedEntityProperty.swift in Headers */,
				9677B4A31BA78BB000C82BBB /* ManagedAction.swift in Headers */,
				9677B4A41BA78BB000C82BBB /* ManagedActionGroup.swift in Headers */,
				9677B4A51BA78BB000C82BBB /* ManagedActionProperty.swift in Headers */,
				9677B4A61BA78BB000C82BBB /* ManagedBond.swift in Headers */,
				9677B4A71BA78BB000C82BBB /* ManagedBondGroup.swift in Headers */,
				9677B4A81BA78BB000C82BBB /* ManagedBondProperty.swift in Headers */,
				6557F6BC1BADC31900CBA9AC /* GraphObject.swift in Headers */,
				6557F6BE1BADC31900CBA9AC /* Node.swift in Headers */,
				6557F6BF1BADC31900CBA9AC /* ManagedNode.swift in Headers */,
				6557F6C01BADC31900CBA9AC /* ManagedNodeGroup.swift in Headers */,
				6557F6C11BADC31900CBA9AC /* ManagedNodeProperty.swift in Headers */,
				6557F6C51BADD3C100CBA9AC /* GraphWatch.swift in Headers */,
			);
			runOnlyForDeploymentPostprocessing = 0;
		};
		9677B4521BA78AA600C82BBB /* Headers */ = {
			isa = PBXHeadersBuildPhase;
			buildActionMask = 2147483647;
			files = (
				9677B46C1BA78B6200C82BBB /* Probability.swift in Headers */,
				9677B46D1BA78B6200C82BBB /* Reachability.swift in Headers */,
				9677B46E1BA78B6200C82BBB /* Session.swift in Headers */,
				9677B46F1BA78B6200C82BBB /* JSON.swift in Headers */,
				9677B4701BA78B6200C82BBB /* RedBlackTree.swift in Headers */,
				9677B4711BA78B6200C82BBB /* RedBlackNode.swift in Headers */,
				9677B4721BA78B6200C82BBB /* SortedSet.swift in Headers */,
				9677B4731BA78B6200C82BBB /* SortedMultiSet.swift in Headers */,
				9606E1C61BDEA0460013EA82 /* GraphKit.h in Headers */,
				9677B4741BA78B6200C82BBB /* SortedDictionary.swift in Headers */,
				9677B4751BA78B6200C82BBB /* SortedMultiDictionary.swift in Headers */,
				9677B4761BA78B6200C82BBB /* Sort.swift in Headers */,
				9677B4771BA78B6200C82BBB /* InsertionSort.swift in Headers */,
				9677B4781BA78B6200C82BBB /* List.swift in Headers */,
				9677B4791BA78B6200C82BBB /* ListNode.swift in Headers */,
				9677B47A1BA78B6200C82BBB /* Stack.swift in Headers */,
				9677B47B1BA78B6200C82BBB /* Queue.swift in Headers */,
				9677B47C1BA78B6200C82BBB /* Deque.swift in Headers */,
				9677B47D1BA78B6200C82BBB /* Graph.swift in Headers */,
				9677B47E1BA78B6200C82BBB /* Entity.swift in Headers */,
				9677B47F1BA78B6200C82BBB /* Action.swift in Headers */,
				9677B4801BA78B6200C82BBB /* Bond.swift in Headers */,
				6557F6B71BADC2FA00CBA9AC /* GraphSearch.swift in Headers */,
				9677B4811BA78B6200C82BBB /* ManagedEntity.swift in Headers */,
				9677B4821BA78B6200C82BBB /* ManagedEntityGroup.swift in Headers */,
				9677B4831BA78B6200C82BBB /* ManagedEntityProperty.swift in Headers */,
				9677B4841BA78B6200C82BBB /* ManagedAction.swift in Headers */,
				9677B4851BA78B6200C82BBB /* ManagedActionGroup.swift in Headers */,
				9677B4861BA78B6200C82BBB /* ManagedActionProperty.swift in Headers */,
				9677B4871BA78B6200C82BBB /* ManagedBond.swift in Headers */,
				9677B4881BA78B6200C82BBB /* ManagedBondGroup.swift in Headers */,
				9677B4891BA78B6200C82BBB /* ManagedBondProperty.swift in Headers */,
				6557F6B61BADC2FA00CBA9AC /* GraphObject.swift in Headers */,
				6557F6B81BADC2FA00CBA9AC /* Node.swift in Headers */,
				6557F6B91BADC2FA00CBA9AC /* ManagedNode.swift in Headers */,
				6557F6BA1BADC2FA00CBA9AC /* ManagedNodeGroup.swift in Headers */,
				6557F6BB1BADC2FA00CBA9AC /* ManagedNodeProperty.swift in Headers */,
				6557F6C61BADD3CD00CBA9AC /* GraphWatch.swift in Headers */,
			);
			runOnlyForDeploymentPostprocessing = 0;
		};
/* End PBXHeadersBuildPhase section */

/* Begin PBXNativeTarget section */
		9677B4381BA78A9200C82BBB /* GraphKit OSX */ = {
			isa = PBXNativeTarget;
			buildConfigurationList = 9677B44A1BA78A9200C82BBB /* Build configuration list for PBXNativeTarget "GraphKit OSX" */;
			buildPhases = (
				9677B4341BA78A9200C82BBB /* Sources */,
				9677B4351BA78A9200C82BBB /* Frameworks */,
				9677B4361BA78A9200C82BBB /* Headers */,
				9677B4371BA78A9200C82BBB /* Resources */,
			);
			buildRules = (
			);
			dependencies = (
			);
			name = "GraphKit OSX";
			productName = "GraphKit OSX";
			productReference = 9677B4391BA78A9200C82BBB /* GraphKit.framework */;
			productType = "com.apple.product-type.framework";
		};
		9677B4411BA78A9200C82BBB /* GraphKit OSX Tests */ = {
			isa = PBXNativeTarget;
			buildConfigurationList = 9677B44D1BA78A9200C82BBB /* Build configuration list for PBXNativeTarget "GraphKit OSX Tests" */;
			buildPhases = (
				9677B43E1BA78A9200C82BBB /* Sources */,
				9677B43F1BA78A9200C82BBB /* Frameworks */,
				9677B4401BA78A9200C82BBB /* Resources */,
			);
			buildRules = (
			);
			dependencies = (
				9677B4451BA78A9200C82BBB /* PBXTargetDependency */,
			);
			name = "GraphKit OSX Tests";
			productName = "GraphKit OSXTests";
			productReference = 9677B4421BA78A9200C82BBB /* GraphKit OSX Tests.xctest */;
			productType = "com.apple.product-type.bundle.unit-test";
		};
		9677B4541BA78AA600C82BBB /* GraphKit iOS */ = {
			isa = PBXNativeTarget;
			buildConfigurationList = 9677B4661BA78AA600C82BBB /* Build configuration list for PBXNativeTarget "GraphKit iOS" */;
			buildPhases = (
				9677B4501BA78AA600C82BBB /* Sources */,
				9677B4511BA78AA600C82BBB /* Frameworks */,
				9677B4521BA78AA600C82BBB /* Headers */,
				9677B4531BA78AA600C82BBB /* Resources */,
			);
			buildRules = (
			);
			dependencies = (
			);
			name = "GraphKit iOS";
			productName = "GraphKit iOS";
			productReference = 9677B4551BA78AA600C82BBB /* GraphKit.framework */;
			productType = "com.apple.product-type.framework";
		};
		9677B45D1BA78AA600C82BBB /* GraphKit iOS Tests */ = {
			isa = PBXNativeTarget;
			buildConfigurationList = 9677B4691BA78AA600C82BBB /* Build configuration list for PBXNativeTarget "GraphKit iOS Tests" */;
			buildPhases = (
				9677B45A1BA78AA600C82BBB /* Sources */,
				9677B45B1BA78AA600C82BBB /* Frameworks */,
				9677B45C1BA78AA600C82BBB /* Resources */,
			);
			buildRules = (
			);
			dependencies = (
				9677B4611BA78AA600C82BBB /* PBXTargetDependency */,
			);
			name = "GraphKit iOS Tests";
			productName = "GraphKit iOSTests";
			productReference = 9677B45E1BA78AA600C82BBB /* GraphKit iOS Tests.xctest */;
			productType = "com.apple.product-type.bundle.unit-test";
		};
/* End PBXNativeTarget section */

/* Begin PBXProject section */
		96D4E4C41BA76EFC00672E38 /* Project object */ = {
			isa = PBXProject;
			attributes = {
				LastSwiftUpdateCheck = 0710;
				LastUpgradeCheck = 0710;
				ORGANIZATIONNAME = "GraphKit Inc.";
				TargetAttributes = {
					9677B4381BA78A9200C82BBB = {
						CreatedOnToolsVersion = 7.1;
					};
					9677B4411BA78A9200C82BBB = {
						CreatedOnToolsVersion = 7.1;
					};
					9677B4541BA78AA600C82BBB = {
						CreatedOnToolsVersion = 7.1;
					};
					9677B45D1BA78AA600C82BBB = {
						CreatedOnToolsVersion = 7.1;
					};
				};
			};
			buildConfigurationList = 96D4E4C71BA76EFC00672E38 /* Build configuration list for PBXProject "GraphKit" */;
			compatibilityVersion = "Xcode 3.2";
			developmentRegion = English;
			hasScannedForEncodings = 0;
			knownRegions = (
				en,
			);
			mainGroup = 96D4E4C31BA76EFC00672E38;
			productRefGroup = 96D4E4CE1BA76EFC00672E38 /* Products */;
			projectDirPath = "";
			projectRoot = "";
			targets = (
				9677B4541BA78AA600C82BBB /* GraphKit iOS */,
				9677B4381BA78A9200C82BBB /* GraphKit OSX */,
				9677B45D1BA78AA600C82BBB /* GraphKit iOS Tests */,
				9677B4411BA78A9200C82BBB /* GraphKit OSX Tests */,
			);
		};
/* End PBXProject section */

/* Begin PBXResourcesBuildPhase section */
		9677B4371BA78A9200C82BBB /* Resources */ = {
			isa = PBXResourcesBuildPhase;
			buildActionMask = 2147483647;
			files = (
			);
			runOnlyForDeploymentPostprocessing = 0;
		};
		9677B4401BA78A9200C82BBB /* Resources */ = {
			isa = PBXResourcesBuildPhase;
			buildActionMask = 2147483647;
			files = (
			);
			runOnlyForDeploymentPostprocessing = 0;
		};
		9677B4531BA78AA600C82BBB /* Resources */ = {
			isa = PBXResourcesBuildPhase;
			buildActionMask = 2147483647;
			files = (
			);
			runOnlyForDeploymentPostprocessing = 0;
		};
		9677B45C1BA78AA600C82BBB /* Resources */ = {
			isa = PBXResourcesBuildPhase;
			buildActionMask = 2147483647;
			files = (
			);
			runOnlyForDeploymentPostprocessing = 0;
		};
/* End PBXResourcesBuildPhase section */

/* Begin PBXSourcesBuildPhase section */
		9677B4341BA78A9200C82BBB /* Sources */ = {
			isa = PBXSourcesBuildPhase;
			buildActionMask = 2147483647;
			files = (
				6557F6B51BADC14F00CBA9AC /* GraphSearch.swift in Sources */,
				9677B4FF1BA78E1500C82BBB /* Probability.swift in Sources */,
				9677B5001BA78E1500C82BBB /* Reachability.swift in Sources */,
				9677B5011BA78E1500C82BBB /* Session.swift in Sources */,
				9677B5021BA78E1500C82BBB /* JSON.swift in Sources */,
				9677B5031BA78E1500C82BBB /* RedBlackTree.swift in Sources */,
				9677B5041BA78E1500C82BBB /* RedBlackNode.swift in Sources */,
				657FEDAB1BA8F844004D7504 /* Node.swift in Sources */,
				9677B5051BA78E1500C82BBB /* SortedSet.swift in Sources */,
				9677B5061BA78E1500C82BBB /* SortedMultiSet.swift in Sources */,
				9677B5071BA78E1500C82BBB /* SortedDictionary.swift in Sources */,
				96E22D551BA8DE590050BB5F /* GraphObject.swift in Sources */,
				9677B5081BA78E1500C82BBB /* SortedMultiDictionary.swift in Sources */,
				96E22D4F1BA8D0650050BB5F /* ManagedNodeProperty.swift in Sources */,
				9677B5091BA78E1500C82BBB /* Sort.swift in Sources */,
				9677B50A1BA78E1500C82BBB /* InsertionSort.swift in Sources */,
				9677B50B1BA78E1500C82BBB /* List.swift in Sources */,
				9677B50C1BA78E1500C82BBB /* ListNode.swift in Sources */,
				96E22D521BA8D2A30050BB5F /* ManagedNodeGroup.swift in Sources */,
				9677B50D1BA78E1500C82BBB /* Stack.swift in Sources */,
				9677B50E1BA78E1500C82BBB /* Queue.swift in Sources */,
				9677B50F1BA78E1500C82BBB /* Deque.swift in Sources */,
				9677B5101BA78E1500C82BBB /* Graph.swift in Sources */,
				9677B5111BA78E1500C82BBB /* Entity.swift in Sources */,
				9677B5121BA78E1500C82BBB /* Action.swift in Sources */,
				9677B5131BA78E1500C82BBB /* Bond.swift in Sources */,
				6557F6C41BADD2A700CBA9AC /* GraphWatch.swift in Sources */,
				9677B5141BA78E1500C82BBB /* ManagedEntity.swift in Sources */,
				9677B5151BA78E1500C82BBB /* ManagedEntityGroup.swift in Sources */,
				9677B5161BA78E1500C82BBB /* ManagedEntityProperty.swift in Sources */,
				9677B5171BA78E1500C82BBB /* ManagedAction.swift in Sources */,
				9677B5181BA78E1500C82BBB /* ManagedActionGroup.swift in Sources */,
				9677B5191BA78E1500C82BBB /* ManagedActionProperty.swift in Sources */,
				9677B51A1BA78E1500C82BBB /* ManagedBond.swift in Sources */,
				9677B51B1BA78E1500C82BBB /* ManagedBondGroup.swift in Sources */,
				9677B51C1BA78E1500C82BBB /* ManagedBondProperty.swift in Sources */,
				96E22D4C1BA8CC7E0050BB5F /* ManagedNode.swift in Sources */,
			);
			runOnlyForDeploymentPostprocessing = 0;
		};
		9677B43E1BA78A9200C82BBB /* Sources */ = {
			isa = PBXSourcesBuildPhase;
			buildActionMask = 2147483647;
			files = (
				9677B4CD1BA78C3D00C82BBB /* EntityTests.swift in Sources */,
				9677B4CC1BA78C3D00C82BBB /* EntityStressTests.swift in Sources */,
				9677B4D51BA78C3D00C82BBB /* SortedSetTest.swift in Sources */,
				9677B4CE1BA78C3D00C82BBB /* GroupTests.swift in Sources */,
				9677B4D81BA78C3D00C82BBB /* ReachabilityTests.swift in Sources */,
				9677B4D21BA78C3D00C82BBB /* SortedDictionaryTests.swift in Sources */,
				9677B4CB1BA78C3D00C82BBB /* EntitySearchTests.swift in Sources */,
				9677B4C71BA78C3D00C82BBB /* BondSearchTests.swift in Sources */,
				9677B4D71BA78C3D00C82BBB /* QueueTests.swift in Sources */,
				9677B4D91BA78C3D00C82BBB /* RedBlackTreeTests.swift in Sources */,
				9677B4D41BA78C3D00C82BBB /* SortedMultiSetTests.swift in Sources */,
				9677B4CF1BA78C3D00C82BBB /* InsertionSortTests.swift in Sources */,
				9677B4CA1BA78C3D00C82BBB /* DequeTests.swift in Sources */,
				9677B4C61BA78C3D00C82BBB /* ActionTests.swift in Sources */,
				9677B4C91BA78C3D00C82BBB /* BondTests.swift in Sources */,
				9677B4DA1BA78C3D00C82BBB /* SessionTests.swift in Sources */,
				9677B4DC1BA78C3D00C82BBB /* GraphKitTests.swift in Sources */,
				9677B4C81BA78C3D00C82BBB /* BondStressTests.swift in Sources */,
				9677B4D01BA78C3D00C82BBB /* JSONTests.swift in Sources */,
				9677B4C41BA78C3D00C82BBB /* ActionSearchTests.swift in Sources */,
				9677B4D61BA78C3D00C82BBB /* ProbabilityTests.swift in Sources */,
				9677B4DB1BA78C3D00C82BBB /* StackTests.swift in Sources */,
				9677B4C51BA78C3D00C82BBB /* ActionStressTests.swift in Sources */,
				9677B4D11BA78C3D00C82BBB /* ListTests.swift in Sources */,
				9677B4D31BA78C3D00C82BBB /* SortedMultiDictionaryTests.swift in Sources */,
			);
			runOnlyForDeploymentPostprocessing = 0;
		};
		9677B4501BA78AA600C82BBB /* Sources */ = {
			isa = PBXSourcesBuildPhase;
			buildActionMask = 2147483647;
			files = (
				6557F6B41BADC14F00CBA9AC /* GraphSearch.swift in Sources */,
				9677B4E11BA78DEF00C82BBB /* Probability.swift in Sources */,
				9677B4E21BA78DEF00C82BBB /* Reachability.swift in Sources */,
				9677B4E31BA78DEF00C82BBB /* Session.swift in Sources */,
				9677B4E41BA78DEF00C82BBB /* JSON.swift in Sources */,
				9677B4E51BA78DEF00C82BBB /* RedBlackTree.swift in Sources */,
				9677B4E61BA78DEF00C82BBB /* RedBlackNode.swift in Sources */,
				657FEDAA1BA8F844004D7504 /* Node.swift in Sources */,
				9677B4E71BA78DEF00C82BBB /* SortedSet.swift in Sources */,
				9677B4E81BA78DEF00C82BBB /* SortedMultiSet.swift in Sources */,
				9677B4E91BA78DEF00C82BBB /* SortedDictionary.swift in Sources */,
				96E22D541BA8DE590050BB5F /* GraphObject.swift in Sources */,
				9677B4EA1BA78DEF00C82BBB /* SortedMultiDictionary.swift in Sources */,
				96E22D4E1BA8D0650050BB5F /* ManagedNodeProperty.swift in Sources */,
				9677B4EB1BA78DEF00C82BBB /* Sort.swift in Sources */,
				9677B4EC1BA78DEF00C82BBB /* InsertionSort.swift in Sources */,
				9677B4ED1BA78DEF00C82BBB /* List.swift in Sources */,
				9677B4EE1BA78DEF00C82BBB /* ListNode.swift in Sources */,
				96E22D511BA8D2A30050BB5F /* ManagedNodeGroup.swift in Sources */,
				9677B4EF1BA78DEF00C82BBB /* Stack.swift in Sources */,
				9677B4F01BA78DEF00C82BBB /* Queue.swift in Sources */,
				9677B4F11BA78DEF00C82BBB /* Deque.swift in Sources */,
				9677B4F21BA78DEF00C82BBB /* Graph.swift in Sources */,
				9677B4F31BA78DEF00C82BBB /* Entity.swift in Sources */,
				9677B4F41BA78DEF00C82BBB /* Action.swift in Sources */,
				9677B4F51BA78DEF00C82BBB /* Bond.swift in Sources */,
				6557F6C31BADD2A700CBA9AC /* GraphWatch.swift in Sources */,
				9677B4F61BA78DEF00C82BBB /* ManagedEntity.swift in Sources */,
				9677B4F71BA78DEF00C82BBB /* ManagedEntityGroup.swift in Sources */,
				9677B4F81BA78DEF00C82BBB /* ManagedEntityProperty.swift in Sources */,
				9677B4F91BA78DEF00C82BBB /* ManagedAction.swift in Sources */,
				9677B4FA1BA78DEF00C82BBB /* ManagedActionGroup.swift in Sources */,
				9677B4FB1BA78DEF00C82BBB /* ManagedActionProperty.swift in Sources */,
				9677B4FC1BA78DEF00C82BBB /* ManagedBond.swift in Sources */,
				9677B4FD1BA78DEF00C82BBB /* ManagedBondGroup.swift in Sources */,
				9677B4FE1BA78DEF00C82BBB /* ManagedBondProperty.swift in Sources */,
				96E22D4B1BA8CC7E0050BB5F /* ManagedNode.swift in Sources */,
			);
			runOnlyForDeploymentPostprocessing = 0;
		};
		9677B45A1BA78AA600C82BBB /* Sources */ = {
			isa = PBXSourcesBuildPhase;
			buildActionMask = 2147483647;
			files = (
				9677B4B31BA78C3C00C82BBB /* EntityTests.swift in Sources */,
				9677B4B21BA78C3C00C82BBB /* EntityStressTests.swift in Sources */,
				9677B4BB1BA78C3C00C82BBB /* SortedSetTest.swift in Sources */,
				9677B4B41BA78C3C00C82BBB /* GroupTests.swift in Sources */,
				9677B4BE1BA78C3C00C82BBB /* ReachabilityTests.swift in Sources */,
				9677B4B81BA78C3C00C82BBB /* SortedDictionaryTests.swift in Sources */,
				9677B4B11BA78C3C00C82BBB /* EntitySearchTests.swift in Sources */,
				9677B4AD1BA78C3C00C82BBB /* BondSearchTests.swift in Sources */,
				9677B4BD1BA78C3C00C82BBB /* QueueTests.swift in Sources */,
				9677B4BF1BA78C3C00C82BBB /* RedBlackTreeTests.swift in Sources */,
				9677B4BA1BA78C3C00C82BBB /* SortedMultiSetTests.swift in Sources */,
				9677B4B51BA78C3C00C82BBB /* InsertionSortTests.swift in Sources */,
				9677B4B01BA78C3C00C82BBB /* DequeTests.swift in Sources */,
				9677B4AC1BA78C3C00C82BBB /* ActionTests.swift in Sources */,
				9677B4AF1BA78C3C00C82BBB /* BondTests.swift in Sources */,
				9677B4C01BA78C3C00C82BBB /* SessionTests.swift in Sources */,
				9677B4C21BA78C3C00C82BBB /* GraphKitTests.swift in Sources */,
				9677B4AE1BA78C3C00C82BBB /* BondStressTests.swift in Sources */,
				9677B4B61BA78C3C00C82BBB /* JSONTests.swift in Sources */,
				9677B4AA1BA78C3C00C82BBB /* ActionSearchTests.swift in Sources */,
				9677B4BC1BA78C3C00C82BBB /* ProbabilityTests.swift in Sources */,
				9677B4C11BA78C3C00C82BBB /* StackTests.swift in Sources */,
				9677B4AB1BA78C3C00C82BBB /* ActionStressTests.swift in Sources */,
				9677B4B71BA78C3C00C82BBB /* ListTests.swift in Sources */,
				9677B4B91BA78C3C00C82BBB /* SortedMultiDictionaryTests.swift in Sources */,
			);
			runOnlyForDeploymentPostprocessing = 0;
		};
/* End PBXSourcesBuildPhase section */

/* Begin PBXTargetDependency section */
		9677B4451BA78A9200C82BBB /* PBXTargetDependency */ = {
			isa = PBXTargetDependency;
			target = 9677B4381BA78A9200C82BBB /* GraphKit OSX */;
			targetProxy = 9677B4441BA78A9200C82BBB /* PBXContainerItemProxy */;
		};
		9677B4611BA78AA600C82BBB /* PBXTargetDependency */ = {
			isa = PBXTargetDependency;
			target = 9677B4541BA78AA600C82BBB /* GraphKit iOS */;
			targetProxy = 9677B4601BA78AA600C82BBB /* PBXContainerItemProxy */;
		};
/* End PBXTargetDependency section */

/* Begin XCBuildConfiguration section */
		9677B44B1BA78A9200C82BBB /* Debug */ = {
			isa = XCBuildConfiguration;
			buildSettings = {
				CODE_SIGN_IDENTITY = "-";
				COMBINE_HIDPI_IMAGES = YES;
				DEFINES_MODULE = YES;
				DYLIB_COMPATIBILITY_VERSION = 1;
				DYLIB_CURRENT_VERSION = 1;
				DYLIB_INSTALL_NAME_BASE = "@rpath";
				FRAMEWORK_VERSION = A;
				INFOPLIST_FILE = Source/Info.plist;
				INSTALL_PATH = "$(LOCAL_LIBRARY_DIR)/Frameworks";
				LD_RUNPATH_SEARCH_PATHS = "$(inherited) @executable_path/../Frameworks @loader_path/Frameworks";
				PRODUCT_BUNDLE_IDENTIFIER = "io.graphkit.GraphKit-OSX";
				PRODUCT_NAME = GraphKit;
				SDKROOT = macosx;
				SKIP_INSTALL = YES;
			};
			name = Debug;
		};
		9677B44C1BA78A9200C82BBB /* Release */ = {
			isa = XCBuildConfiguration;
			buildSettings = {
				CODE_SIGN_IDENTITY = "-";
				COMBINE_HIDPI_IMAGES = YES;
				DEFINES_MODULE = YES;
				DYLIB_COMPATIBILITY_VERSION = 1;
				DYLIB_CURRENT_VERSION = 1;
				DYLIB_INSTALL_NAME_BASE = "@rpath";
				FRAMEWORK_VERSION = A;
				INFOPLIST_FILE = Source/Info.plist;
				INSTALL_PATH = "$(LOCAL_LIBRARY_DIR)/Frameworks";
				LD_RUNPATH_SEARCH_PATHS = "$(inherited) @executable_path/../Frameworks @loader_path/Frameworks";
				PRODUCT_BUNDLE_IDENTIFIER = "io.graphkit.GraphKit-OSX";
				PRODUCT_NAME = GraphKit;
				SDKROOT = macosx;
				SKIP_INSTALL = YES;
			};
			name = Release;
		};
		9677B44E1BA78A9200C82BBB /* Debug */ = {
			isa = XCBuildConfiguration;
			buildSettings = {
				CODE_SIGN_IDENTITY = "-";
				COMBINE_HIDPI_IMAGES = YES;
				INFOPLIST_FILE = Tests/Info.plist;
				LD_RUNPATH_SEARCH_PATHS = "$(inherited) @executable_path/../Frameworks @loader_path/../Frameworks";
				MACOSX_DEPLOYMENT_TARGET = 10.10;
				PRODUCT_BUNDLE_IDENTIFIER = "io.graphkit.GraphKit-OSXTests";
				PRODUCT_NAME = "$(TARGET_NAME)";
				SDKROOT = macosx;
			};
			name = Debug;
		};
		9677B44F1BA78A9200C82BBB /* Release */ = {
			isa = XCBuildConfiguration;
			buildSettings = {
				CODE_SIGN_IDENTITY = "-";
				COMBINE_HIDPI_IMAGES = YES;
				INFOPLIST_FILE = Tests/Info.plist;
				LD_RUNPATH_SEARCH_PATHS = "$(inherited) @executable_path/../Frameworks @loader_path/../Frameworks";
				MACOSX_DEPLOYMENT_TARGET = 10.10;
				PRODUCT_BUNDLE_IDENTIFIER = "io.graphkit.GraphKit-OSXTests";
				PRODUCT_NAME = "$(TARGET_NAME)";
				SDKROOT = macosx;
			};
			name = Release;
		};
		9677B4671BA78AA600C82BBB /* Debug */ = {
			isa = XCBuildConfiguration;
			buildSettings = {
				DEFINES_MODULE = YES;
				DYLIB_COMPATIBILITY_VERSION = 1;
				DYLIB_CURRENT_VERSION = 1;
				DYLIB_INSTALL_NAME_BASE = "@rpath";
				INFOPLIST_FILE = Source/Info.plist;
				INSTALL_PATH = "$(LOCAL_LIBRARY_DIR)/Frameworks";
				LD_RUNPATH_SEARCH_PATHS = "$(inherited) @executable_path/Frameworks @loader_path/Frameworks";
				PRODUCT_BUNDLE_IDENTIFIER = "io.graphkit.GraphKit-iOS";
				PRODUCT_NAME = GraphKit;
				SKIP_INSTALL = YES;
			};
			name = Debug;
		};
		9677B4681BA78AA600C82BBB /* Release */ = {
			isa = XCBuildConfiguration;
			buildSettings = {
				DEFINES_MODULE = YES;
				DYLIB_COMPATIBILITY_VERSION = 1;
				DYLIB_CURRENT_VERSION = 1;
				DYLIB_INSTALL_NAME_BASE = "@rpath";
				INFOPLIST_FILE = Source/Info.plist;
				INSTALL_PATH = "$(LOCAL_LIBRARY_DIR)/Frameworks";
				LD_RUNPATH_SEARCH_PATHS = "$(inherited) @executable_path/Frameworks @loader_path/Frameworks";
				PRODUCT_BUNDLE_IDENTIFIER = "io.graphkit.GraphKit-iOS";
				PRODUCT_NAME = GraphKit;
				SKIP_INSTALL = YES;
			};
			name = Release;
		};
		9677B46A1BA78AA600C82BBB /* Debug */ = {
			isa = XCBuildConfiguration;
			buildSettings = {
				INFOPLIST_FILE = Tests/Info.plist;
				IPHONEOS_DEPLOYMENT_TARGET = 8.3;
				LD_RUNPATH_SEARCH_PATHS = "$(inherited) @executable_path/Frameworks @loader_path/Frameworks";
				PRODUCT_BUNDLE_IDENTIFIER = "io.graphkit.GraphKit-iOSTests";
				PRODUCT_NAME = "$(TARGET_NAME)";
			};
			name = Debug;
		};
		9677B46B1BA78AA600C82BBB /* Release */ = {
			isa = XCBuildConfiguration;
			buildSettings = {
				INFOPLIST_FILE = Tests/Info.plist;
				IPHONEOS_DEPLOYMENT_TARGET = 8.3;
				LD_RUNPATH_SEARCH_PATHS = "$(inherited) @executable_path/Frameworks @loader_path/Frameworks";
				PRODUCT_BUNDLE_IDENTIFIER = "io.graphkit.GraphKit-iOSTests";
				PRODUCT_NAME = "$(TARGET_NAME)";
			};
			name = Release;
		};
		96D4E4DF1BA76EFC00672E38 /* Debug */ = {
			isa = XCBuildConfiguration;
			buildSettings = {
				ALWAYS_SEARCH_USER_PATHS = NO;
				CLANG_CXX_LANGUAGE_STANDARD = "gnu++0x";
				CLANG_CXX_LIBRARY = "libc++";
				CLANG_ENABLE_MODULES = YES;
				CLANG_ENABLE_OBJC_ARC = YES;
				CLANG_WARN_BOOL_CONVERSION = YES;
				CLANG_WARN_CONSTANT_CONVERSION = YES;
				CLANG_WARN_DIRECT_OBJC_ISA_USAGE = YES_ERROR;
				CLANG_WARN_EMPTY_BODY = YES;
				CLANG_WARN_ENUM_CONVERSION = YES;
				CLANG_WARN_INT_CONVERSION = YES;
				CLANG_WARN_OBJC_ROOT_CLASS = YES_ERROR;
				CLANG_WARN_UNREACHABLE_CODE = YES;
				CLANG_WARN__DUPLICATE_METHOD_MATCH = YES;
				"CODE_SIGN_IDENTITY[sdk=iphoneos*]" = "iPhone Developer";
				COPY_PHASE_STRIP = NO;
				CURRENT_PROJECT_VERSION = 1;
				DEBUG_INFORMATION_FORMAT = dwarf;
				ENABLE_STRICT_OBJC_MSGSEND = YES;
				ENABLE_TESTABILITY = YES;
				GCC_C_LANGUAGE_STANDARD = gnu99;
				GCC_DYNAMIC_NO_PIC = NO;
				GCC_NO_COMMON_BLOCKS = YES;
				GCC_OPTIMIZATION_LEVEL = 0;
				GCC_PREPROCESSOR_DEFINITIONS = (
					"DEBUG=1",
					"$(inherited)",
				);
				GCC_WARN_64_TO_32_BIT_CONVERSION = YES;
				GCC_WARN_ABOUT_RETURN_TYPE = YES_ERROR;
				GCC_WARN_UNDECLARED_SELECTOR = YES;
				GCC_WARN_UNINITIALIZED_AUTOS = YES_AGGRESSIVE;
				GCC_WARN_UNUSED_FUNCTION = YES;
				GCC_WARN_UNUSED_VARIABLE = YES;
				IPHONEOS_DEPLOYMENT_TARGET = 8.3;
				MACOSX_DEPLOYMENT_TARGET = 10.10;
				MTL_ENABLE_DEBUG_INFO = YES;
				ONLY_ACTIVE_ARCH = YES;
				SDKROOT = iphoneos;
				SWIFT_OPTIMIZATION_LEVEL = "-Onone";
				TARGETED_DEVICE_FAMILY = "1,2";
				VERSIONING_SYSTEM = "apple-generic";
				VERSION_INFO_PREFIX = "";
			};
			name = Debug;
		};
		96D4E4E01BA76EFC00672E38 /* Release */ = {
			isa = XCBuildConfiguration;
			buildSettings = {
				ALWAYS_SEARCH_USER_PATHS = NO;
				CLANG_CXX_LANGUAGE_STANDARD = "gnu++0x";
				CLANG_CXX_LIBRARY = "libc++";
				CLANG_ENABLE_MODULES = YES;
				CLANG_ENABLE_OBJC_ARC = YES;
				CLANG_WARN_BOOL_CONVERSION = YES;
				CLANG_WARN_CONSTANT_CONVERSION = YES;
				CLANG_WARN_DIRECT_OBJC_ISA_USAGE = YES_ERROR;
				CLANG_WARN_EMPTY_BODY = YES;
				CLANG_WARN_ENUM_CONVERSION = YES;
				CLANG_WARN_INT_CONVERSION = YES;
				CLANG_WARN_OBJC_ROOT_CLASS = YES_ERROR;
				CLANG_WARN_UNREACHABLE_CODE = YES;
				CLANG_WARN__DUPLICATE_METHOD_MATCH = YES;
				"CODE_SIGN_IDENTITY[sdk=iphoneos*]" = "iPhone Developer";
				COPY_PHASE_STRIP = NO;
				CURRENT_PROJECT_VERSION = 1;
				DEBUG_INFORMATION_FORMAT = "dwarf-with-dsym";
				ENABLE_NS_ASSERTIONS = NO;
				ENABLE_STRICT_OBJC_MSGSEND = YES;
				GCC_C_LANGUAGE_STANDARD = gnu99;
				GCC_NO_COMMON_BLOCKS = YES;
				GCC_WARN_64_TO_32_BIT_CONVERSION = YES;
				GCC_WARN_ABOUT_RETURN_TYPE = YES_ERROR;
				GCC_WARN_UNDECLARED_SELECTOR = YES;
				GCC_WARN_UNINITIALIZED_AUTOS = YES_AGGRESSIVE;
				GCC_WARN_UNUSED_FUNCTION = YES;
				GCC_WARN_UNUSED_VARIABLE = YES;
				IPHONEOS_DEPLOYMENT_TARGET = 8.3;
				MACOSX_DEPLOYMENT_TARGET = 10.10;
				MTL_ENABLE_DEBUG_INFO = NO;
				SDKROOT = iphoneos;
				TARGETED_DEVICE_FAMILY = "1,2";
				VALIDATE_PRODUCT = YES;
				VERSIONING_SYSTEM = "apple-generic";
				VERSION_INFO_PREFIX = "";
			};
			name = Release;
		};
/* End XCBuildConfiguration section */

/* Begin XCConfigurationList section */
		9677B44A1BA78A9200C82BBB /* Build configuration list for PBXNativeTarget "GraphKit OSX" */ = {
			isa = XCConfigurationList;
			buildConfigurations = (
				9677B44B1BA78A9200C82BBB /* Debug */,
				9677B44C1BA78A9200C82BBB /* Release */,
			);
			defaultConfigurationIsVisible = 0;
			defaultConfigurationName = Release;
		};
		9677B44D1BA78A9200C82BBB /* Build configuration list for PBXNativeTarget "GraphKit OSX Tests" */ = {
			isa = XCConfigurationList;
			buildConfigurations = (
				9677B44E1BA78A9200C82BBB /* Debug */,
				9677B44F1BA78A9200C82BBB /* Release */,
			);
			defaultConfigurationIsVisible = 0;
			defaultConfigurationName = Release;
		};
		9677B4661BA78AA600C82BBB /* Build configuration list for PBXNativeTarget "GraphKit iOS" */ = {
			isa = XCConfigurationList;
			buildConfigurations = (
				9677B4671BA78AA600C82BBB /* Debug */,
				9677B4681BA78AA600C82BBB /* Release */,
			);
			defaultConfigurationIsVisible = 0;
			defaultConfigurationName = Release;
		};
		9677B4691BA78AA600C82BBB /* Build configuration list for PBXNativeTarget "GraphKit iOS Tests" */ = {
			isa = XCConfigurationList;
			buildConfigurations = (
				9677B46A1BA78AA600C82BBB /* Debug */,
				9677B46B1BA78AA600C82BBB /* Release */,
			);
			defaultConfigurationIsVisible = 0;
			defaultConfigurationName = Release;
		};
		96D4E4C71BA76EFC00672E38 /* Build configuration list for PBXProject "GraphKit" */ = {
			isa = XCConfigurationList;
			buildConfigurations = (
				96D4E4DF1BA76EFC00672E38 /* Debug */,
				96D4E4E01BA76EFC00672E38 /* Release */,
			);
			defaultConfigurationIsVisible = 0;
			defaultConfigurationName = Release;
		};
/* End XCConfigurationList section */
	};
	rootObject = 96D4E4C41BA76EFC00672E38 /* Project object */;
}
