// !$*UTF8*$!
{
	archiveVersion = 1;
	classes = {
	};
	objectVersion = 46;
	objects = {

/* Begin PBXBuildFile section */
		961242D91B2B36B800CD47E0 /* RedBlackTree.swift in Sources */ = {isa = PBXBuildFile; fileRef = 961242D81B2B36B800CD47E0 /* RedBlackTree.swift */; };
		961242DA1B2B36B800CD47E0 /* RedBlackTree.swift in Sources */ = {isa = PBXBuildFile; fileRef = 961242D81B2B36B800CD47E0 /* RedBlackTree.swift */; };
		961242DC1B2B36C500CD47E0 /* RedBlackNode.swift in Sources */ = {isa = PBXBuildFile; fileRef = 961242DB1B2B36C500CD47E0 /* RedBlackNode.swift */; };
		961242DD1B2B36C500CD47E0 /* RedBlackNode.swift in Sources */ = {isa = PBXBuildFile; fileRef = 961242DB1B2B36C500CD47E0 /* RedBlackNode.swift */; };
		961242DF1B2B36D300CD47E0 /* InsertionSort.swift in Sources */ = {isa = PBXBuildFile; fileRef = 961242DE1B2B36D300CD47E0 /* InsertionSort.swift */; };
		961242E01B2B36D300CD47E0 /* InsertionSort.swift in Sources */ = {isa = PBXBuildFile; fileRef = 961242DE1B2B36D300CD47E0 /* InsertionSort.swift */; };
		961242E21B2B36DD00CD47E0 /* Tree.swift in Sources */ = {isa = PBXBuildFile; fileRef = 961242E11B2B36DD00CD47E0 /* Tree.swift */; };
		961242E31B2B36DD00CD47E0 /* Tree.swift in Sources */ = {isa = PBXBuildFile; fileRef = 961242E11B2B36DD00CD47E0 /* Tree.swift */; };
		961242E51B2B36E800CD47E0 /* MultiTree.swift in Sources */ = {isa = PBXBuildFile; fileRef = 961242E41B2B36E800CD47E0 /* MultiTree.swift */; };
		961242E61B2B36E800CD47E0 /* MultiTree.swift in Sources */ = {isa = PBXBuildFile; fileRef = 961242E41B2B36E800CD47E0 /* MultiTree.swift */; };
		961242E81B2B376800CD47E0 /* TreeTests.swift in Sources */ = {isa = PBXBuildFile; fileRef = 961242E71B2B376800CD47E0 /* TreeTests.swift */; };
		961242E91B2B376800CD47E0 /* TreeTests.swift in Sources */ = {isa = PBXBuildFile; fileRef = 961242E71B2B376800CD47E0 /* TreeTests.swift */; };
		961242EB1B2B378400CD47E0 /* MultiTreeTests.swift in Sources */ = {isa = PBXBuildFile; fileRef = 961242EA1B2B378400CD47E0 /* MultiTreeTests.swift */; };
		961242EC1B2B378400CD47E0 /* MultiTreeTests.swift in Sources */ = {isa = PBXBuildFile; fileRef = 961242EA1B2B378400CD47E0 /* MultiTreeTests.swift */; };
		961242EE1B2B37A500CD47E0 /* InsertionSortTests.swift in Sources */ = {isa = PBXBuildFile; fileRef = 961242ED1B2B37A500CD47E0 /* InsertionSortTests.swift */; };
		961242EF1B2B37A500CD47E0 /* InsertionSortTests.swift in Sources */ = {isa = PBXBuildFile; fileRef = 961242ED1B2B37A500CD47E0 /* InsertionSortTests.swift */; };
		961242F01B2B38AB00CD47E0 /* InsertionSort.swift in Headers */ = {isa = PBXBuildFile; fileRef = 961242DE1B2B36D300CD47E0 /* InsertionSort.swift */; settings = {ATTRIBUTES = (Private, ); }; };
		961242F11B2B38AB00CD47E0 /* RedBlackNode.swift in Headers */ = {isa = PBXBuildFile; fileRef = 961242DB1B2B36C500CD47E0 /* RedBlackNode.swift */; settings = {ATTRIBUTES = (Private, ); }; };
		961242F21B2B38AB00CD47E0 /* RedBlackTree.swift in Headers */ = {isa = PBXBuildFile; fileRef = 961242D81B2B36B800CD47E0 /* RedBlackTree.swift */; settings = {ATTRIBUTES = (Private, ); }; };
		961242F31B2B38AB00CD47E0 /* Tree.swift in Headers */ = {isa = PBXBuildFile; fileRef = 961242E11B2B36DD00CD47E0 /* Tree.swift */; settings = {ATTRIBUTES = (Public, ); }; };
		961242F41B2B38AB00CD47E0 /* MultiTree.swift in Headers */ = {isa = PBXBuildFile; fileRef = 961242E41B2B36E800CD47E0 /* MultiTree.swift */; settings = {ATTRIBUTES = (Public, ); }; };
		961242F51B2B38AB00CD47E0 /* ActionGroup.swift in Headers */ = {isa = PBXBuildFile; fileRef = 96C031B81AD72FD300EE4C63 /* ActionGroup.swift */; settings = {ATTRIBUTES = (Private, ); }; };
		961242F61B2B38AB00CD47E0 /* ActionProperty.swift in Headers */ = {isa = PBXBuildFile; fileRef = 96C031B91AD72FD300EE4C63 /* ActionProperty.swift */; settings = {ATTRIBUTES = (Private, ); }; };
		961242F71B2B38AB00CD47E0 /* BondGroup.swift in Headers */ = {isa = PBXBuildFile; fileRef = 96C031BB1AD72FD300EE4C63 /* BondGroup.swift */; settings = {ATTRIBUTES = (Private, ); }; };
		961242F81B2B38AB00CD47E0 /* BondProperty.swift in Headers */ = {isa = PBXBuildFile; fileRef = 96C031BC1AD72FD300EE4C63 /* BondProperty.swift */; settings = {ATTRIBUTES = (Private, ); }; };
		961242F91B2B38AB00CD47E0 /* EntityGroup.swift in Headers */ = {isa = PBXBuildFile; fileRef = 96C031BE1AD72FD300EE4C63 /* EntityGroup.swift */; settings = {ATTRIBUTES = (Private, ); }; };
		961242FA1B2B38AB00CD47E0 /* EntityProperty.swift in Headers */ = {isa = PBXBuildFile; fileRef = 96C031BF1AD72FD300EE4C63 /* EntityProperty.swift */; settings = {ATTRIBUTES = (Private, ); }; };
		961242FB1B2B38AB00CD47E0 /* ManagedAction.swift in Headers */ = {isa = PBXBuildFile; fileRef = 96C031C11AD72FD300EE4C63 /* ManagedAction.swift */; settings = {ATTRIBUTES = (Private, ); }; };
		961242FC1B2B38AB00CD47E0 /* ManagedBond.swift in Headers */ = {isa = PBXBuildFile; fileRef = 96C031C21AD72FD300EE4C63 /* ManagedBond.swift */; settings = {ATTRIBUTES = (Private, ); }; };
		961242FD1B2B38AB00CD47E0 /* ManagedEntity.swift in Headers */ = {isa = PBXBuildFile; fileRef = 96C031C31AD72FD300EE4C63 /* ManagedEntity.swift */; settings = {ATTRIBUTES = (Private, ); }; };
		961242FE1B2B38AB00CD47E0 /* Action.swift in Headers */ = {isa = PBXBuildFile; fileRef = 96C031B71AD72FD300EE4C63 /* Action.swift */; settings = {ATTRIBUTES = (Public, ); }; };
		961242FF1B2B38AB00CD47E0 /* Bond.swift in Headers */ = {isa = PBXBuildFile; fileRef = 96C031BA1AD72FD300EE4C63 /* Bond.swift */; settings = {ATTRIBUTES = (Public, ); }; };
		961243001B2B38AB00CD47E0 /* Entity.swift in Headers */ = {isa = PBXBuildFile; fileRef = 96C031BD1AD72FD300EE4C63 /* Entity.swift */; settings = {ATTRIBUTES = (Public, ); }; };
		961243011B2B38AB00CD47E0 /* Graph.swift in Headers */ = {isa = PBXBuildFile; fileRef = 96C031C01AD72FD300EE4C63 /* Graph.swift */; settings = {ATTRIBUTES = (Public, ); }; };
		961243021B2B38E000CD47E0 /* InsertionSort.swift in Headers */ = {isa = PBXBuildFile; fileRef = 961242DE1B2B36D300CD47E0 /* InsertionSort.swift */; settings = {ATTRIBUTES = (Private, ); }; };
		961243031B2B38E000CD47E0 /* RedBlackNode.swift in Headers */ = {isa = PBXBuildFile; fileRef = 961242DB1B2B36C500CD47E0 /* RedBlackNode.swift */; settings = {ATTRIBUTES = (Private, ); }; };
		961243041B2B38E000CD47E0 /* RedBlackTree.swift in Headers */ = {isa = PBXBuildFile; fileRef = 961242D81B2B36B800CD47E0 /* RedBlackTree.swift */; settings = {ATTRIBUTES = (Private, ); }; };
		961243051B2B38E000CD47E0 /* Tree.swift in Headers */ = {isa = PBXBuildFile; fileRef = 961242E11B2B36DD00CD47E0 /* Tree.swift */; settings = {ATTRIBUTES = (Public, ); }; };
		961243061B2B38E000CD47E0 /* MultiTree.swift in Headers */ = {isa = PBXBuildFile; fileRef = 961242E41B2B36E800CD47E0 /* MultiTree.swift */; settings = {ATTRIBUTES = (Public, ); }; };
		961243071B2B38E000CD47E0 /* ActionGroup.swift in Headers */ = {isa = PBXBuildFile; fileRef = 96C031B81AD72FD300EE4C63 /* ActionGroup.swift */; settings = {ATTRIBUTES = (Private, ); }; };
		961243081B2B38E000CD47E0 /* ActionProperty.swift in Headers */ = {isa = PBXBuildFile; fileRef = 96C031B91AD72FD300EE4C63 /* ActionProperty.swift */; settings = {ATTRIBUTES = (Private, ); }; };
		961243091B2B38E000CD47E0 /* BondGroup.swift in Headers */ = {isa = PBXBuildFile; fileRef = 96C031BB1AD72FD300EE4C63 /* BondGroup.swift */; settings = {ATTRIBUTES = (Private, ); }; };
		9612430A1B2B38E000CD47E0 /* BondProperty.swift in Headers */ = {isa = PBXBuildFile; fileRef = 96C031BC1AD72FD300EE4C63 /* BondProperty.swift */; settings = {ATTRIBUTES = (Private, ); }; };
		9612430B1B2B38E000CD47E0 /* EntityGroup.swift in Headers */ = {isa = PBXBuildFile; fileRef = 96C031BE1AD72FD300EE4C63 /* EntityGroup.swift */; settings = {ATTRIBUTES = (Private, ); }; };
		9612430C1B2B38E000CD47E0 /* EntityProperty.swift in Headers */ = {isa = PBXBuildFile; fileRef = 96C031BF1AD72FD300EE4C63 /* EntityProperty.swift */; settings = {ATTRIBUTES = (Private, ); }; };
		9612430D1B2B38E000CD47E0 /* ManagedAction.swift in Headers */ = {isa = PBXBuildFile; fileRef = 96C031C11AD72FD300EE4C63 /* ManagedAction.swift */; settings = {ATTRIBUTES = (Private, ); }; };
		9612430E1B2B38E000CD47E0 /* ManagedBond.swift in Headers */ = {isa = PBXBuildFile; fileRef = 96C031C21AD72FD300EE4C63 /* ManagedBond.swift */; settings = {ATTRIBUTES = (Private, ); }; };
		9612430F1B2B38E000CD47E0 /* ManagedEntity.swift in Headers */ = {isa = PBXBuildFile; fileRef = 96C031C31AD72FD300EE4C63 /* ManagedEntity.swift */; settings = {ATTRIBUTES = (Private, ); }; };
		961243101B2B38E000CD47E0 /* Action.swift in Headers */ = {isa = PBXBuildFile; fileRef = 96C031B71AD72FD300EE4C63 /* Action.swift */; settings = {ATTRIBUTES = (Public, ); }; };
		961243111B2B38E000CD47E0 /* Bond.swift in Headers */ = {isa = PBXBuildFile; fileRef = 96C031BA1AD72FD300EE4C63 /* Bond.swift */; settings = {ATTRIBUTES = (Public, ); }; };
		961243121B2B38E000CD47E0 /* Entity.swift in Headers */ = {isa = PBXBuildFile; fileRef = 96C031BD1AD72FD300EE4C63 /* Entity.swift */; settings = {ATTRIBUTES = (Public, ); }; };
		961243131B2B38E000CD47E0 /* Graph.swift in Headers */ = {isa = PBXBuildFile; fileRef = 96C031C01AD72FD300EE4C63 /* Graph.swift */; settings = {ATTRIBUTES = (Public, ); }; };
		968F38851AD7379F00E963AB /* ActionSearchTests.swift in Sources */ = {isa = PBXBuildFile; fileRef = 968F38811AD7379500E963AB /* ActionSearchTests.swift */; };
		968F38871AD737A800E963AB /* BondSearchTests.swift in Sources */ = {isa = PBXBuildFile; fileRef = 968F387E1AD7372400E963AB /* BondSearchTests.swift */; };
		968F38981AD7392900E963AB /* GraphKit.framework in Frameworks */ = {isa = PBXBuildFile; fileRef = 968F388D1AD7392900E963AB /* GraphKit.framework */; };
		968F38A61AD7393900E963AB /* ActionSearchTests.swift in Sources */ = {isa = PBXBuildFile; fileRef = 968F38811AD7379500E963AB /* ActionSearchTests.swift */; };
		968F38A71AD7393900E963AB /* ActionStressTests.swift in Sources */ = {isa = PBXBuildFile; fileRef = 96C031D61AD72FE100EE4C63 /* ActionStressTests.swift */; };
		968F38A81AD7393900E963AB /* ActionTests.swift in Sources */ = {isa = PBXBuildFile; fileRef = 96C031D71AD72FE100EE4C63 /* ActionTests.swift */; };
		968F38A91AD7393900E963AB /* BondSearchTests.swift in Sources */ = {isa = PBXBuildFile; fileRef = 968F387E1AD7372400E963AB /* BondSearchTests.swift */; };
		968F38AA1AD7393900E963AB /* BondStressTests.swift in Sources */ = {isa = PBXBuildFile; fileRef = 96C031D81AD72FE100EE4C63 /* BondStressTests.swift */; };
		968F38AB1AD7393900E963AB /* BondTests.swift in Sources */ = {isa = PBXBuildFile; fileRef = 96C031D91AD72FE100EE4C63 /* BondTests.swift */; };
		968F38AC1AD7393900E963AB /* EntitySearchTests.swift in Sources */ = {isa = PBXBuildFile; fileRef = 96C031DA1AD72FE100EE4C63 /* EntitySearchTests.swift */; };
		968F38AD1AD7393900E963AB /* EntityStressTests.swift in Sources */ = {isa = PBXBuildFile; fileRef = 96C031DB1AD72FE100EE4C63 /* EntityStressTests.swift */; };
		968F38AE1AD7393900E963AB /* EntityTests.swift in Sources */ = {isa = PBXBuildFile; fileRef = 96C031DC1AD72FE100EE4C63 /* EntityTests.swift */; };
		968F38AF1AD7393900E963AB /* Tests.swift in Sources */ = {isa = PBXBuildFile; fileRef = 96C031DD1AD72FE100EE4C63 /* Tests.swift */; };
		968F38B01AD7394300E963AB /* Action.swift in Sources */ = {isa = PBXBuildFile; fileRef = 96C031B71AD72FD300EE4C63 /* Action.swift */; };
		968F38B11AD7394300E963AB /* Bond.swift in Sources */ = {isa = PBXBuildFile; fileRef = 96C031BA1AD72FD300EE4C63 /* Bond.swift */; };
		968F38B21AD7394300E963AB /* Entity.swift in Sources */ = {isa = PBXBuildFile; fileRef = 96C031BD1AD72FD300EE4C63 /* Entity.swift */; };
		968F38B31AD7394300E963AB /* Graph.swift in Sources */ = {isa = PBXBuildFile; fileRef = 96C031C01AD72FD300EE4C63 /* Graph.swift */; };
		968F38B41AD7394300E963AB /* ActionGroup.swift in Sources */ = {isa = PBXBuildFile; fileRef = 96C031B81AD72FD300EE4C63 /* ActionGroup.swift */; };
		968F38B51AD7394300E963AB /* ActionProperty.swift in Sources */ = {isa = PBXBuildFile; fileRef = 96C031B91AD72FD300EE4C63 /* ActionProperty.swift */; };
		968F38B61AD7394300E963AB /* BondGroup.swift in Sources */ = {isa = PBXBuildFile; fileRef = 96C031BB1AD72FD300EE4C63 /* BondGroup.swift */; };
		968F38B71AD7394300E963AB /* BondProperty.swift in Sources */ = {isa = PBXBuildFile; fileRef = 96C031BC1AD72FD300EE4C63 /* BondProperty.swift */; };
		968F38B81AD7394300E963AB /* EntityGroup.swift in Sources */ = {isa = PBXBuildFile; fileRef = 96C031BE1AD72FD300EE4C63 /* EntityGroup.swift */; };
		968F38B91AD7394300E963AB /* EntityProperty.swift in Sources */ = {isa = PBXBuildFile; fileRef = 96C031BF1AD72FD300EE4C63 /* EntityProperty.swift */; };
		968F38BA1AD7394300E963AB /* ManagedAction.swift in Sources */ = {isa = PBXBuildFile; fileRef = 96C031C11AD72FD300EE4C63 /* ManagedAction.swift */; };
		968F38BB1AD7394300E963AB /* ManagedBond.swift in Sources */ = {isa = PBXBuildFile; fileRef = 96C031C21AD72FD300EE4C63 /* ManagedBond.swift */; };
		968F38BC1AD7394300E963AB /* ManagedEntity.swift in Sources */ = {isa = PBXBuildFile; fileRef = 96C031C31AD72FD300EE4C63 /* ManagedEntity.swift */; };
		969F6D891B2CC4C400B573F8 /* Heap.swift in Sources */ = {isa = PBXBuildFile; fileRef = 969F6D881B2CC4C400B573F8 /* Heap.swift */; };
		969F6D8B1B2CC56F00B573F8 /* HeapNode.swift in Sources */ = {isa = PBXBuildFile; fileRef = 969F6D8A1B2CC56F00B573F8 /* HeapNode.swift */; };
		969F6D8D1B2CC76E00B573F8 /* QueueTests.swift in Sources */ = {isa = PBXBuildFile; fileRef = 969F6D8C1B2CC76E00B573F8 /* QueueTests.swift */; };
		969F6D8E1B2CC76E00B573F8 /* QueueTests.swift in Sources */ = {isa = PBXBuildFile; fileRef = 969F6D8C1B2CC76E00B573F8 /* QueueTests.swift */; };
		969F6D8F1B2CC77600B573F8 /* HeapNode.swift in Sources */ = {isa = PBXBuildFile; fileRef = 969F6D8A1B2CC56F00B573F8 /* HeapNode.swift */; };
		969F6D901B2CC77900B573F8 /* Heap.swift in Sources */ = {isa = PBXBuildFile; fileRef = 969F6D881B2CC4C400B573F8 /* Heap.swift */; };
		969F6D911B2CC82B00B573F8 /* Heap.swift in Headers */ = {isa = PBXBuildFile; fileRef = 969F6D881B2CC4C400B573F8 /* Heap.swift */; settings = {ATTRIBUTES = (Private, ); }; };
		969F6D921B2CC82B00B573F8 /* HeapNode.swift in Headers */ = {isa = PBXBuildFile; fileRef = 969F6D8A1B2CC56F00B573F8 /* HeapNode.swift */; settings = {ATTRIBUTES = (Private, ); }; };
		969F6D931B2CC84600B573F8 /* Heap.swift in Headers */ = {isa = PBXBuildFile; fileRef = 969F6D881B2CC4C400B573F8 /* Heap.swift */; settings = {ATTRIBUTES = (Private, ); }; };
		969F6D941B2CC84600B573F8 /* HeapNode.swift in Headers */ = {isa = PBXBuildFile; fileRef = 969F6D8A1B2CC56F00B573F8 /* HeapNode.swift */; settings = {ATTRIBUTES = (Private, ); }; };
		969F6D961B2CC94D00B573F8 /* Queue.swift in Sources */ = {isa = PBXBuildFile; fileRef = 969F6D951B2CC94D00B573F8 /* Queue.swift */; };
		969F6D971B2CC94D00B573F8 /* Queue.swift in Sources */ = {isa = PBXBuildFile; fileRef = 969F6D951B2CC94D00B573F8 /* Queue.swift */; };
		969F6D981B2CCA1300B573F8 /* Queue.swift in Headers */ = {isa = PBXBuildFile; fileRef = 969F6D951B2CC94D00B573F8 /* Queue.swift */; settings = {ATTRIBUTES = (Public, ); }; };
		969F6D991B2CCA2F00B573F8 /* Queue.swift in Headers */ = {isa = PBXBuildFile; fileRef = 969F6D951B2CC94D00B573F8 /* Queue.swift */; settings = {ATTRIBUTES = (Public, ); }; };
		969F6D9C1B2DC81900B573F8 /* Sort.swift in Sources */ = {isa = PBXBuildFile; fileRef = 969F6D9B1B2DC81900B573F8 /* Sort.swift */; };
		969F6D9D1B2DC81900B573F8 /* Sort.swift in Sources */ = {isa = PBXBuildFile; fileRef = 969F6D9B1B2DC81900B573F8 /* Sort.swift */; };
		969F6D9E1B2DC87600B573F8 /* Sort.swift in Headers */ = {isa = PBXBuildFile; fileRef = 969F6D9B1B2DC81900B573F8 /* Sort.swift */; settings = {ATTRIBUTES = (Public, ); }; };
		969F6D9F1B2DC89400B573F8 /* Sort.swift in Headers */ = {isa = PBXBuildFile; fileRef = 969F6D9B1B2DC81900B573F8 /* Sort.swift */; settings = {ATTRIBUTES = (Public, ); }; };
		969F6DA21B2DCB0200B573F8 /* List.swift in Sources */ = {isa = PBXBuildFile; fileRef = 969F6DA11B2DCB0200B573F8 /* List.swift */; };
		969F6DA31B2DCB0200B573F8 /* List.swift in Sources */ = {isa = PBXBuildFile; fileRef = 969F6DA11B2DCB0200B573F8 /* List.swift */; };
		969F6DA51B2DCB3900B573F8 /* ListNode.swift in Sources */ = {isa = PBXBuildFile; fileRef = 969F6DA41B2DCB3900B573F8 /* ListNode.swift */; };
		969F6DA61B2DCB3900B573F8 /* ListNode.swift in Sources */ = {isa = PBXBuildFile; fileRef = 969F6DA41B2DCB3900B573F8 /* ListNode.swift */; };
		969F6DA81B2DCC9700B573F8 /* ListTests.swift in Sources */ = {isa = PBXBuildFile; fileRef = 969F6DA71B2DCC9700B573F8 /* ListTests.swift */; };
		969F6DA91B2DCC9700B573F8 /* ListTests.swift in Sources */ = {isa = PBXBuildFile; fileRef = 969F6DA71B2DCC9700B573F8 /* ListTests.swift */; };
		969F6DAA1B2DCCDA00B573F8 /* ListNode.swift in Headers */ = {isa = PBXBuildFile; fileRef = 969F6DA41B2DCB3900B573F8 /* ListNode.swift */; settings = {ATTRIBUTES = (Private, ); }; };
		969F6DAB1B2DCCDF00B573F8 /* List.swift in Headers */ = {isa = PBXBuildFile; fileRef = 969F6DA11B2DCB0200B573F8 /* List.swift */; settings = {ATTRIBUTES = (Public, ); }; };
		969F6DAC1B2DCCF000B573F8 /* List.swift in Headers */ = {isa = PBXBuildFile; fileRef = 969F6DA11B2DCB0200B573F8 /* List.swift */; settings = {ATTRIBUTES = (Public, ); }; };
		969F6DAD1B2DCCF000B573F8 /* ListNode.swift in Headers */ = {isa = PBXBuildFile; fileRef = 969F6DA41B2DCB3900B573F8 /* ListNode.swift */; settings = {ATTRIBUTES = (Private, ); }; };
		96C031FA1AD7306200EE4C63 /* GraphKit.framework in Frameworks */ = {isa = PBXBuildFile; fileRef = 96C031EF1AD7306200EE4C63 /* GraphKit.framework */; };
		96C032081AD730C200EE4C63 /* Action.swift in Sources */ = {isa = PBXBuildFile; fileRef = 96C031B71AD72FD300EE4C63 /* Action.swift */; };
		96C032091AD730C200EE4C63 /* Bond.swift in Sources */ = {isa = PBXBuildFile; fileRef = 96C031BA1AD72FD300EE4C63 /* Bond.swift */; };
		96C0320A1AD730C200EE4C63 /* Entity.swift in Sources */ = {isa = PBXBuildFile; fileRef = 96C031BD1AD72FD300EE4C63 /* Entity.swift */; };
		96C0320B1AD730C200EE4C63 /* Graph.swift in Sources */ = {isa = PBXBuildFile; fileRef = 96C031C01AD72FD300EE4C63 /* Graph.swift */; };
		96C0320C1AD730C200EE4C63 /* ActionGroup.swift in Sources */ = {isa = PBXBuildFile; fileRef = 96C031B81AD72FD300EE4C63 /* ActionGroup.swift */; };
		96C0320D1AD730C200EE4C63 /* ActionProperty.swift in Sources */ = {isa = PBXBuildFile; fileRef = 96C031B91AD72FD300EE4C63 /* ActionProperty.swift */; };
		96C0320E1AD730C200EE4C63 /* BondGroup.swift in Sources */ = {isa = PBXBuildFile; fileRef = 96C031BB1AD72FD300EE4C63 /* BondGroup.swift */; };
		96C0320F1AD730C200EE4C63 /* BondProperty.swift in Sources */ = {isa = PBXBuildFile; fileRef = 96C031BC1AD72FD300EE4C63 /* BondProperty.swift */; };
		96C032101AD730C200EE4C63 /* EntityGroup.swift in Sources */ = {isa = PBXBuildFile; fileRef = 96C031BE1AD72FD300EE4C63 /* EntityGroup.swift */; };
		96C032111AD730C200EE4C63 /* EntityProperty.swift in Sources */ = {isa = PBXBuildFile; fileRef = 96C031BF1AD72FD300EE4C63 /* EntityProperty.swift */; };
		96C032121AD730C200EE4C63 /* ManagedAction.swift in Sources */ = {isa = PBXBuildFile; fileRef = 96C031C11AD72FD300EE4C63 /* ManagedAction.swift */; };
		96C032131AD730C200EE4C63 /* ManagedBond.swift in Sources */ = {isa = PBXBuildFile; fileRef = 96C031C21AD72FD300EE4C63 /* ManagedBond.swift */; };
		96C032141AD730C200EE4C63 /* ManagedEntity.swift in Sources */ = {isa = PBXBuildFile; fileRef = 96C031C31AD72FD300EE4C63 /* ManagedEntity.swift */; };
		96C032151AD730CC00EE4C63 /* ActionStressTests.swift in Sources */ = {isa = PBXBuildFile; fileRef = 96C031D61AD72FE100EE4C63 /* ActionStressTests.swift */; };
		96C032161AD730CC00EE4C63 /* ActionTests.swift in Sources */ = {isa = PBXBuildFile; fileRef = 96C031D71AD72FE100EE4C63 /* ActionTests.swift */; };
		96C032171AD730CC00EE4C63 /* BondStressTests.swift in Sources */ = {isa = PBXBuildFile; fileRef = 96C031D81AD72FE100EE4C63 /* BondStressTests.swift */; };
		96C032181AD730CC00EE4C63 /* BondTests.swift in Sources */ = {isa = PBXBuildFile; fileRef = 96C031D91AD72FE100EE4C63 /* BondTests.swift */; };
		96C032191AD730CC00EE4C63 /* EntitySearchTests.swift in Sources */ = {isa = PBXBuildFile; fileRef = 96C031DA1AD72FE100EE4C63 /* EntitySearchTests.swift */; };
		96C0321A1AD730CC00EE4C63 /* EntityStressTests.swift in Sources */ = {isa = PBXBuildFile; fileRef = 96C031DB1AD72FE100EE4C63 /* EntityStressTests.swift */; };
		96C0321B1AD730CC00EE4C63 /* EntityTests.swift in Sources */ = {isa = PBXBuildFile; fileRef = 96C031DC1AD72FE100EE4C63 /* EntityTests.swift */; };
		96C0321C1AD730CC00EE4C63 /* Tests.swift in Sources */ = {isa = PBXBuildFile; fileRef = 96C031DD1AD72FE100EE4C63 /* Tests.swift */; };
/* End PBXBuildFile section */

/* Begin PBXContainerItemProxy section */
		968F38991AD7392900E963AB /* PBXContainerItemProxy */ = {
			isa = PBXContainerItemProxy;
			containerPortal = 96DBB4A71A9D131D0087569F /* Project object */;
			proxyType = 1;
			remoteGlobalIDString = 968F388C1AD7392900E963AB;
			remoteInfo = "GKGraphKit iOS";
		};
		96C031FB1AD7306200EE4C63 /* PBXContainerItemProxy */ = {
			isa = PBXContainerItemProxy;
			containerPortal = 96DBB4A71A9D131D0087569F /* Project object */;
			proxyType = 1;
			remoteGlobalIDString = 96C031EE1AD7306200EE4C63;
			remoteInfo = "GKGraphKit OSX";
		};
/* End PBXContainerItemProxy section */

/* Begin PBXFileReference section */
		961242D81B2B36B800CD47E0 /* RedBlackTree.swift */ = {isa = PBXFileReference; fileEncoding = 4; lastKnownFileType = sourcecode.swift; path = RedBlackTree.swift; sourceTree = "<group>"; };
		961242DB1B2B36C500CD47E0 /* RedBlackNode.swift */ = {isa = PBXFileReference; fileEncoding = 4; lastKnownFileType = sourcecode.swift; path = RedBlackNode.swift; sourceTree = "<group>"; };
		961242DE1B2B36D300CD47E0 /* InsertionSort.swift */ = {isa = PBXFileReference; fileEncoding = 4; lastKnownFileType = sourcecode.swift; path = InsertionSort.swift; sourceTree = "<group>"; };
		961242E11B2B36DD00CD47E0 /* Tree.swift */ = {isa = PBXFileReference; fileEncoding = 4; lastKnownFileType = sourcecode.swift; path = Tree.swift; sourceTree = "<group>"; };
		961242E41B2B36E800CD47E0 /* MultiTree.swift */ = {isa = PBXFileReference; fileEncoding = 4; lastKnownFileType = sourcecode.swift; path = MultiTree.swift; sourceTree = "<group>"; };
		961242E71B2B376800CD47E0 /* TreeTests.swift */ = {isa = PBXFileReference; fileEncoding = 4; lastKnownFileType = sourcecode.swift; path = TreeTests.swift; sourceTree = "<group>"; };
		961242EA1B2B378400CD47E0 /* MultiTreeTests.swift */ = {isa = PBXFileReference; fileEncoding = 4; lastKnownFileType = sourcecode.swift; path = MultiTreeTests.swift; sourceTree = "<group>"; };
		961242ED1B2B37A500CD47E0 /* InsertionSortTests.swift */ = {isa = PBXFileReference; fileEncoding = 4; lastKnownFileType = sourcecode.swift; path = InsertionSortTests.swift; sourceTree = "<group>"; };
		968F387E1AD7372400E963AB /* BondSearchTests.swift */ = {isa = PBXFileReference; fileEncoding = 4; lastKnownFileType = sourcecode.swift; path = BondSearchTests.swift; sourceTree = "<group>"; };
		968F38811AD7379500E963AB /* ActionSearchTests.swift */ = {isa = PBXFileReference; fileEncoding = 4; lastKnownFileType = sourcecode.swift; path = ActionSearchTests.swift; sourceTree = "<group>"; };
		968F388D1AD7392900E963AB /* GraphKit.framework */ = {isa = PBXFileReference; explicitFileType = wrapper.framework; includeInIndex = 0; path = GraphKit.framework; sourceTree = BUILT_PRODUCTS_DIR; };
		968F38971AD7392900E963AB /* GKGraphKit iOS Tests.xctest */ = {isa = PBXFileReference; explicitFileType = wrapper.cfbundle; includeInIndex = 0; name = "GKGraphKit iOS Tests.xctest"; path = "GraphKit iOS Tests.xctest"; sourceTree = BUILT_PRODUCTS_DIR; };
		969F6D881B2CC4C400B573F8 /* Heap.swift */ = {isa = PBXFileReference; fileEncoding = 4; lastKnownFileType = sourcecode.swift; path = Heap.swift; sourceTree = "<group>"; };
		969F6D8A1B2CC56F00B573F8 /* HeapNode.swift */ = {isa = PBXFileReference; fileEncoding = 4; lastKnownFileType = sourcecode.swift; path = HeapNode.swift; sourceTree = "<group>"; };
		969F6D8C1B2CC76E00B573F8 /* QueueTests.swift */ = {isa = PBXFileReference; fileEncoding = 4; lastKnownFileType = sourcecode.swift; path = QueueTests.swift; sourceTree = "<group>"; };
		969F6D951B2CC94D00B573F8 /* Queue.swift */ = {isa = PBXFileReference; fileEncoding = 4; lastKnownFileType = sourcecode.swift; path = Queue.swift; sourceTree = "<group>"; };
		969F6D9B1B2DC81900B573F8 /* Sort.swift */ = {isa = PBXFileReference; fileEncoding = 4; lastKnownFileType = sourcecode.swift; path = Sort.swift; sourceTree = "<group>"; };
		969F6DA11B2DCB0200B573F8 /* List.swift */ = {isa = PBXFileReference; fileEncoding = 4; lastKnownFileType = sourcecode.swift; path = List.swift; sourceTree = "<group>"; };
		969F6DA41B2DCB3900B573F8 /* ListNode.swift */ = {isa = PBXFileReference; fileEncoding = 4; lastKnownFileType = sourcecode.swift; path = ListNode.swift; sourceTree = "<group>"; };
		969F6DA71B2DCC9700B573F8 /* ListTests.swift */ = {isa = PBXFileReference; fileEncoding = 4; lastKnownFileType = sourcecode.swift; path = ListTests.swift; sourceTree = "<group>"; };
		96C031B71AD72FD300EE4C63 /* Action.swift */ = {isa = PBXFileReference; fileEncoding = 4; lastKnownFileType = sourcecode.swift; path = Action.swift; sourceTree = "<group>"; };
		96C031B81AD72FD300EE4C63 /* ActionGroup.swift */ = {isa = PBXFileReference; fileEncoding = 4; lastKnownFileType = sourcecode.swift; path = ActionGroup.swift; sourceTree = "<group>"; };
		96C031B91AD72FD300EE4C63 /* ActionProperty.swift */ = {isa = PBXFileReference; fileEncoding = 4; lastKnownFileType = sourcecode.swift; path = ActionProperty.swift; sourceTree = "<group>"; };
		96C031BA1AD72FD300EE4C63 /* Bond.swift */ = {isa = PBXFileReference; fileEncoding = 4; lastKnownFileType = sourcecode.swift; path = Bond.swift; sourceTree = "<group>"; };
		96C031BB1AD72FD300EE4C63 /* BondGroup.swift */ = {isa = PBXFileReference; fileEncoding = 4; lastKnownFileType = sourcecode.swift; path = BondGroup.swift; sourceTree = "<group>"; };
		96C031BC1AD72FD300EE4C63 /* BondProperty.swift */ = {isa = PBXFileReference; fileEncoding = 4; lastKnownFileType = sourcecode.swift; path = BondProperty.swift; sourceTree = "<group>"; };
		96C031BD1AD72FD300EE4C63 /* Entity.swift */ = {isa = PBXFileReference; fileEncoding = 4; lastKnownFileType = sourcecode.swift; path = Entity.swift; sourceTree = "<group>"; };
		96C031BE1AD72FD300EE4C63 /* EntityGroup.swift */ = {isa = PBXFileReference; fileEncoding = 4; lastKnownFileType = sourcecode.swift; path = EntityGroup.swift; sourceTree = "<group>"; };
		96C031BF1AD72FD300EE4C63 /* EntityProperty.swift */ = {isa = PBXFileReference; fileEncoding = 4; lastKnownFileType = sourcecode.swift; path = EntityProperty.swift; sourceTree = "<group>"; };
		96C031C01AD72FD300EE4C63 /* Graph.swift */ = {isa = PBXFileReference; fileEncoding = 4; lastKnownFileType = sourcecode.swift; path = Graph.swift; sourceTree = "<group>"; };
		96C031C11AD72FD300EE4C63 /* ManagedAction.swift */ = {isa = PBXFileReference; fileEncoding = 4; lastKnownFileType = sourcecode.swift; path = ManagedAction.swift; sourceTree = "<group>"; };
		96C031C21AD72FD300EE4C63 /* ManagedBond.swift */ = {isa = PBXFileReference; fileEncoding = 4; lastKnownFileType = sourcecode.swift; path = ManagedBond.swift; sourceTree = "<group>"; };
		96C031C31AD72FD300EE4C63 /* ManagedEntity.swift */ = {isa = PBXFileReference; fileEncoding = 4; lastKnownFileType = sourcecode.swift; path = ManagedEntity.swift; sourceTree = "<group>"; };
		96C031C41AD72FD300EE4C63 /* Info.plist */ = {isa = PBXFileReference; fileEncoding = 4; lastKnownFileType = text.plist.xml; path = Info.plist; sourceTree = "<group>"; };
		96C031C51AD72FD300EE4C63 /* LICENSE */ = {isa = PBXFileReference; fileEncoding = 4; lastKnownFileType = text; path = LICENSE; sourceTree = "<group>"; };
		96C031D61AD72FE100EE4C63 /* ActionStressTests.swift */ = {isa = PBXFileReference; fileEncoding = 4; lastKnownFileType = sourcecode.swift; path = ActionStressTests.swift; sourceTree = "<group>"; };
		96C031D71AD72FE100EE4C63 /* ActionTests.swift */ = {isa = PBXFileReference; fileEncoding = 4; lastKnownFileType = sourcecode.swift; path = ActionTests.swift; sourceTree = "<group>"; };
		96C031D81AD72FE100EE4C63 /* BondStressTests.swift */ = {isa = PBXFileReference; fileEncoding = 4; lastKnownFileType = sourcecode.swift; path = BondStressTests.swift; sourceTree = "<group>"; };
		96C031D91AD72FE100EE4C63 /* BondTests.swift */ = {isa = PBXFileReference; fileEncoding = 4; lastKnownFileType = sourcecode.swift; path = BondTests.swift; sourceTree = "<group>"; };
		96C031DA1AD72FE100EE4C63 /* EntitySearchTests.swift */ = {isa = PBXFileReference; fileEncoding = 4; lastKnownFileType = sourcecode.swift; path = EntitySearchTests.swift; sourceTree = "<group>"; };
		96C031DB1AD72FE100EE4C63 /* EntityStressTests.swift */ = {isa = PBXFileReference; fileEncoding = 4; lastKnownFileType = sourcecode.swift; path = EntityStressTests.swift; sourceTree = "<group>"; };
		96C031DC1AD72FE100EE4C63 /* EntityTests.swift */ = {isa = PBXFileReference; fileEncoding = 4; lastKnownFileType = sourcecode.swift; path = EntityTests.swift; sourceTree = "<group>"; };
		96C031DD1AD72FE100EE4C63 /* Tests.swift */ = {isa = PBXFileReference; fileEncoding = 4; lastKnownFileType = sourcecode.swift; path = Tests.swift; sourceTree = "<group>"; };
		96C031DE1AD72FE100EE4C63 /* Info.plist */ = {isa = PBXFileReference; fileEncoding = 4; lastKnownFileType = text.plist.xml; path = Info.plist; sourceTree = "<group>"; };
		96C031EF1AD7306200EE4C63 /* GraphKit.framework */ = {isa = PBXFileReference; explicitFileType = wrapper.framework; includeInIndex = 0; path = GraphKit.framework; sourceTree = BUILT_PRODUCTS_DIR; };
		96C031F91AD7306200EE4C63 /* GKGraphKit OSX Tests.xctest */ = {isa = PBXFileReference; explicitFileType = wrapper.cfbundle; includeInIndex = 0; name = "GKGraphKit OSX Tests.xctest"; path = "GraphKit OSX Tests.xctest"; sourceTree = BUILT_PRODUCTS_DIR; };
/* End PBXFileReference section */

/* Begin PBXFrameworksBuildPhase section */
		968F38891AD7392900E963AB /* Frameworks */ = {
			isa = PBXFrameworksBuildPhase;
			buildActionMask = 2147483647;
			files = (
			);
			runOnlyForDeploymentPostprocessing = 0;
		};
		968F38941AD7392900E963AB /* Frameworks */ = {
			isa = PBXFrameworksBuildPhase;
			buildActionMask = 2147483647;
			files = (
				968F38981AD7392900E963AB /* GraphKit.framework in Frameworks */,
			);
			runOnlyForDeploymentPostprocessing = 0;
		};
		96C031EB1AD7306200EE4C63 /* Frameworks */ = {
			isa = PBXFrameworksBuildPhase;
			buildActionMask = 2147483647;
			files = (
			);
			runOnlyForDeploymentPostprocessing = 0;
		};
		96C031F61AD7306200EE4C63 /* Frameworks */ = {
			isa = PBXFrameworksBuildPhase;
			buildActionMask = 2147483647;
			files = (
				96C031FA1AD7306200EE4C63 /* GraphKit.framework in Frameworks */,
			);
			runOnlyForDeploymentPostprocessing = 0;
		};
/* End PBXFrameworksBuildPhase section */

/* Begin PBXGroup section */
		961242D61B2B369C00CD47E0 /* Tree */ = {
			isa = PBXGroup;
			children = (
				961242E11B2B36DD00CD47E0 /* Tree.swift */,
				961242E41B2B36E800CD47E0 /* MultiTree.swift */,
				961242DB1B2B36C500CD47E0 /* RedBlackNode.swift */,
				961242D81B2B36B800CD47E0 /* RedBlackTree.swift */,
			);
			name = Tree;
			sourceTree = "<group>";
		};
		961242D71B2B36A400CD47E0 /* Sort */ = {
			isa = PBXGroup;
			children = (
				969F6D9B1B2DC81900B573F8 /* Sort.swift */,
				961242DE1B2B36D300CD47E0 /* InsertionSort.swift */,
			);
			name = Sort;
			sourceTree = "<group>";
		};
		961243141B2B484700CD47E0 /* Action */ = {
			isa = PBXGroup;
			children = (
				96C031B71AD72FD300EE4C63 /* Action.swift */,
				96C031C11AD72FD300EE4C63 /* ManagedAction.swift */,
				96C031B81AD72FD300EE4C63 /* ActionGroup.swift */,
				96C031B91AD72FD300EE4C63 /* ActionProperty.swift */,
			);
			name = Action;
			sourceTree = "<group>";
		};
		961243151B2B485800CD47E0 /* Bond */ = {
			isa = PBXGroup;
			children = (
				96C031BA1AD72FD300EE4C63 /* Bond.swift */,
				96C031C21AD72FD300EE4C63 /* ManagedBond.swift */,
				96C031BB1AD72FD300EE4C63 /* BondGroup.swift */,
				96C031BC1AD72FD300EE4C63 /* BondProperty.swift */,
			);
			name = Bond;
			sourceTree = "<group>";
		};
		961243161B2B487200CD47E0 /* Entity */ = {
			isa = PBXGroup;
			children = (
				96C031BD1AD72FD300EE4C63 /* Entity.swift */,
				96C031BE1AD72FD300EE4C63 /* EntityGroup.swift */,
				96C031BF1AD72FD300EE4C63 /* EntityProperty.swift */,
				96C031C31AD72FD300EE4C63 /* ManagedEntity.swift */,
			);
			name = Entity;
			sourceTree = "<group>";
		};
		961243171B2B488700CD47E0 /* Graph */ = {
			isa = PBXGroup;
			children = (
				96C031C01AD72FD300EE4C63 /* Graph.swift */,
			);
			name = Graph;
			sourceTree = "<group>";
		};
		969F6D871B2CC4A900B573F8 /* Heap */ = {
			isa = PBXGroup;
			children = (
				969F6D951B2CC94D00B573F8 /* Queue.swift */,
				969F6D881B2CC4C400B573F8 /* Heap.swift */,
				969F6D8A1B2CC56F00B573F8 /* HeapNode.swift */,
			);
			name = Heap;
			sourceTree = "<group>";
		};
		969F6D9A1B2DC35D00B573F8 /* Node */ = {
			isa = PBXGroup;
			children = (
			);
			name = Node;
			sourceTree = "<group>";
		};
		969F6DA01B2DCAF300B573F8 /* List */ = {
			isa = PBXGroup;
			children = (
				969F6DA11B2DCB0200B573F8 /* List.swift */,
				969F6DA41B2DCB3900B573F8 /* ListNode.swift */,
			);
			name = List;
			sourceTree = "<group>";
		};
		96C031B61AD72FD300EE4C63 /* Source */ = {
			isa = PBXGroup;
			children = (
				969F6DA01B2DCAF300B573F8 /* List */,
				969F6D871B2CC4A900B573F8 /* Heap */,
				961242D71B2B36A400CD47E0 /* Sort */,
				961242D61B2B369C00CD47E0 /* Tree */,
				961243171B2B488700CD47E0 /* Graph */,
				969F6D9A1B2DC35D00B573F8 /* Node */,
				961243161B2B487200CD47E0 /* Entity */,
				961243151B2B485800CD47E0 /* Bond */,
				961243141B2B484700CD47E0 /* Action */,
				96C031E81AD72FEE00EE4C63 /* Supporting Files */,
				96C031C51AD72FD300EE4C63 /* LICENSE */,
			);
			path = Source;
			sourceTree = "<group>";
		};
		96C031D51AD72FE100EE4C63 /* Tests */ = {
			isa = PBXGroup;
			children = (
				96C0321D1AD730D200EE4C63 /* Supporting Files */,
				968F38811AD7379500E963AB /* ActionSearchTests.swift */,
				96C031D61AD72FE100EE4C63 /* ActionStressTests.swift */,
				96C031D71AD72FE100EE4C63 /* ActionTests.swift */,
				968F387E1AD7372400E963AB /* BondSearchTests.swift */,
				96C031D81AD72FE100EE4C63 /* BondStressTests.swift */,
				96C031D91AD72FE100EE4C63 /* BondTests.swift */,
				96C031DA1AD72FE100EE4C63 /* EntitySearchTests.swift */,
				96C031DB1AD72FE100EE4C63 /* EntityStressTests.swift */,
				96C031DC1AD72FE100EE4C63 /* EntityTests.swift */,
				96C031DD1AD72FE100EE4C63 /* Tests.swift */,
				961242E71B2B376800CD47E0 /* TreeTests.swift */,
				961242EA1B2B378400CD47E0 /* MultiTreeTests.swift */,
				961242ED1B2B37A500CD47E0 /* InsertionSortTests.swift */,
				969F6D8C1B2CC76E00B573F8 /* QueueTests.swift */,
				969F6DA71B2DCC9700B573F8 /* ListTests.swift */,
			);
			path = Tests;
			sourceTree = "<group>";
		};
		96C031E81AD72FEE00EE4C63 /* Supporting Files */ = {
			isa = PBXGroup;
			children = (
				96C031C41AD72FD300EE4C63 /* Info.plist */,
			);
			name = "Supporting Files";
			sourceTree = "<group>";
		};
		96C0321D1AD730D200EE4C63 /* Supporting Files */ = {
			isa = PBXGroup;
			children = (
				96C031DE1AD72FE100EE4C63 /* Info.plist */,
			);
			name = "Supporting Files";
			sourceTree = "<group>";
		};
		96DBB4A61A9D131D0087569F = {
			isa = PBXGroup;
			children = (
				96C031B61AD72FD300EE4C63 /* Source */,
				96C031D51AD72FE100EE4C63 /* Tests */,
				96DBB4B11A9D131D0087569F /* Products */,
			);
			sourceTree = "<group>";
		};
		96DBB4B11A9D131D0087569F /* Products */ = {
			isa = PBXGroup;
			children = (
				96C031EF1AD7306200EE4C63 /* GraphKit.framework */,
				96C031F91AD7306200EE4C63 /* GKGraphKit OSX Tests.xctest */,
				968F388D1AD7392900E963AB /* GraphKit.framework */,
				968F38971AD7392900E963AB /* GKGraphKit iOS Tests.xctest */,
			);
			name = Products;
			sourceTree = "<group>";
		};
/* End PBXGroup section */

/* Begin PBXHeadersBuildPhase section */
		968F388A1AD7392900E963AB /* Headers */ = {
			isa = PBXHeadersBuildPhase;
			buildActionMask = 2147483647;
			files = (
				969F6D991B2CCA2F00B573F8 /* Queue.swift in Headers */,
				961242F31B2B38AB00CD47E0 /* Tree.swift in Headers */,
				961242F41B2B38AB00CD47E0 /* MultiTree.swift in Headers */,
				961242FE1B2B38AB00CD47E0 /* Action.swift in Headers */,
				961242FF1B2B38AB00CD47E0 /* Bond.swift in Headers */,
				961243001B2B38AB00CD47E0 /* Entity.swift in Headers */,
				961243011B2B38AB00CD47E0 /* Graph.swift in Headers */,
				969F6D9E1B2DC87600B573F8 /* Sort.swift in Headers */,
				969F6DAC1B2DCCF000B573F8 /* List.swift in Headers */,
				969F6DAD1B2DCCF000B573F8 /* ListNode.swift in Headers */,
				961242F01B2B38AB00CD47E0 /* InsertionSort.swift in Headers */,
				969F6D911B2CC82B00B573F8 /* Heap.swift in Headers */,
				969F6D921B2CC82B00B573F8 /* HeapNode.swift in Headers */,
				961242F11B2B38AB00CD47E0 /* RedBlackNode.swift in Headers */,
				961242F21B2B38AB00CD47E0 /* RedBlackTree.swift in Headers */,
				961242F51B2B38AB00CD47E0 /* ActionGroup.swift in Headers */,
				961242F61B2B38AB00CD47E0 /* ActionProperty.swift in Headers */,
				961242F71B2B38AB00CD47E0 /* BondGroup.swift in Headers */,
				961242F81B2B38AB00CD47E0 /* BondProperty.swift in Headers */,
				961242F91B2B38AB00CD47E0 /* EntityGroup.swift in Headers */,
				961242FA1B2B38AB00CD47E0 /* EntityProperty.swift in Headers */,
				961242FB1B2B38AB00CD47E0 /* ManagedAction.swift in Headers */,
				961242FC1B2B38AB00CD47E0 /* ManagedBond.swift in Headers */,
				961242FD1B2B38AB00CD47E0 /* ManagedEntity.swift in Headers */,
			);
			runOnlyForDeploymentPostprocessing = 0;
		};
		96C031EC1AD7306200EE4C63 /* Headers */ = {
			isa = PBXHeadersBuildPhase;
			buildActionMask = 2147483647;
			files = (
				969F6D981B2CCA1300B573F8 /* Queue.swift in Headers */,
				961243051B2B38E000CD47E0 /* Tree.swift in Headers */,
				961243061B2B38E000CD47E0 /* MultiTree.swift in Headers */,
				961243101B2B38E000CD47E0 /* Action.swift in Headers */,
				961243111B2B38E000CD47E0 /* Bond.swift in Headers */,
				961243121B2B38E000CD47E0 /* Entity.swift in Headers */,
				961243131B2B38E000CD47E0 /* Graph.swift in Headers */,
				969F6D9F1B2DC89400B573F8 /* Sort.swift in Headers */,
				969F6DAB1B2DCCDF00B573F8 /* List.swift in Headers */,
				969F6DAA1B2DCCDA00B573F8 /* ListNode.swift in Headers */,
				961243021B2B38E000CD47E0 /* InsertionSort.swift in Headers */,
				969F6D931B2CC84600B573F8 /* Heap.swift in Headers */,
				969F6D941B2CC84600B573F8 /* HeapNode.swift in Headers */,
				961243031B2B38E000CD47E0 /* RedBlackNode.swift in Headers */,
				961243041B2B38E000CD47E0 /* RedBlackTree.swift in Headers */,
				961243071B2B38E000CD47E0 /* ActionGroup.swift in Headers */,
				961243081B2B38E000CD47E0 /* ActionProperty.swift in Headers */,
				961243091B2B38E000CD47E0 /* BondGroup.swift in Headers */,
				9612430A1B2B38E000CD47E0 /* BondProperty.swift in Headers */,
				9612430B1B2B38E000CD47E0 /* EntityGroup.swift in Headers */,
				9612430C1B2B38E000CD47E0 /* EntityProperty.swift in Headers */,
				9612430D1B2B38E000CD47E0 /* ManagedAction.swift in Headers */,
				9612430E1B2B38E000CD47E0 /* ManagedBond.swift in Headers */,
				9612430F1B2B38E000CD47E0 /* ManagedEntity.swift in Headers */,
			);
			runOnlyForDeploymentPostprocessing = 0;
		};
/* End PBXHeadersBuildPhase section */

/* Begin PBXNativeTarget section */
		968F388C1AD7392900E963AB /* GraphKit iOS */ = {
			isa = PBXNativeTarget;
			buildConfigurationList = 968F38A01AD7392900E963AB /* Build configuration list for PBXNativeTarget "GraphKit iOS" */;
			buildPhases = (
				968F38881AD7392900E963AB /* Sources */,
				968F38891AD7392900E963AB /* Frameworks */,
				968F388A1AD7392900E963AB /* Headers */,
				968F388B1AD7392900E963AB /* Resources */,
			);
			buildRules = (
			);
			dependencies = (
			);
			name = "GraphKit iOS";
			productName = "GKGraphKit iOS";
			productReference = 968F388D1AD7392900E963AB /* GraphKit.framework */;
			productType = "com.apple.product-type.framework";
		};
		968F38961AD7392900E963AB /* GraphKit iOS Tests */ = {
			isa = PBXNativeTarget;
			buildConfigurationList = 968F38A31AD7392900E963AB /* Build configuration list for PBXNativeTarget "GraphKit iOS Tests" */;
			buildPhases = (
				968F38931AD7392900E963AB /* Sources */,
				968F38941AD7392900E963AB /* Frameworks */,
				968F38951AD7392900E963AB /* Resources */,
			);
			buildRules = (
			);
			dependencies = (
				968F389A1AD7392900E963AB /* PBXTargetDependency */,
			);
			name = "GraphKit iOS Tests";
			productName = "GKGraphKit iOSTests";
			productReference = 968F38971AD7392900E963AB /* GKGraphKit iOS Tests.xctest */;
			productType = "com.apple.product-type.bundle.unit-test";
		};
		96C031EE1AD7306200EE4C63 /* GraphKit OSX */ = {
			isa = PBXNativeTarget;
			buildConfigurationList = 96C032021AD7306200EE4C63 /* Build configuration list for PBXNativeTarget "GraphKit OSX" */;
			buildPhases = (
				96C031EA1AD7306200EE4C63 /* Sources */,
				96C031EB1AD7306200EE4C63 /* Frameworks */,
				96C031EC1AD7306200EE4C63 /* Headers */,
				96C031ED1AD7306200EE4C63 /* Resources */,
			);
			buildRules = (
			);
			dependencies = (
			);
			name = "GraphKit OSX";
			productName = "GKGraphKit OSX";
			productReference = 96C031EF1AD7306200EE4C63 /* GraphKit.framework */;
			productType = "com.apple.product-type.framework";
		};
		96C031F81AD7306200EE4C63 /* GraphKit OSX Tests */ = {
			isa = PBXNativeTarget;
			buildConfigurationList = 96C032051AD7306200EE4C63 /* Build configuration list for PBXNativeTarget "GraphKit OSX Tests" */;
			buildPhases = (
				96C031F51AD7306200EE4C63 /* Sources */,
				96C031F61AD7306200EE4C63 /* Frameworks */,
				96C031F71AD7306200EE4C63 /* Resources */,
			);
			buildRules = (
			);
			dependencies = (
				96C031FC1AD7306200EE4C63 /* PBXTargetDependency */,
			);
			name = "GraphKit OSX Tests";
			productName = "GKGraphKit OSXTests";
			productReference = 96C031F91AD7306200EE4C63 /* GKGraphKit OSX Tests.xctest */;
			productType = "com.apple.product-type.bundle.unit-test";
		};
/* End PBXNativeTarget section */

/* Begin PBXProject section */
		96DBB4A71A9D131D0087569F /* Project object */ = {
			isa = PBXProject;
			attributes = {
				LastUpgradeCheck = 0610;
				ORGANIZATIONNAME = "GraphKit, Inc.";
				TargetAttributes = {
					968F388C1AD7392900E963AB = {
						CreatedOnToolsVersion = 6.3;
					};
					968F38961AD7392900E963AB = {
						CreatedOnToolsVersion = 6.3;
					};
					96C031EE1AD7306200EE4C63 = {
						CreatedOnToolsVersion = 6.3;
					};
					96C031F81AD7306200EE4C63 = {
						CreatedOnToolsVersion = 6.3;
					};
				};
			};
			buildConfigurationList = 96DBB4AA1A9D131D0087569F /* Build configuration list for PBXProject "GraphKit" */;
			compatibilityVersion = "Xcode 3.2";
			developmentRegion = English;
			hasScannedForEncodings = 0;
			knownRegions = (
				en,
			);
			mainGroup = 96DBB4A61A9D131D0087569F;
			productRefGroup = 96DBB4B11A9D131D0087569F /* Products */;
			projectDirPath = "";
			projectRoot = "";
			targets = (
				968F388C1AD7392900E963AB /* GraphKit iOS */,
				96C031EE1AD7306200EE4C63 /* GraphKit OSX */,
				968F38961AD7392900E963AB /* GraphKit iOS Tests */,
				96C031F81AD7306200EE4C63 /* GraphKit OSX Tests */,
			);
		};
/* End PBXProject section */

/* Begin PBXResourcesBuildPhase section */
		968F388B1AD7392900E963AB /* Resources */ = {
			isa = PBXResourcesBuildPhase;
			buildActionMask = 2147483647;
			files = (
			);
			runOnlyForDeploymentPostprocessing = 0;
		};
		968F38951AD7392900E963AB /* Resources */ = {
			isa = PBXResourcesBuildPhase;
			buildActionMask = 2147483647;
			files = (
			);
			runOnlyForDeploymentPostprocessing = 0;
		};
		96C031ED1AD7306200EE4C63 /* Resources */ = {
			isa = PBXResourcesBuildPhase;
			buildActionMask = 2147483647;
			files = (
			);
			runOnlyForDeploymentPostprocessing = 0;
		};
		96C031F71AD7306200EE4C63 /* Resources */ = {
			isa = PBXResourcesBuildPhase;
			buildActionMask = 2147483647;
			files = (
			);
			runOnlyForDeploymentPostprocessing = 0;
		};
/* End PBXResourcesBuildPhase section */

/* Begin PBXSourcesBuildPhase section */
		968F38881AD7392900E963AB /* Sources */ = {
			isa = PBXSourcesBuildPhase;
			buildActionMask = 2147483647;
			files = (
				968F38BA1AD7394300E963AB /* ManagedAction.swift in Sources */,
				969F6D961B2CC94D00B573F8 /* Queue.swift in Sources */,
				969F6D8B1B2CC56F00B573F8 /* HeapNode.swift in Sources */,
				968F38B61AD7394300E963AB /* BondGroup.swift in Sources */,
				961242E51B2B36E800CD47E0 /* MultiTree.swift in Sources */,
				968F38B91AD7394300E963AB /* EntityProperty.swift in Sources */,
				969F6D891B2CC4C400B573F8 /* Heap.swift in Sources */,
				969F6D9C1B2DC81900B573F8 /* Sort.swift in Sources */,
				968F38B71AD7394300E963AB /* BondProperty.swift in Sources */,
				961242E21B2B36DD00CD47E0 /* Tree.swift in Sources */,
				968F38B81AD7394300E963AB /* EntityGroup.swift in Sources */,
				969F6DA51B2DCB3900B573F8 /* ListNode.swift in Sources */,
				961242DF1B2B36D300CD47E0 /* InsertionSort.swift in Sources */,
				961242D91B2B36B800CD47E0 /* RedBlackTree.swift in Sources */,
				961242DC1B2B36C500CD47E0 /* RedBlackNode.swift in Sources */,
				968F38B31AD7394300E963AB /* Graph.swift in Sources */,
				968F38B41AD7394300E963AB /* ActionGroup.swift in Sources */,
				968F38B51AD7394300E963AB /* ActionProperty.swift in Sources */,
				968F38BB1AD7394300E963AB /* ManagedBond.swift in Sources */,
				968F38B21AD7394300E963AB /* Entity.swift in Sources */,
				968F38B11AD7394300E963AB /* Bond.swift in Sources */,
				968F38B01AD7394300E963AB /* Action.swift in Sources */,
				969F6DA21B2DCB0200B573F8 /* List.swift in Sources */,
				968F38BC1AD7394300E963AB /* ManagedEntity.swift in Sources */,
			);
			runOnlyForDeploymentPostprocessing = 0;
		};
		968F38931AD7392900E963AB /* Sources */ = {
			isa = PBXSourcesBuildPhase;
			buildActionMask = 2147483647;
			files = (
				968F38A81AD7393900E963AB /* ActionTests.swift in Sources */,
				968F38AA1AD7393900E963AB /* BondStressTests.swift in Sources */,
				968F38A61AD7393900E963AB /* ActionSearchTests.swift in Sources */,
				968F38AD1AD7393900E963AB /* EntityStressTests.swift in Sources */,
				961242EB1B2B378400CD47E0 /* MultiTreeTests.swift in Sources */,
				968F38AC1AD7393900E963AB /* EntitySearchTests.swift in Sources */,
				968F38AF1AD7393900E963AB /* Tests.swift in Sources */,
				961242EE1B2B37A500CD47E0 /* InsertionSortTests.swift in Sources */,
				969F6DA81B2DCC9700B573F8 /* ListTests.swift in Sources */,
				961242E81B2B376800CD47E0 /* TreeTests.swift in Sources */,
				968F38AB1AD7393900E963AB /* BondTests.swift in Sources */,
				968F38A91AD7393900E963AB /* BondSearchTests.swift in Sources */,
				968F38AE1AD7393900E963AB /* EntityTests.swift in Sources */,
				968F38A71AD7393900E963AB /* ActionStressTests.swift in Sources */,
				969F6D8D1B2CC76E00B573F8 /* QueueTests.swift in Sources */,
			);
			runOnlyForDeploymentPostprocessing = 0;
		};
		96C031EA1AD7306200EE4C63 /* Sources */ = {
			isa = PBXSourcesBuildPhase;
			buildActionMask = 2147483647;
			files = (
				96C032121AD730C200EE4C63 /* ManagedAction.swift in Sources */,
				969F6D971B2CC94D00B573F8 /* Queue.swift in Sources */,
				96C0320E1AD730C200EE4C63 /* BondGroup.swift in Sources */,
				961242E61B2B36E800CD47E0 /* MultiTree.swift in Sources */,
				969F6D901B2CC77900B573F8 /* Heap.swift in Sources */,
				96C032111AD730C200EE4C63 /* EntityProperty.swift in Sources */,
				96C0320F1AD730C200EE4C63 /* BondProperty.swift in Sources */,
				969F6D9D1B2DC81900B573F8 /* Sort.swift in Sources */,
				961242E31B2B36DD00CD47E0 /* Tree.swift in Sources */,
				96C032101AD730C200EE4C63 /* EntityGroup.swift in Sources */,
				961242E01B2B36D300CD47E0 /* InsertionSort.swift in Sources */,
				969F6DA61B2DCB3900B573F8 /* ListNode.swift in Sources */,
				961242DA1B2B36B800CD47E0 /* RedBlackTree.swift in Sources */,
				961242DD1B2B36C500CD47E0 /* RedBlackNode.swift in Sources */,
				96C0320B1AD730C200EE4C63 /* Graph.swift in Sources */,
				96C0320C1AD730C200EE4C63 /* ActionGroup.swift in Sources */,
				96C0320D1AD730C200EE4C63 /* ActionProperty.swift in Sources */,
				969F6D8F1B2CC77600B573F8 /* HeapNode.swift in Sources */,
				96C032131AD730C200EE4C63 /* ManagedBond.swift in Sources */,
				96C0320A1AD730C200EE4C63 /* Entity.swift in Sources */,
				96C032091AD730C200EE4C63 /* Bond.swift in Sources */,
				96C032081AD730C200EE4C63 /* Action.swift in Sources */,
				969F6DA31B2DCB0200B573F8 /* List.swift in Sources */,
				96C032141AD730C200EE4C63 /* ManagedEntity.swift in Sources */,
			);
			runOnlyForDeploymentPostprocessing = 0;
		};
		96C031F51AD7306200EE4C63 /* Sources */ = {
			isa = PBXSourcesBuildPhase;
			buildActionMask = 2147483647;
			files = (
				96C032181AD730CC00EE4C63 /* BondTests.swift in Sources */,
				96C032191AD730CC00EE4C63 /* EntitySearchTests.swift in Sources */,
				96C032151AD730CC00EE4C63 /* ActionStressTests.swift in Sources */,
				96C032161AD730CC00EE4C63 /* ActionTests.swift in Sources */,
				961242EC1B2B378400CD47E0 /* MultiTreeTests.swift in Sources */,
				96C0321A1AD730CC00EE4C63 /* EntityStressTests.swift in Sources */,
				96C0321C1AD730CC00EE4C63 /* Tests.swift in Sources */,
				961242EF1B2B37A500CD47E0 /* InsertionSortTests.swift in Sources */,
				969F6DA91B2DCC9700B573F8 /* ListTests.swift in Sources */,
				961242E91B2B376800CD47E0 /* TreeTests.swift in Sources */,
				96C032171AD730CC00EE4C63 /* BondStressTests.swift in Sources */,
				968F38851AD7379F00E963AB /* ActionSearchTests.swift in Sources */,
				968F38871AD737A800E963AB /* BondSearchTests.swift in Sources */,
				96C0321B1AD730CC00EE4C63 /* EntityTests.swift in Sources */,
				969F6D8E1B2CC76E00B573F8 /* QueueTests.swift in Sources */,
			);
			runOnlyForDeploymentPostprocessing = 0;
		};
/* End PBXSourcesBuildPhase section */

/* Begin PBXTargetDependency section */
		968F389A1AD7392900E963AB /* PBXTargetDependency */ = {
			isa = PBXTargetDependency;
			target = 968F388C1AD7392900E963AB /* GraphKit iOS */;
			targetProxy = 968F38991AD7392900E963AB /* PBXContainerItemProxy */;
		};
		96C031FC1AD7306200EE4C63 /* PBXTargetDependency */ = {
			isa = PBXTargetDependency;
			target = 96C031EE1AD7306200EE4C63 /* GraphKit OSX */;
			targetProxy = 96C031FB1AD7306200EE4C63 /* PBXContainerItemProxy */;
		};
/* End PBXTargetDependency section */

/* Begin XCBuildConfiguration section */
		968F38A11AD7392900E963AB /* Debug */ = {
			isa = XCBuildConfiguration;
			buildSettings = {
				APPLICATION_EXTENSION_API_ONLY = NO;
				DEBUG_INFORMATION_FORMAT = "dwarf-with-dsym";
				DEFINES_MODULE = YES;
				DYLIB_COMPATIBILITY_VERSION = 1;
				DYLIB_CURRENT_VERSION = 1;
				DYLIB_INSTALL_NAME_BASE = "@rpath";
				GCC_NO_COMMON_BLOCKS = YES;
				GCC_PREPROCESSOR_DEFINITIONS = (
					"DEBUG=1",
					"$(inherited)",
				);
				INFOPLIST_FILE = Source/Info.plist;
				INSTALL_PATH = "$(LOCAL_LIBRARY_DIR)/Frameworks";
				IPHONEOS_DEPLOYMENT_TARGET = 8.0;
				LD_RUNPATH_SEARCH_PATHS = "$(inherited) @executable_path/Frameworks @loader_path/Frameworks";
				ONLY_ACTIVE_ARCH = NO;
				PRODUCT_NAME = GraphKit;
				SKIP_INSTALL = YES;
			};
			name = Debug;
		};
		968F38A21AD7392900E963AB /* Release */ = {
			isa = XCBuildConfiguration;
			buildSettings = {
				APPLICATION_EXTENSION_API_ONLY = NO;
				COPY_PHASE_STRIP = NO;
				DEBUG_INFORMATION_FORMAT = "dwarf-with-dsym";
				DEFINES_MODULE = YES;
				DYLIB_COMPATIBILITY_VERSION = 1;
				DYLIB_CURRENT_VERSION = 1;
				DYLIB_INSTALL_NAME_BASE = "@rpath";
				GCC_NO_COMMON_BLOCKS = YES;
				INFOPLIST_FILE = Source/Info.plist;
				INSTALL_PATH = "$(LOCAL_LIBRARY_DIR)/Frameworks";
				IPHONEOS_DEPLOYMENT_TARGET = 8.0;
				LD_RUNPATH_SEARCH_PATHS = "$(inherited) @executable_path/Frameworks @loader_path/Frameworks";
				ONLY_ACTIVE_ARCH = NO;
				PRODUCT_NAME = GraphKit;
				SKIP_INSTALL = YES;
			};
			name = Release;
		};
		968F38A41AD7392900E963AB /* Debug */ = {
			isa = XCBuildConfiguration;
			buildSettings = {
				DEBUG_INFORMATION_FORMAT = "dwarf-with-dsym";
				FRAMEWORK_SEARCH_PATHS = (
					"$(SDKROOT)/Developer/Library/Frameworks",
					"$(inherited)",
				);
				GCC_NO_COMMON_BLOCKS = YES;
				GCC_PREPROCESSOR_DEFINITIONS = (
					"DEBUG=1",
					"$(inherited)",
				);
				INFOPLIST_FILE = Tests/Info.plist;
				IPHONEOS_DEPLOYMENT_TARGET = 8.0;
				LD_RUNPATH_SEARCH_PATHS = "$(inherited) @executable_path/Frameworks @loader_path/Frameworks";
				ONLY_ACTIVE_ARCH = NO;
				PRODUCT_NAME = "$(TARGET_NAME)";
			};
			name = Debug;
		};
		968F38A51AD7392900E963AB /* Release */ = {
			isa = XCBuildConfiguration;
			buildSettings = {
				COPY_PHASE_STRIP = NO;
				DEBUG_INFORMATION_FORMAT = "dwarf-with-dsym";
				FRAMEWORK_SEARCH_PATHS = (
					"$(SDKROOT)/Developer/Library/Frameworks",
					"$(inherited)",
				);
				GCC_NO_COMMON_BLOCKS = YES;
				INFOPLIST_FILE = Tests/Info.plist;
				IPHONEOS_DEPLOYMENT_TARGET = 8.0;
				LD_RUNPATH_SEARCH_PATHS = "$(inherited) @executable_path/Frameworks @loader_path/Frameworks";
				ONLY_ACTIVE_ARCH = NO;
				PRODUCT_NAME = "$(TARGET_NAME)";
			};
			name = Release;
		};
		96C032031AD7306200EE4C63 /* Debug */ = {
			isa = XCBuildConfiguration;
			buildSettings = {
				COMBINE_HIDPI_IMAGES = YES;
				DEBUG_INFORMATION_FORMAT = dwarf;
				DEFINES_MODULE = YES;
				DYLIB_COMPATIBILITY_VERSION = 1;
				DYLIB_CURRENT_VERSION = 1;
				DYLIB_INSTALL_NAME_BASE = "@rpath";
				FRAMEWORK_VERSION = A;
				GCC_NO_COMMON_BLOCKS = YES;
				GCC_PREPROCESSOR_DEFINITIONS = (
					"DEBUG=1",
					"$(inherited)",
				);
				INFOPLIST_FILE = Source/Info.plist;
				INSTALL_PATH = "$(LOCAL_LIBRARY_DIR)/Frameworks";
				LD_RUNPATH_SEARCH_PATHS = "$(inherited) @executable_path/../Frameworks @loader_path/Frameworks";
				MACOSX_DEPLOYMENT_TARGET = 10.10;
				ONLY_ACTIVE_ARCH = NO;
				PRODUCT_NAME = GraphKit;
				SDKROOT = macosx;
				SKIP_INSTALL = YES;
			};
			name = Debug;
		};
		96C032041AD7306200EE4C63 /* Release */ = {
			isa = XCBuildConfiguration;
			buildSettings = {
				COMBINE_HIDPI_IMAGES = YES;
				COPY_PHASE_STRIP = NO;
				DEBUG_INFORMATION_FORMAT = "dwarf-with-dsym";
				DEFINES_MODULE = YES;
				DYLIB_COMPATIBILITY_VERSION = 1;
				DYLIB_CURRENT_VERSION = 1;
				DYLIB_INSTALL_NAME_BASE = "@rpath";
				FRAMEWORK_VERSION = A;
				GCC_NO_COMMON_BLOCKS = YES;
				INFOPLIST_FILE = Source/Info.plist;
				INSTALL_PATH = "$(LOCAL_LIBRARY_DIR)/Frameworks";
				LD_RUNPATH_SEARCH_PATHS = "$(inherited) @executable_path/../Frameworks @loader_path/Frameworks";
				MACOSX_DEPLOYMENT_TARGET = 10.10;
				ONLY_ACTIVE_ARCH = NO;
				PRODUCT_NAME = GraphKit;
				SDKROOT = macosx;
				SKIP_INSTALL = YES;
			};
			name = Release;
		};
		96C032061AD7306200EE4C63 /* Debug */ = {
			isa = XCBuildConfiguration;
			buildSettings = {
				COMBINE_HIDPI_IMAGES = YES;
				DEBUG_INFORMATION_FORMAT = dwarf;
				FRAMEWORK_SEARCH_PATHS = (
					"$(DEVELOPER_FRAMEWORKS_DIR)",
					"$(inherited)",
				);
				GCC_NO_COMMON_BLOCKS = YES;
				GCC_PREPROCESSOR_DEFINITIONS = (
					"DEBUG=1",
					"$(inherited)",
				);
				INFOPLIST_FILE = Tests/Info.plist;
				LD_RUNPATH_SEARCH_PATHS = "$(inherited) @executable_path/../Frameworks @loader_path/../Frameworks";
				MACOSX_DEPLOYMENT_TARGET = 10.10;
				ONLY_ACTIVE_ARCH = NO;
				PRODUCT_NAME = "$(TARGET_NAME)";
				SDKROOT = macosx;
			};
			name = Debug;
		};
		96C032071AD7306200EE4C63 /* Release */ = {
			isa = XCBuildConfiguration;
			buildSettings = {
				COMBINE_HIDPI_IMAGES = YES;
				COPY_PHASE_STRIP = NO;
				DEBUG_INFORMATION_FORMAT = "dwarf-with-dsym";
				FRAMEWORK_SEARCH_PATHS = (
					"$(DEVELOPER_FRAMEWORKS_DIR)",
					"$(inherited)",
				);
				GCC_NO_COMMON_BLOCKS = YES;
				INFOPLIST_FILE = Tests/Info.plist;
				LD_RUNPATH_SEARCH_PATHS = "$(inherited) @executable_path/../Frameworks @loader_path/../Frameworks";
				MACOSX_DEPLOYMENT_TARGET = 10.10;
				ONLY_ACTIVE_ARCH = NO;
				PRODUCT_NAME = "$(TARGET_NAME)";
				SDKROOT = macosx;
			};
			name = Release;
		};
		96DBB4C41A9D131D0087569F /* Debug */ = {
			isa = XCBuildConfiguration;
			buildSettings = {
				ALWAYS_SEARCH_USER_PATHS = NO;
				CLANG_CXX_LANGUAGE_STANDARD = "gnu++0x";
				CLANG_CXX_LIBRARY = "libc++";
				CLANG_ENABLE_MODULES = YES;
				CLANG_ENABLE_OBJC_ARC = YES;
				CLANG_WARN_BOOL_CONVERSION = YES;
				CLANG_WARN_CONSTANT_CONVERSION = YES;
				CLANG_WARN_DIRECT_OBJC_ISA_USAGE = YES_ERROR;
				CLANG_WARN_EMPTY_BODY = YES;
				CLANG_WARN_ENUM_CONVERSION = YES;
				CLANG_WARN_INT_CONVERSION = YES;
				CLANG_WARN_OBJC_ROOT_CLASS = YES_ERROR;
				CLANG_WARN_UNREACHABLE_CODE = YES;
				CLANG_WARN__DUPLICATE_METHOD_MATCH = YES;
				"CODE_SIGN_IDENTITY[sdk=iphoneos*]" = "iPhone Developer";
				COPY_PHASE_STRIP = NO;
				CURRENT_PROJECT_VERSION = 1;
				ENABLE_STRICT_OBJC_MSGSEND = YES;
				GCC_C_LANGUAGE_STANDARD = gnu99;
				GCC_DYNAMIC_NO_PIC = NO;
				GCC_OPTIMIZATION_LEVEL = 0;
				GCC_PREPROCESSOR_DEFINITIONS = (
					"DEBUG=1",
					"$(inherited)",
				);
				GCC_SYMBOLS_PRIVATE_EXTERN = NO;
				GCC_WARN_64_TO_32_BIT_CONVERSION = YES;
				GCC_WARN_ABOUT_RETURN_TYPE = YES_ERROR;
				GCC_WARN_UNDECLARED_SELECTOR = YES;
				GCC_WARN_UNINITIALIZED_AUTOS = YES_AGGRESSIVE;
				GCC_WARN_UNUSED_FUNCTION = YES;
				GCC_WARN_UNUSED_VARIABLE = YES;
				IPHONEOS_DEPLOYMENT_TARGET = 8.0;
				MACOSX_DEPLOYMENT_TARGET = 10.10;
				MTL_ENABLE_DEBUG_INFO = YES;
				ONLY_ACTIVE_ARCH = YES;
				SDKROOT = iphoneos;
				SWIFT_OPTIMIZATION_LEVEL = "-Onone";
				TARGETED_DEVICE_FAMILY = "1,2";
				VERSIONING_SYSTEM = "apple-generic";
				VERSION_INFO_PREFIX = "";
			};
			name = Debug;
		};
		96DBB4C51A9D131D0087569F /* Release */ = {
			isa = XCBuildConfiguration;
			buildSettings = {
				ALWAYS_SEARCH_USER_PATHS = NO;
				CLANG_CXX_LANGUAGE_STANDARD = "gnu++0x";
				CLANG_CXX_LIBRARY = "libc++";
				CLANG_ENABLE_MODULES = YES;
				CLANG_ENABLE_OBJC_ARC = YES;
				CLANG_WARN_BOOL_CONVERSION = YES;
				CLANG_WARN_CONSTANT_CONVERSION = YES;
				CLANG_WARN_DIRECT_OBJC_ISA_USAGE = YES_ERROR;
				CLANG_WARN_EMPTY_BODY = YES;
				CLANG_WARN_ENUM_CONVERSION = YES;
				CLANG_WARN_INT_CONVERSION = YES;
				CLANG_WARN_OBJC_ROOT_CLASS = YES_ERROR;
				CLANG_WARN_UNREACHABLE_CODE = YES;
				CLANG_WARN__DUPLICATE_METHOD_MATCH = YES;
				"CODE_SIGN_IDENTITY[sdk=iphoneos*]" = "iPhone Developer";
				COPY_PHASE_STRIP = YES;
				CURRENT_PROJECT_VERSION = 1;
				ENABLE_NS_ASSERTIONS = NO;
				ENABLE_STRICT_OBJC_MSGSEND = YES;
				GCC_C_LANGUAGE_STANDARD = gnu99;
				GCC_WARN_64_TO_32_BIT_CONVERSION = YES;
				GCC_WARN_ABOUT_RETURN_TYPE = YES_ERROR;
				GCC_WARN_UNDECLARED_SELECTOR = YES;
				GCC_WARN_UNINITIALIZED_AUTOS = YES_AGGRESSIVE;
				GCC_WARN_UNUSED_FUNCTION = YES;
				GCC_WARN_UNUSED_VARIABLE = YES;
				IPHONEOS_DEPLOYMENT_TARGET = 8.0;
				MACOSX_DEPLOYMENT_TARGET = 10.10;
				MTL_ENABLE_DEBUG_INFO = NO;
				SDKROOT = iphoneos;
				TARGETED_DEVICE_FAMILY = "1,2";
				VALIDATE_PRODUCT = YES;
				VERSIONING_SYSTEM = "apple-generic";
				VERSION_INFO_PREFIX = "";
			};
			name = Release;
		};
/* End XCBuildConfiguration section */

/* Begin XCConfigurationList section */
		968F38A01AD7392900E963AB /* Build configuration list for PBXNativeTarget "GraphKit iOS" */ = {
			isa = XCConfigurationList;
			buildConfigurations = (
				968F38A11AD7392900E963AB /* Debug */,
				968F38A21AD7392900E963AB /* Release */,
			);
			defaultConfigurationIsVisible = 0;
			defaultConfigurationName = Release;
		};
		968F38A31AD7392900E963AB /* Build configuration list for PBXNativeTarget "GraphKit iOS Tests" */ = {
			isa = XCConfigurationList;
			buildConfigurations = (
				968F38A41AD7392900E963AB /* Debug */,
				968F38A51AD7392900E963AB /* Release */,
			);
			defaultConfigurationIsVisible = 0;
			defaultConfigurationName = Release;
		};
		96C032021AD7306200EE4C63 /* Build configuration list for PBXNativeTarget "GraphKit OSX" */ = {
			isa = XCConfigurationList;
			buildConfigurations = (
				96C032031AD7306200EE4C63 /* Debug */,
				96C032041AD7306200EE4C63 /* Release */,
			);
			defaultConfigurationIsVisible = 0;
			defaultConfigurationName = Release;
		};
		96C032051AD7306200EE4C63 /* Build configuration list for PBXNativeTarget "GraphKit OSX Tests" */ = {
			isa = XCConfigurationList;
			buildConfigurations = (
				96C032061AD7306200EE4C63 /* Debug */,
				96C032071AD7306200EE4C63 /* Release */,
			);
			defaultConfigurationIsVisible = 0;
			defaultConfigurationName = Release;
		};
		96DBB4AA1A9D131D0087569F /* Build configuration list for PBXProject "GraphKit" */ = {
			isa = XCConfigurationList;
			buildConfigurations = (
				96DBB4C41A9D131D0087569F /* Debug */,
				96DBB4C51A9D131D0087569F /* Release */,
			);
			defaultConfigurationIsVisible = 0;
			defaultConfigurationName = Release;
		};
/* End XCConfigurationList section */
	};
	rootObject = 96DBB4A71A9D131D0087569F /* Project object */;
}
