// !$*UTF8*$!
{
	archiveVersion = 1;
	classes = {
	};
	objectVersion = 46;
	objects = {

/* Begin PBXBuildFile section */
		964D151C1C48165F00613737 /* AppDelegate.swift in Sources */ = {isa = PBXBuildFile; fileRef = 964D151B1C48165F00613737 /* AppDelegate.swift */; };
		964D151E1C48165F00613737 /* ViewController.swift in Sources */ = {isa = PBXBuildFile; fileRef = 964D151D1C48165F00613737 /* ViewController.swift */; };
		964D15231C48165F00613737 /* Assets.xcassets in Resources */ = {isa = PBXBuildFile; fileRef = 964D15221C48165F00613737 /* Assets.xcassets */; };
		964D15261C48165F00613737 /* LaunchScreen.storyboard in Resources */ = {isa = PBXBuildFile; fileRef = 964D15241C48165F00613737 /* LaunchScreen.storyboard */; };
		964D15311C4816F400613737 /* Avatar.png in Resources */ = {isa = PBXBuildFile; fileRef = 964D152D1C4816F400613737 /* Avatar.png */; };
		964D15321C4816F400613737 /* ElonMusk.png in Resources */ = {isa = PBXBuildFile; fileRef = 964D152E1C4816F400613737 /* ElonMusk.png */; };
		964D15331C4816F400613737 /* MarkZuckerberg.png in Resources */ = {isa = PBXBuildFile; fileRef = 964D152F1C4816F400613737 /* MarkZuckerberg.png */; };
		964D15341C4816F400613737 /* TimCook.png in Resources */ = {isa = PBXBuildFile; fileRef = 964D15301C4816F400613737 /* TimCook.png */; };
/* End PBXBuildFile section */

/* Begin PBXCopyFilesBuildPhase section */
		964D15381C48177800613737 /* Embed Frameworks */ = {
			isa = PBXCopyFilesBuildPhase;
			buildActionMask = 2147483647;
			dstPath = "";
			dstSubfolderSpec = 10;
			files = (
			);
			name = "Embed Frameworks";
			runOnlyForDeploymentPostprocessing = 0;
		};
/* End PBXCopyFilesBuildPhase section */

/* Begin PBXFileReference section */
		964D15181C48165F00613737 /* Relationship.app */ = {isa = PBXFileReference; explicitFileType = wrapper.application; includeInIndex = 0; path = Relationship.app; sourceTree = BUILT_PRODUCTS_DIR; };
		964D151B1C48165F00613737 /* AppDelegate.swift */ = {isa = PBXFileReference; lastKnownFileType = sourcecode.swift; path = AppDelegate.swift; sourceTree = "<group>"; };
		964D151D1C48165F00613737 /* ViewController.swift */ = {isa = PBXFileReference; lastKnownFileType = sourcecode.swift; path = ViewController.swift; sourceTree = "<group>"; };
		964D15221C48165F00613737 /* Assets.xcassets */ = {isa = PBXFileReference; lastKnownFileType = folder.assetcatalog; path = Assets.xcassets; sourceTree = "<group>"; };
		964D15251C48165F00613737 /* Base */ = {isa = PBXFileReference; lastKnownFileType = file.storyboard; name = Base; path = Base.lproj/LaunchScreen.storyboard; sourceTree = "<group>"; };
		964D15271C48165F00613737 /* Info.plist */ = {isa = PBXFileReference; lastKnownFileType = text.plist.xml; path = Info.plist; sourceTree = "<group>"; };
		964D152D1C4816F400613737 /* Avatar.png */ = {isa = PBXFileReference; lastKnownFileType = image.png; path = Avatar.png; sourceTree = "<group>"; };
		964D152E1C4816F400613737 /* ElonMusk.png */ = {isa = PBXFileReference; lastKnownFileType = image.png; path = ElonMusk.png; sourceTree = "<group>"; };
		964D152F1C4816F400613737 /* MarkZuckerberg.png */ = {isa = PBXFileReference; lastKnownFileType = image.png; path = MarkZuckerberg.png; sourceTree = "<group>"; };
		964D15301C4816F400613737 /* TimCook.png */ = {isa = PBXFileReference; lastKnownFileType = image.png; path = TimCook.png; sourceTree = "<group>"; };
/* End PBXFileReference section */

/* Begin PBXFrameworksBuildPhase section */
		964D15151C48165F00613737 /* Frameworks */ = {
			isa = PBXFrameworksBuildPhase;
			buildActionMask = 2147483647;
			files = (
			);
			runOnlyForDeploymentPostprocessing = 0;
		};
/* End PBXFrameworksBuildPhase section */

/* Begin PBXGroup section */
		964D150F1C48165F00613737 = {
			isa = PBXGroup;
			children = (
				964D151A1C48165F00613737 /* Relationship */,
				964D15191C48165F00613737 /* Products */,
			);
			sourceTree = "<group>";
		};
		964D15191C48165F00613737 /* Products */ = {
			isa = PBXGroup;
			children = (
				964D15181C48165F00613737 /* Relationship.app */,
			);
			name = Products;
			sourceTree = "<group>";
		};
		964D151A1C48165F00613737 /* Relationship */ = {
			isa = PBXGroup;
			children = (
				964D152D1C4816F400613737 /* Avatar.png */,
				964D152E1C4816F400613737 /* ElonMusk.png */,
				964D152F1C4816F400613737 /* MarkZuckerberg.png */,
				964D15301C4816F400613737 /* TimCook.png */,
				964D151B1C48165F00613737 /* AppDelegate.swift */,
				964D151D1C48165F00613737 /* ViewController.swift */,
				964D15221C48165F00613737 /* Assets.xcassets */,
				964D15241C48165F00613737 /* LaunchScreen.storyboard */,
				964D15271C48165F00613737 /* Info.plist */,
			);
			path = Relationship;
			sourceTree = "<group>";
		};
/* End PBXGroup section */

/* Begin PBXNativeTarget section */
		964D15171C48165F00613737 /* Relationship */ = {
			isa = PBXNativeTarget;
			buildConfigurationList = 964D152A1C48165F00613737 /* Build configuration list for PBXNativeTarget "Relationship" */;
			buildPhases = (
				964D15141C48165F00613737 /* Sources */,
				964D15151C48165F00613737 /* Frameworks */,
				964D15161C48165F00613737 /* Resources */,
				964D15381C48177800613737 /* Embed Frameworks */,
			);
			buildRules = (
			);
			dependencies = (
			);
			name = Relationship;
			productName = Relationship;
			productReference = 964D15181C48165F00613737 /* Relationship.app */;
			productType = "com.apple.product-type.application";
		};
/* End PBXNativeTarget section */

/* Begin PBXProject section */
		964D15101C48165F00613737 /* Project object */ = {
			isa = PBXProject;
			attributes = {
				LastSwiftUpdateCheck = 0720;
				LastUpgradeCheck = 0720;
				ORGANIZATIONNAME = "CosmicMind, Inc.";
				TargetAttributes = {
					964D15171C48165F00613737 = {
						CreatedOnToolsVersion = 7.2;
					};
				};
			};
			buildConfigurationList = 964D15131C48165F00613737 /* Build configuration list for PBXProject "Relationship" */;
			compatibilityVersion = "Xcode 3.2";
			developmentRegion = English;
			hasScannedForEncodings = 0;
			knownRegions = (
				en,
				Base,
			);
			mainGroup = 964D150F1C48165F00613737;
			productRefGroup = 964D15191C48165F00613737 /* Products */;
			projectDirPath = "";
			projectRoot = "";
			targets = (
				964D15171C48165F00613737 /* Relationship */,
			);
		};
/* End PBXProject section */

/* Begin PBXResourcesBuildPhase section */
		964D15161C48165F00613737 /* Resources */ = {
			isa = PBXResourcesBuildPhase;
			buildActionMask = 2147483647;
			files = (
				964D15341C4816F400613737 /* TimCook.png in Resources */,
				964D15311C4816F400613737 /* Avatar.png in Resources */,
				964D15261C48165F00613737 /* LaunchScreen.storyboard in Resources */,
				964D15331C4816F400613737 /* MarkZuckerberg.png in Resources */,
				964D15231C48165F00613737 /* Assets.xcassets in Resources */,
				964D15321C4816F400613737 /* ElonMusk.png in Resources */,
			);
			runOnlyForDeploymentPostprocessing = 0;
		};
/* End PBXResourcesBuildPhase section */

/* Begin PBXSourcesBuildPhase section */
		964D15141C48165F00613737 /* Sources */ = {
			isa = PBXSourcesBuildPhase;
			buildActionMask = 2147483647;
			files = (
				964D151E1C48165F00613737 /* ViewController.swift in Sources */,
				964D151C1C48165F00613737 /* AppDelegate.swift in Sources */,
			);
			runOnlyForDeploymentPostprocessing = 0;
		};
/* End PBXSourcesBuildPhase section */

/* Begin PBXVariantGroup section */
		964D15241C48165F00613737 /* LaunchScreen.storyboard */ = {
			isa = PBXVariantGroup;
			children = (
				964D15251C48165F00613737 /* Base */,
			);
			name = LaunchScreen.storyboard;
			sourceTree = "<group>";
		};
/* End PBXVariantGroup section */

/* Begin XCBuildConfiguration section */
		964D15281C48165F00613737 /* Debug */ = {
			isa = XCBuildConfiguration;
			buildSettings = {
				ALWAYS_SEARCH_USER_PATHS = NO;
				CLANG_CXX_LANGUAGE_STANDARD = "gnu++0x";
				CLANG_CXX_LIBRARY = "libc++";
				CLANG_ENABLE_MODULES = YES;
				CLANG_ENABLE_OBJC_ARC = YES;
				CLANG_WARN_BOOL_CONVERSION = YES;
				CLANG_WARN_CONSTANT_CONVERSION = YES;
				CLANG_WARN_DIRECT_OBJC_ISA_USAGE = YES_ERROR;
				CLANG_WARN_EMPTY_BODY = YES;
				CLANG_WARN_ENUM_CONVERSION = YES;
				CLANG_WARN_INT_CONVERSION = YES;
				CLANG_WARN_OBJC_ROOT_CLASS = YES_ERROR;
				CLANG_WARN_UNREACHABLE_CODE = YES;
				CLANG_WARN__DUPLICATE_METHOD_MATCH = YES;
				"CODE_SIGN_IDENTITY[sdk=iphoneos*]" = "iPhone Developer";
				COPY_PHASE_STRIP = NO;
				DEBUG_INFORMATION_FORMAT = dwarf;
				ENABLE_STRICT_OBJC_MSGSEND = YES;
				ENABLE_TESTABILITY = YES;
				GCC_C_LANGUAGE_STANDARD = gnu99;
				GCC_DYNAMIC_NO_PIC = NO;
				GCC_NO_COMMON_BLOCKS = YES;
				GCC_OPTIMIZATION_LEVEL = 0;
				GCC_PREPROCESSOR_DEFINITIONS = (
					"DEBUG=1",
					"$(inherited)",
				);
				GCC_WARN_64_TO_32_BIT_CONVERSION = YES;
				GCC_WARN_ABOUT_RETURN_TYPE = YES_ERROR;
				GCC_WARN_UNDECLARED_SELECTOR = YES;
				GCC_WARN_UNINITIALIZED_AUTOS = YES_AGGRESSIVE;
				GCC_WARN_UNUSED_FUNCTION = YES;
				GCC_WARN_UNUSED_VARIABLE = YES;
				IPHONEOS_DEPLOYMENT_TARGET = 9.2;
				MTL_ENABLE_DEBUG_INFO = YES;
				ONLY_ACTIVE_ARCH = YES;
				SDKROOT = iphoneos;
				SWIFT_OPTIMIZATION_LEVEL = "-Onone";
				TARGETED_DEVICE_FAMILY = "1,2";
			};
			name = Debug;
		};
		964D15291C48165F00613737 /* Release */ = {
			isa = XCBuildConfiguration;
			buildSettings = {
				ALWAYS_SEARCH_USER_PATHS = NO;
				CLANG_CXX_LANGUAGE_STANDARD = "gnu++0x";
				CLANG_CXX_LIBRARY = "libc++";
				CLANG_ENABLE_MODULES = YES;
				CLANG_ENABLE_OBJC_ARC = YES;
				CLANG_WARN_BOOL_CONVERSION = YES;
				CLANG_WARN_CONSTANT_CONVERSION = YES;
				CLANG_WARN_DIRECT_OBJC_ISA_USAGE = YES_ERROR;
				CLANG_WARN_EMPTY_BODY = YES;
				CLANG_WARN_ENUM_CONVERSION = YES;
				CLANG_WARN_INT_CONVERSION = YES;
				CLANG_WARN_OBJC_ROOT_CLASS = YES_ERROR;
				CLANG_WARN_UNREACHABLE_CODE = YES;
				CLANG_WARN__DUPLICATE_METHOD_MATCH = YES;
				"CODE_SIGN_IDENTITY[sdk=iphoneos*]" = "iPhone Developer";
				COPY_PHASE_STRIP = NO;
				DEBUG_INFORMATION_FORMAT = "dwarf-with-dsym";
				ENABLE_NS_ASSERTIONS = NO;
				ENABLE_STRICT_OBJC_MSGSEND = YES;
				GCC_C_LANGUAGE_STANDARD = gnu99;
				GCC_NO_COMMON_BLOCKS = YES;
				GCC_WARN_64_TO_32_BIT_CONVERSION = YES;
				GCC_WARN_ABOUT_RETURN_TYPE = YES_ERROR;
				GCC_WARN_UNDECLARED_SELECTOR = YES;
				GCC_WARN_UNINITIALIZED_AUTOS = YES_AGGRESSIVE;
				GCC_WARN_UNUSED_FUNCTION = YES;
				GCC_WARN_UNUSED_VARIABLE = YES;
				IPHONEOS_DEPLOYMENT_TARGET = 9.2;
				MTL_ENABLE_DEBUG_INFO = NO;
				SDKROOT = iphoneos;
				TARGETED_DEVICE_FAMILY = "1,2";
				VALIDATE_PRODUCT = YES;
			};
			name = Release;
		};
		964D152B1C48165F00613737 /* Debug */ = {
			isa = XCBuildConfiguration;
			buildSettings = {
				ASSETCATALOG_COMPILER_APPICON_NAME = AppIcon;
				INFOPLIST_FILE = Relationship/Info.plist;
				LD_RUNPATH_SEARCH_PATHS = "$(inherited) @executable_path/Frameworks";
				PRODUCT_BUNDLE_IDENTIFIER = io.cosmicmind.Relationship;
				PRODUCT_NAME = "$(TARGET_NAME)";
			};
			name = Debug;
		};
		964D152C1C48165F00613737 /* Release */ = {
			isa = XCBuildConfiguration;
			buildSettings = {
				ASSETCATALOG_COMPILER_APPICON_NAME = AppIcon;
				INFOPLIST_FILE = Relationship/Info.plist;
				LD_RUNPATH_SEARCH_PATHS = "$(inherited) @executable_path/Frameworks";
				PRODUCT_BUNDLE_IDENTIFIER = io.cosmicmind.Relationship;
				PRODUCT_NAME = "$(TARGET_NAME)";
			};
			name = Release;
		};
/* End XCBuildConfiguration section */

/* Begin XCConfigurationList section */
		964D15131C48165F00613737 /* Build configuration list for PBXProject "Relationship" */ = {
			isa = XCConfigurationList;
			buildConfigurations = (
				964D15281C48165F00613737 /* Debug */,
				964D15291C48165F00613737 /* Release */,
			);
			defaultConfigurationIsVisible = 0;
			defaultConfigurationName = Release;
		};
		964D152A1C48165F00613737 /* Build configuration list for PBXNativeTarget "Relationship" */ = {
			isa = XCConfigurationList;
			buildConfigurations = (
				964D152B1C48165F00613737 /* Debug */,
				964D152C1C48165F00613737 /* Release */,
			);
			defaultConfigurationIsVisible = 0;
			defaultConfigurationName = Release;
		};
/* End XCConfigurationList section */
	};
	rootObject = 964D15101C48165F00613737 /* Project object */;
}
