// !$*UTF8*$!
{
	archiveVersion = 1;
	classes = {
	};
	objectVersion = 46;
	objects = {

/* Begin PBXBuildFile section */
		963B63511AAA2EFF00F2D048 /* AppDelegate.swift in Sources */ = {isa = PBXBuildFile; fileRef = 963B63501AAA2EFF00F2D048 /* AppDelegate.swift */; };
		963B635D1AAA2EFF00F2D048 /* Images.xcassets in Resources */ = {isa = PBXBuildFile; fileRef = 963B635C1AAA2EFF00F2D048 /* Images.xcassets */; };
		963B63601AAA2EFF00F2D048 /* LaunchScreen.xib in Resources */ = {isa = PBXBuildFile; fileRef = 963B635E1AAA2EFF00F2D048 /* LaunchScreen.xib */; };
		963B636C1AAA2EFF00F2D048 /* GraphKitListManagerTests.swift in Sources */ = {isa = PBXBuildFile; fileRef = 963B636B1AAA2EFF00F2D048 /* GraphKitListManagerTests.swift */; };
		963B63B81AAA34AD00F2D048 /* ListViewController.swift in Sources */ = {isa = PBXBuildFile; fileRef = 963B63B71AAA34AD00F2D048 /* ListViewController.swift */; };
		963B63BA1AAA438400F2D048 /* ListToolbar.swift in Sources */ = {isa = PBXBuildFile; fileRef = 963B63B91AAA438400F2D048 /* ListToolbar.swift */; };
		963B63BC1AAA480900F2D048 /* ListUIToolbar.swift in Sources */ = {isa = PBXBuildFile; fileRef = 963B63BB1AAA480900F2D048 /* ListUIToolbar.swift */; };
		963B63BE1AAA653F00F2D048 /* ItemViewController.swift in Sources */ = {isa = PBXBuildFile; fileRef = 963B63BD1AAA653F00F2D048 /* ItemViewController.swift */; };
		965F59671AAB4A760028C599 /* GKGraphKit.framework in Frameworks */ = {isa = PBXBuildFile; fileRef = 965F59661AAB4A760028C599 /* GKGraphKit.framework */; };
/* End PBXBuildFile section */

/* Begin PBXContainerItemProxy section */
		963B63661AAA2EFF00F2D048 /* PBXContainerItemProxy */ = {
			isa = PBXContainerItemProxy;
			containerPortal = 963B63431AAA2EFF00F2D048 /* Project object */;
			proxyType = 1;
			remoteGlobalIDString = 963B634A1AAA2EFF00F2D048;
			remoteInfo = GraphKitListManager;
		};
/* End PBXContainerItemProxy section */

/* Begin PBXFileReference section */
		963B634B1AAA2EFF00F2D048 /* GraphKitListManager.app */ = {isa = PBXFileReference; explicitFileType = wrapper.application; includeInIndex = 0; path = GraphKitListManager.app; sourceTree = BUILT_PRODUCTS_DIR; };
		963B634F1AAA2EFF00F2D048 /* Info.plist */ = {isa = PBXFileReference; lastKnownFileType = text.plist.xml; path = Info.plist; sourceTree = "<group>"; };
		963B63501AAA2EFF00F2D048 /* AppDelegate.swift */ = {isa = PBXFileReference; lastKnownFileType = sourcecode.swift; path = AppDelegate.swift; sourceTree = "<group>"; };
		963B635C1AAA2EFF00F2D048 /* Images.xcassets */ = {isa = PBXFileReference; lastKnownFileType = folder.assetcatalog; path = Images.xcassets; sourceTree = "<group>"; };
		963B635F1AAA2EFF00F2D048 /* Base */ = {isa = PBXFileReference; lastKnownFileType = file.xib; name = Base; path = Base.lproj/LaunchScreen.xib; sourceTree = "<group>"; };
		963B63651AAA2EFF00F2D048 /* GraphKitListManagerTests.xctest */ = {isa = PBXFileReference; explicitFileType = wrapper.cfbundle; includeInIndex = 0; path = GraphKitListManagerTests.xctest; sourceTree = BUILT_PRODUCTS_DIR; };
		963B636A1AAA2EFF00F2D048 /* Info.plist */ = {isa = PBXFileReference; lastKnownFileType = text.plist.xml; path = Info.plist; sourceTree = "<group>"; };
		963B636B1AAA2EFF00F2D048 /* GraphKitListManagerTests.swift */ = {isa = PBXFileReference; lastKnownFileType = sourcecode.swift; path = GraphKitListManagerTests.swift; sourceTree = "<group>"; };
		963B63B71AAA34AD00F2D048 /* ListViewController.swift */ = {isa = PBXFileReference; fileEncoding = 4; lastKnownFileType = sourcecode.swift; path = ListViewController.swift; sourceTree = "<group>"; };
		963B63B91AAA438400F2D048 /* ListToolbar.swift */ = {isa = PBXFileReference; fileEncoding = 4; lastKnownFileType = sourcecode.swift; path = ListToolbar.swift; sourceTree = "<group>"; };
		963B63BB1AAA480900F2D048 /* ListUIToolbar.swift */ = {isa = PBXFileReference; fileEncoding = 4; lastKnownFileType = sourcecode.swift; path = ListUIToolbar.swift; sourceTree = "<group>"; };
		963B63BD1AAA653F00F2D048 /* ItemViewController.swift */ = {isa = PBXFileReference; fileEncoding = 4; lastKnownFileType = sourcecode.swift; path = ItemViewController.swift; sourceTree = "<group>"; };
		965F59661AAB4A760028C599 /* GKGraphKit.framework */ = {isa = PBXFileReference; lastKnownFileType = wrapper.framework; name = GKGraphKit.framework; path = "../../build/Debug-iphoneos/GKGraphKit.framework"; sourceTree = "<group>"; };
/* End PBXFileReference section */

/* Begin PBXFrameworksBuildPhase section */
		963B63481AAA2EFF00F2D048 /* Frameworks */ = {
			isa = PBXFrameworksBuildPhase;
			buildActionMask = 2147483647;
			files = (
				965F59671AAB4A760028C599 /* GKGraphKit.framework in Frameworks */,
			);
			runOnlyForDeploymentPostprocessing = 0;
		};
		963B63621AAA2EFF00F2D048 /* Frameworks */ = {
			isa = PBXFrameworksBuildPhase;
			buildActionMask = 2147483647;
			files = (
			);
			runOnlyForDeploymentPostprocessing = 0;
		};
/* End PBXFrameworksBuildPhase section */

/* Begin PBXGroup section */
		963B63421AAA2EFF00F2D048 = {
			isa = PBXGroup;
			children = (
				965F59661AAB4A760028C599 /* GKGraphKit.framework */,
				963B634D1AAA2EFF00F2D048 /* GraphKitListManager */,
				963B63681AAA2EFF00F2D048 /* GraphKitListManagerTests */,
				963B634C1AAA2EFF00F2D048 /* Products */,
			);
			sourceTree = "<group>";
		};
		963B634C1AAA2EFF00F2D048 /* Products */ = {
			isa = PBXGroup;
			children = (
				963B634B1AAA2EFF00F2D048 /* GraphKitListManager.app */,
				963B63651AAA2EFF00F2D048 /* GraphKitListManagerTests.xctest */,
			);
			name = Products;
			sourceTree = "<group>";
		};
		963B634D1AAA2EFF00F2D048 /* GraphKitListManager */ = {
			isa = PBXGroup;
			children = (
				963B634E1AAA2EFF00F2D048 /* Supporting Files */,
				963B635C1AAA2EFF00F2D048 /* Images.xcassets */,
				963B63501AAA2EFF00F2D048 /* AppDelegate.swift */,
				963B63B71AAA34AD00F2D048 /* ListViewController.swift */,
				963B635E1AAA2EFF00F2D048 /* LaunchScreen.xib */,
				963B63B91AAA438400F2D048 /* ListToolbar.swift */,
				963B63BB1AAA480900F2D048 /* ListUIToolbar.swift */,
				963B63BD1AAA653F00F2D048 /* ItemViewController.swift */,
			);
			path = GraphKitListManager;
			sourceTree = "<group>";
		};
		963B634E1AAA2EFF00F2D048 /* Supporting Files */ = {
			isa = PBXGroup;
			children = (
				963B634F1AAA2EFF00F2D048 /* Info.plist */,
			);
			name = "Supporting Files";
			sourceTree = "<group>";
		};
		963B63681AAA2EFF00F2D048 /* GraphKitListManagerTests */ = {
			isa = PBXGroup;
			children = (
				963B636B1AAA2EFF00F2D048 /* GraphKitListManagerTests.swift */,
				963B63691AAA2EFF00F2D048 /* Supporting Files */,
			);
			path = GraphKitListManagerTests;
			sourceTree = "<group>";
		};
		963B63691AAA2EFF00F2D048 /* Supporting Files */ = {
			isa = PBXGroup;
			children = (
				963B636A1AAA2EFF00F2D048 /* Info.plist */,
			);
			name = "Supporting Files";
			sourceTree = "<group>";
		};
/* End PBXGroup section */

/* Begin PBXNativeTarget section */
		963B634A1AAA2EFF00F2D048 /* GraphKitListManager */ = {
			isa = PBXNativeTarget;
			buildConfigurationList = 963B636F1AAA2EFF00F2D048 /* Build configuration list for PBXNativeTarget "GraphKitListManager" */;
			buildPhases = (
				963B63471AAA2EFF00F2D048 /* Sources */,
				963B63481AAA2EFF00F2D048 /* Frameworks */,
				963B63491AAA2EFF00F2D048 /* Resources */,
			);
			buildRules = (
			);
			dependencies = (
			);
			name = GraphKitListManager;
			productName = GraphKitListManager;
			productReference = 963B634B1AAA2EFF00F2D048 /* GraphKitListManager.app */;
			productType = "com.apple.product-type.application";
		};
		963B63641AAA2EFF00F2D048 /* GraphKitListManagerTests */ = {
			isa = PBXNativeTarget;
			buildConfigurationList = 963B63721AAA2EFF00F2D048 /* Build configuration list for PBXNativeTarget "GraphKitListManagerTests" */;
			buildPhases = (
				963B63611AAA2EFF00F2D048 /* Sources */,
				963B63621AAA2EFF00F2D048 /* Frameworks */,
				963B63631AAA2EFF00F2D048 /* Resources */,
			);
			buildRules = (
			);
			dependencies = (
				963B63671AAA2EFF00F2D048 /* PBXTargetDependency */,
			);
			name = GraphKitListManagerTests;
			productName = GraphKitListManagerTests;
			productReference = 963B63651AAA2EFF00F2D048 /* GraphKitListManagerTests.xctest */;
			productType = "com.apple.product-type.bundle.unit-test";
		};
/* End PBXNativeTarget section */

/* Begin PBXProject section */
		963B63431AAA2EFF00F2D048 /* Project object */ = {
			isa = PBXProject;
			attributes = {
				LastUpgradeCheck = 0610;
				ORGANIZATIONNAME = "GraphKit, Inc.";
				TargetAttributes = {
					963B634A1AAA2EFF00F2D048 = {
						CreatedOnToolsVersion = 6.1.1;
					};
					963B63641AAA2EFF00F2D048 = {
						CreatedOnToolsVersion = 6.1.1;
						TestTargetID = 963B634A1AAA2EFF00F2D048;
					};
				};
			};
			buildConfigurationList = 963B63461AAA2EFF00F2D048 /* Build configuration list for PBXProject "GraphKitListManager" */;
			compatibilityVersion = "Xcode 3.2";
			developmentRegion = English;
			hasScannedForEncodings = 0;
			knownRegions = (
				en,
				Base,
			);
			mainGroup = 963B63421AAA2EFF00F2D048;
			productRefGroup = 963B634C1AAA2EFF00F2D048 /* Products */;
			projectDirPath = "";
			projectRoot = "";
			targets = (
				963B634A1AAA2EFF00F2D048 /* GraphKitListManager */,
				963B63641AAA2EFF00F2D048 /* GraphKitListManagerTests */,
			);
		};
/* End PBXProject section */

/* Begin PBXResourcesBuildPhase section */
		963B63491AAA2EFF00F2D048 /* Resources */ = {
			isa = PBXResourcesBuildPhase;
			buildActionMask = 2147483647;
			files = (
				963B63601AAA2EFF00F2D048 /* LaunchScreen.xib in Resources */,
				963B635D1AAA2EFF00F2D048 /* Images.xcassets in Resources */,
			);
			runOnlyForDeploymentPostprocessing = 0;
		};
		963B63631AAA2EFF00F2D048 /* Resources */ = {
			isa = PBXResourcesBuildPhase;
			buildActionMask = 2147483647;
			files = (
			);
			runOnlyForDeploymentPostprocessing = 0;
		};
/* End PBXResourcesBuildPhase section */

/* Begin PBXSourcesBuildPhase section */
		963B63471AAA2EFF00F2D048 /* Sources */ = {
			isa = PBXSourcesBuildPhase;
			buildActionMask = 2147483647;
			files = (
				963B63B81AAA34AD00F2D048 /* ListViewController.swift in Sources */,
				963B63BA1AAA438400F2D048 /* ListToolbar.swift in Sources */,
				963B63BE1AAA653F00F2D048 /* ItemViewController.swift in Sources */,
				963B63511AAA2EFF00F2D048 /* AppDelegate.swift in Sources */,
				963B63BC1AAA480900F2D048 /* ListUIToolbar.swift in Sources */,
			);
			runOnlyForDeploymentPostprocessing = 0;
		};
		963B63611AAA2EFF00F2D048 /* Sources */ = {
			isa = PBXSourcesBuildPhase;
			buildActionMask = 2147483647;
			files = (
				963B636C1AAA2EFF00F2D048 /* GraphKitListManagerTests.swift in Sources */,
			);
			runOnlyForDeploymentPostprocessing = 0;
		};
/* End PBXSourcesBuildPhase section */

/* Begin PBXTargetDependency section */
		963B63671AAA2EFF00F2D048 /* PBXTargetDependency */ = {
			isa = PBXTargetDependency;
			target = 963B634A1AAA2EFF00F2D048 /* GraphKitListManager */;
			targetProxy = 963B63661AAA2EFF00F2D048 /* PBXContainerItemProxy */;
		};
/* End PBXTargetDependency section */

/* Begin PBXVariantGroup section */
		963B635E1AAA2EFF00F2D048 /* LaunchScreen.xib */ = {
			isa = PBXVariantGroup;
			children = (
				963B635F1AAA2EFF00F2D048 /* Base */,
			);
			name = LaunchScreen.xib;
			sourceTree = "<group>";
		};
/* End PBXVariantGroup section */

/* Begin XCBuildConfiguration section */
		963B636D1AAA2EFF00F2D048 /* Debug */ = {
			isa = XCBuildConfiguration;
			buildSettings = {
				ALWAYS_SEARCH_USER_PATHS = NO;
				CLANG_CXX_LANGUAGE_STANDARD = "gnu++0x";
				CLANG_CXX_LIBRARY = "libc++";
				CLANG_ENABLE_MODULES = YES;
				CLANG_ENABLE_OBJC_ARC = YES;
				CLANG_WARN_BOOL_CONVERSION = YES;
				CLANG_WARN_CONSTANT_CONVERSION = YES;
				CLANG_WARN_DIRECT_OBJC_ISA_USAGE = YES_ERROR;
				CLANG_WARN_EMPTY_BODY = YES;
				CLANG_WARN_ENUM_CONVERSION = YES;
				CLANG_WARN_INT_CONVERSION = YES;
				CLANG_WARN_OBJC_ROOT_CLASS = YES_ERROR;
				CLANG_WARN_UNREACHABLE_CODE = YES;
				CLANG_WARN__DUPLICATE_METHOD_MATCH = YES;
				"CODE_SIGN_IDENTITY[sdk=iphoneos*]" = "iPhone Developer";
				COPY_PHASE_STRIP = NO;
				ENABLE_STRICT_OBJC_MSGSEND = YES;
				GCC_C_LANGUAGE_STANDARD = gnu99;
				GCC_DYNAMIC_NO_PIC = NO;
				GCC_OPTIMIZATION_LEVEL = 0;
				GCC_PREPROCESSOR_DEFINITIONS = (
					"DEBUG=1",
					"$(inherited)",
				);
				GCC_SYMBOLS_PRIVATE_EXTERN = NO;
				GCC_WARN_64_TO_32_BIT_CONVERSION = YES;
				GCC_WARN_ABOUT_RETURN_TYPE = YES_ERROR;
				GCC_WARN_UNDECLARED_SELECTOR = YES;
				GCC_WARN_UNINITIALIZED_AUTOS = YES_AGGRESSIVE;
				GCC_WARN_UNUSED_FUNCTION = YES;
				GCC_WARN_UNUSED_VARIABLE = YES;
				IPHONEOS_DEPLOYMENT_TARGET = 8.0;
				MTL_ENABLE_DEBUG_INFO = YES;
				ONLY_ACTIVE_ARCH = YES;
				SDKROOT = iphoneos;
				SWIFT_OPTIMIZATION_LEVEL = "-Onone";
				TARGETED_DEVICE_FAMILY = "1,2";
			};
			name = Debug;
		};
		963B636E1AAA2EFF00F2D048 /* Release */ = {
			isa = XCBuildConfiguration;
			buildSettings = {
				ALWAYS_SEARCH_USER_PATHS = NO;
				CLANG_CXX_LANGUAGE_STANDARD = "gnu++0x";
				CLANG_CXX_LIBRARY = "libc++";
				CLANG_ENABLE_MODULES = YES;
				CLANG_ENABLE_OBJC_ARC = YES;
				CLANG_WARN_BOOL_CONVERSION = YES;
				CLANG_WARN_CONSTANT_CONVERSION = YES;
				CLANG_WARN_DIRECT_OBJC_ISA_USAGE = YES_ERROR;
				CLANG_WARN_EMPTY_BODY = YES;
				CLANG_WARN_ENUM_CONVERSION = YES;
				CLANG_WARN_INT_CONVERSION = YES;
				CLANG_WARN_OBJC_ROOT_CLASS = YES_ERROR;
				CLANG_WARN_UNREACHABLE_CODE = YES;
				CLANG_WARN__DUPLICATE_METHOD_MATCH = YES;
				"CODE_SIGN_IDENTITY[sdk=iphoneos*]" = "iPhone Developer";
				COPY_PHASE_STRIP = YES;
				ENABLE_NS_ASSERTIONS = NO;
				ENABLE_STRICT_OBJC_MSGSEND = YES;
				GCC_C_LANGUAGE_STANDARD = gnu99;
				GCC_WARN_64_TO_32_BIT_CONVERSION = YES;
				GCC_WARN_ABOUT_RETURN_TYPE = YES_ERROR;
				GCC_WARN_UNDECLARED_SELECTOR = YES;
				GCC_WARN_UNINITIALIZED_AUTOS = YES_AGGRESSIVE;
				GCC_WARN_UNUSED_FUNCTION = YES;
				GCC_WARN_UNUSED_VARIABLE = YES;
				IPHONEOS_DEPLOYMENT_TARGET = 8.0;
				MTL_ENABLE_DEBUG_INFO = NO;
				SDKROOT = iphoneos;
				TARGETED_DEVICE_FAMILY = "1,2";
				VALIDATE_PRODUCT = YES;
			};
			name = Release;
		};
		963B63701AAA2EFF00F2D048 /* Debug */ = {
			isa = XCBuildConfiguration;
			buildSettings = {
				ASSETCATALOG_COMPILER_APPICON_NAME = AppIcon;
				FRAMEWORK_SEARCH_PATHS = (
					"$(inherited)",
					"/Users/danieldahan/Dropbox/GraphKit/Technology/Repositories/gkgraphkit/build/Debug-iphoneos",
				);
				INFOPLIST_FILE = GraphKitListManager/Info.plist;
				IPHONEOS_DEPLOYMENT_TARGET = 8.0;
				LD_RUNPATH_SEARCH_PATHS = "$(inherited) @executable_path/Frameworks";
				PRODUCT_NAME = "$(TARGET_NAME)";
			};
			name = Debug;
		};
		963B63711AAA2EFF00F2D048 /* Release */ = {
			isa = XCBuildConfiguration;
			buildSettings = {
				ASSETCATALOG_COMPILER_APPICON_NAME = AppIcon;
				FRAMEWORK_SEARCH_PATHS = (
					"$(inherited)",
					"/Users/danieldahan/Dropbox/GraphKit/Technology/Repositories/gkgraphkit/build/Debug-iphoneos",
				);
				INFOPLIST_FILE = GraphKitListManager/Info.plist;
				IPHONEOS_DEPLOYMENT_TARGET = 8.0;
				LD_RUNPATH_SEARCH_PATHS = "$(inherited) @executable_path/Frameworks";
				PRODUCT_NAME = "$(TARGET_NAME)";
			};
			name = Release;
		};
		963B63731AAA2EFF00F2D048 /* Debug */ = {
			isa = XCBuildConfiguration;
			buildSettings = {
				BUNDLE_LOADER = "$(TEST_HOST)";
				FRAMEWORK_SEARCH_PATHS = (
					"$(SDKROOT)/Developer/Library/Frameworks",
					"$(inherited)",
				);
				GCC_PREPROCESSOR_DEFINITIONS = (
					"DEBUG=1",
					"$(inherited)",
				);
				INFOPLIST_FILE = GraphKitListManagerTests/Info.plist;
				LD_RUNPATH_SEARCH_PATHS = "$(inherited) @executable_path/Frameworks @loader_path/Frameworks";
				PRODUCT_NAME = "$(TARGET_NAME)";
				TEST_HOST = "$(BUILT_PRODUCTS_DIR)/GraphKitListManager.app/GraphKitListManager";
			};
			name = Debug;
		};
		963B63741AAA2EFF00F2D048 /* Release */ = {
			isa = XCBuildConfiguration;
			buildSettings = {
				BUNDLE_LOADER = "$(TEST_HOST)";
				FRAMEWORK_SEARCH_PATHS = (
					"$(SDKROOT)/Developer/Library/Frameworks",
					"$(inherited)",
				);
				INFOPLIST_FILE = GraphKitListManagerTests/Info.plist;
				LD_RUNPATH_SEARCH_PATHS = "$(inherited) @executable_path/Frameworks @loader_path/Frameworks";
				PRODUCT_NAME = "$(TARGET_NAME)";
				TEST_HOST = "$(BUILT_PRODUCTS_DIR)/GraphKitListManager.app/GraphKitListManager";
			};
			name = Release;
		};
/* End XCBuildConfiguration section */

/* Begin XCConfigurationList section */
		963B63461AAA2EFF00F2D048 /* Build configuration list for PBXProject "GraphKitListManager" */ = {
			isa = XCConfigurationList;
			buildConfigurations = (
				963B636D1AAA2EFF00F2D048 /* Debug */,
				963B636E1AAA2EFF00F2D048 /* Release */,
			);
			defaultConfigurationIsVisible = 0;
			defaultConfigurationName = Release;
		};
		963B636F1AAA2EFF00F2D048 /* Build configuration list for PBXNativeTarget "GraphKitListManager" */ = {
			isa = XCConfigurationList;
			buildConfigurations = (
				963B63701AAA2EFF00F2D048 /* Debug */,
				963B63711AAA2EFF00F2D048 /* Release */,
			);
			defaultConfigurationIsVisible = 0;
			defaultConfigurationName = Release;
		};
		963B63721AAA2EFF00F2D048 /* Build configuration list for PBXNativeTarget "GraphKitListManagerTests" */ = {
			isa = XCConfigurationList;
			buildConfigurations = (
				963B63731AAA2EFF00F2D048 /* Debug */,
				963B63741AAA2EFF00F2D048 /* Release */,
			);
			defaultConfigurationIsVisible = 0;
			defaultConfigurationName = Release;
		};
/* End XCConfigurationList section */
	};
	rootObject = 963B63431AAA2EFF00F2D048 /* Project object */;
}
